
Microsoft Visual Studio Solution File, Format Version 12.00
# Visual Studio 2013
VisualStudioVersion = 12.0.21005.1
MinimumVisualStudioVersion = 10.0.40219.1
Project("{FAE04EC0-301F-11D3-BF4B-00C04F79EFBC}") = "XmlDocToMarkdown", "XmlDocToMarkdown\XmlDocToMarkdown.csproj", "{0015DFAC-F3B7-4005-9CDE-DE6F3C85B6BB}"
EndProject
Project("{FAE04EC0-301F-11D3-BF4B-00C04F79EFBC}") = "DocumentationTestLibrary", "DocumentationTestLibrary\DocumentationTestLibrary.csproj", "{09F6C2B0-45AA-4AA2-955C-E8E2DCDF8F40}"
EndProject
Global
	GlobalSection(SolutionConfigurationPlatforms) = preSolution
		Debug|Any CPU = Debug|Any CPU
		Release|Any CPU = Release|Any CPU
	EndGlobalSection
	GlobalSection(ProjectConfigurationPlatforms) = postSolution
		{0015DFAC-F3B7-4005-9CDE-DE6F3C85B6BB}.Debug|Any CPU.ActiveCfg = Debug|Any CPU
		{0015DFAC-F3B7-4005-9CDE-DE6F3C85B6BB}.Debug|Any CPU.Build.0 = Debug|Any CPU
		{0015DFAC-F3B7-4005-9CDE-DE6F3C85B6BB}.Release|Any CPU.ActiveCfg = Release|Any CPU
		{0015DFAC-F3B7-4005-9CDE-DE6F3C85B6BB}.Release|Any CPU.Build.0 = Release|Any CPU
		{09F6C2B0-45AA-4AA2-955C-E8E2DCDF8F40}.Debug|Any CPU.ActiveCfg = Debug|Any CPU
		{09F6C2B0-45AA-4AA2-955C-E8E2DCDF8F40}.Debug|Any CPU.Build.0 = Debug|Any CPU
		{09F6C2B0-45AA-4AA2-955C-E8E2DCDF8F40}.Release|Any CPU.ActiveCfg = Release|Any CPU
		{09F6C2B0-45AA-4AA2-955C-E8E2DCDF8F40}.Release|Any CPU.Build.0 = Release|Any CPU
	EndGlobalSection
	GlobalSection(SolutionProperties) = preSolution
		HideSolutionNode = FALSE
	EndGlobalSection
EndGlobal
