
Microsoft Visual Studio Solution File, Format Version 12.00
# Visual Studio 2012
Project("{FAE04EC0-301F-11D3-BF4B-00C04F79EFBC}") = "MemoryUsageLogger", "MemoryUsageLogger.csproj", "{EFDFC8CF-5F7B-41FC-835C-21D23791667E}"
EndProject
Global
	GlobalSection(SolutionConfigurationPlatforms) = preSolution
		Debug|Any CPU = Debug|Any CPU
		Debug|x64 = Debug|x64
		Release|Any CPU = Release|Any CPU
		Release|x64 = Release|x64
	EndGlobalSection
	GlobalSection(ProjectConfigurationPlatforms) = postSolution
		{EFDFC8CF-5F7B-41FC-835C-21D23791667E}.Debug|Any CPU.ActiveCfg = Debug|Any CPU
		{EFDFC8CF-5F7B-41FC-835C-21D23791667E}.Debug|Any CPU.Build.0 = Debug|Any CPU
		{EFDFC8CF-5F7B-41FC-835C-21D23791667E}.Debug|x64.ActiveCfg = Debug|x64
		{EFDFC8CF-5F7B-41FC-835C-21D23791667E}.Debug|x64.Build.0 = Debug|x64
		{EFDFC8CF-5F7B-41FC-835C-21D23791667E}.Release|Any CPU.ActiveCfg = Release|Any CPU
		{EFDFC8CF-5F7B-41FC-835C-21D23791667E}.Release|Any CPU.Build.0 = Release|Any CPU
		{EFDFC8CF-5F7B-41FC-835C-21D23791667E}.Release|x64.ActiveCfg = Release|x64
		{EFDFC8CF-5F7B-41FC-835C-21D23791667E}.Release|x64.Build.0 = Release|x64
	EndGlobalSection
	GlobalSection(SolutionProperties) = preSolution
		HideSolutionNode = FALSE
	EndGlobalSection
EndGlobal
