
Microsoft Visual Studio Solution File, Format Version 12.00
# Visual Studio 2012
Project("{FAE04EC0-301F-11D3-BF4B-00C04F79EFBC}") = "DynamoCrypto", "DynamoCrypto\DynamoCrypto.csproj", "{96643E77-C786-498C-AAA9-80E449854CE9}"
EndProject
Project("{FAE04EC0-301F-11D3-BF4B-00C04F79EFBC}") = "SignDynamo", "SignDynamo\SignDynamo.csproj", "{A84E15A2-6735-4575-A1DA-7C64AF7582B1}"
EndProject
Project("{FAE04EC0-301F-11D3-BF4B-00C04F79EFBC}") = "InstallCert", "InstallCert\InstallCert.csproj", "{4F9EF46A-9219-468D-A3F5-CA51C5C2FEE4}"
EndProject
Global
	GlobalSection(SolutionConfigurationPlatforms) = preSolution
		Debug|Any CPU = Debug|Any CPU
		Release|Any CPU = Release|Any CPU
	EndGlobalSection
	GlobalSection(ProjectConfigurationPlatforms) = postSolution
		{96643E77-C786-498C-AAA9-80E449854CE9}.Debug|Any CPU.ActiveCfg = Debug|Any CPU
		{96643E77-C786-498C-AAA9-80E449854CE9}.Debug|Any CPU.Build.0 = Debug|Any CPU
		{96643E77-C786-498C-AAA9-80E449854CE9}.Release|Any CPU.ActiveCfg = Release|Any CPU
		{96643E77-C786-498C-AAA9-80E449854CE9}.Release|Any CPU.Build.0 = Release|Any CPU
		{A84E15A2-6735-4575-A1DA-7C64AF7582B1}.Debug|Any CPU.ActiveCfg = Debug|Any CPU
		{A84E15A2-6735-4575-A1DA-7C64AF7582B1}.Debug|Any CPU.Build.0 = Debug|Any CPU
		{A84E15A2-6735-4575-A1DA-7C64AF7582B1}.Release|Any CPU.ActiveCfg = Release|Any CPU
		{A84E15A2-6735-4575-A1DA-7C64AF7582B1}.Release|Any CPU.Build.0 = Release|Any CPU
		{4F9EF46A-9219-468D-A3F5-CA51C5C2FEE4}.Debug|Any CPU.ActiveCfg = Debug|Any CPU
		{4F9EF46A-9219-468D-A3F5-CA51C5C2FEE4}.Debug|Any CPU.Build.0 = Debug|Any CPU
		{4F9EF46A-9219-468D-A3F5-CA51C5C2FEE4}.Release|Any CPU.ActiveCfg = Release|Any CPU
		{4F9EF46A-9219-468D-A3F5-CA51C5C2FEE4}.Release|Any CPU.Build.0 = Release|Any CPU
	EndGlobalSection
	GlobalSection(SolutionProperties) = preSolution
		HideSolutionNode = FALSE
	EndGlobalSection
EndGlobal
