
Microsoft Visual Studio Solution File, Format Version 12.00
# Visual Studio Version 16
VisualStudioVersion = 16.0.29806.167
MinimumVisualStudioVersion = 10.0.40219.1
Project("{FAE04EC0-301F-11D3-BF4B-00C04F79EFBC}") = "DynamoConversions", "Libraries\DynamoConversions\DynamoConversions.csproj", "{C5ADC05B-34E8-47BF-8E78-9C7BF96418C2}"
EndProject
Project("{FAE04EC0-301F-11D3-BF4B-00C04F79EFBC}") = "DynamoCore", "DynamoCore\DynamoCore.csproj", "{7858FA8C-475F-4B8E-B468-1F8200778CF8}"
	ProjectSection(ProjectDependencies) = postProject
		{133FC760-5699-46D9-BEA6-E816B5F01016} = {133FC760-5699-46D9-BEA6-E816B5F01016}
	EndProjectSection
EndProject
Project("{2150E333-8FDC-42A3-9474-1A3956D46DE8}") = "Engine", "Engine", "{A6533823-A64A-441C-B7A2-7B2772F87002}"
EndProject
Project("{FAE04EC0-301F-11D3-BF4B-00C04F79EFBC}") = "ProtoAssociative", "Engine\ProtoAssociative\ProtoAssociative.csproj", "{7318D5E5-9D15-4ABE-8A51-92F58D4F0B85}"
EndProject
Project("{FAE04EC0-301F-11D3-BF4B-00C04F79EFBC}") = "ProtoCore", "Engine\ProtoCore\ProtoCore.csproj", "{7A9E0314-966F-4584-BAA3-7339CBB849D1}"
	ProjectSection(ProjectDependencies) = postProject
		{133FC760-5699-46D9-BEA6-E816B5F01016} = {133FC760-5699-46D9-BEA6-E816B5F01016}
	EndProjectSection
EndProject
Project("{FAE04EC0-301F-11D3-BF4B-00C04F79EFBC}") = "ProtoImperative", "Engine\ProtoImperative\ProtoImperative.csproj", "{0D3D43DC-BD7E-46F0-93F7-1C6A6CC79948}"
EndProject
Project("{FAE04EC0-301F-11D3-BF4B-00C04F79EFBC}") = "ProtoScript", "Engine\ProtoScript\ProtoScript.csproj", "{A4794476-7D0E-41C0-AD83-4AB929C0A46C}"
EndProject
Project("{2150E333-8FDC-42A3-9474-1A3956D46DE8}") = "Libraries", "Libraries", "{FA7BE306-A3B0-45FA-9D87-0C69E6932C13}"
EndProject
Project("{FAE04EC0-301F-11D3-BF4B-00C04F79EFBC}") = "CoreNodes", "Libraries\CoreNodes\CoreNodes.csproj", "{87550B2B-6CB8-461E-8965-DFAFE3AAFB5C}"
	ProjectSection(ProjectDependencies) = postProject
		{133FC760-5699-46D9-BEA6-E816B5F01016} = {133FC760-5699-46D9-BEA6-E816B5F01016}
	EndProjectSection
EndProject
Project("{FAE04EC0-301F-11D3-BF4B-00C04F79EFBC}") = "CoreNodeModels", "Libraries\CoreNodeModels\CoreNodeModels.csproj", "{D8262D40-4880-41E4-91E4-AF8F480C8637}"
	ProjectSection(ProjectDependencies) = postProject
		{C5ADC05B-34E8-47BF-8E78-9C7BF96418C2} = {C5ADC05B-34E8-47BF-8E78-9C7BF96418C2}
	EndProjectSection
EndProject
Project("{FAE04EC0-301F-11D3-BF4B-00C04F79EFBC}") = "DynamoServices", "NodeServices\DynamoServices.csproj", "{EF879A10-041D-4C68-83E7-3192685F1BAE}"
	ProjectSection(ProjectDependencies) = postProject
		{133FC760-5699-46D9-BEA6-E816B5F01016} = {133FC760-5699-46D9-BEA6-E816B5F01016}
	EndProjectSection
EndProject
Project("{FAE04EC0-301F-11D3-BF4B-00C04F79EFBC}") = "DynamoUtilities", "DynamoUtilities\DynamoUtilities.csproj", "{B5F435CB-0D8A-40B1-A4F7-5ECB3CE792A9}"
	ProjectSection(ProjectDependencies) = postProject
		{133FC760-5699-46D9-BEA6-E816B5F01016} = {133FC760-5699-46D9-BEA6-E816B5F01016}
	EndProjectSection
EndProject
Project("{2150E333-8FDC-42A3-9474-1A3956D46DE8}") = "Tests", "Tests", "{F4D44BC0-32CF-4E58-AD2A-F19CE1450B00}"
EndProject
Project("{2150E333-8FDC-42A3-9474-1A3956D46DE8}") = "Engine", "Engine", "{0355EB79-6961-4B8A-8F66-035D4EC0C9FE}"
EndProject
Project("{FAE04EC0-301F-11D3-BF4B-00C04F79EFBC}") = "ProtoTest", "..\test\Engine\ProtoTest\ProtoTest.csproj", "{6E1177DB-5E4F-4E2E-82E7-902437E56AED}"
EndProject
Project("{FAE04EC0-301F-11D3-BF4B-00C04F79EFBC}") = "ProtoTestFx", "..\test\Engine\ProtoTestFx\ProtoTestFx.csproj", "{2235F7CA-AB25-4177-92BC-4B574D2D5DF6}"
EndProject
Project("{2150E333-8FDC-42A3-9474-1A3956D46DE8}") = "Core", "Core", "{24A1EF6B-5A24-4536-B8BD-C879ABA26389}"
EndProject
Project("{2150E333-8FDC-42A3-9474-1A3956D46DE8}") = "Libraries", "Libraries", "{0E492D35-2310-4849-9694-A2A53C09F21B}"
EndProject
Project("{FAE04EC0-301F-11D3-BF4B-00C04F79EFBC}") = "DSIronPython", "Libraries\DSIronPython\DSIronPython.csproj", "{9EEF4F42-6B3B-4358-9A8A-C2701539A822}"
	ProjectSection(ProjectDependencies) = postProject
		{133FC760-5699-46D9-BEA6-E816B5F01016} = {133FC760-5699-46D9-BEA6-E816B5F01016}
	EndProjectSection
EndProject
Project("{FAE04EC0-301F-11D3-BF4B-00C04F79EFBC}") = "FFITarget", "..\test\Engine\FFITarget\FFITarget.csproj", "{C70FE632-5500-4C57-B3D6-9B5574137551}"
	ProjectSection(ProjectDependencies) = postProject
		{133FC760-5699-46D9-BEA6-E816B5F01016} = {133FC760-5699-46D9-BEA6-E816B5F01016}
	EndProjectSection
EndProject
Project("{2150E333-8FDC-42A3-9474-1A3956D46DE8}") = "System", "System", "{88A44558-9148-4F1C-876B-46472793F3D6}"
EndProject
Project("{FAE04EC0-301F-11D3-BF4B-00C04F79EFBC}") = "Python", "Libraries\DynamoPython\Python.csproj", "{2B0F2800-6F62-4869-9074-088C5F6DCCA2}"
EndProject
Project("{FAE04EC0-301F-11D3-BF4B-00C04F79EFBC}") = "Units", "Libraries\DynamoUnits\Units.csproj", "{6E0A079E-85F1-45A1-AD5B-9855E4344809}"
	ProjectSection(ProjectDependencies) = postProject
		{133FC760-5699-46D9-BEA6-E816B5F01016} = {133FC760-5699-46D9-BEA6-E816B5F01016}
	EndProjectSection
EndProject
Project("{FAE04EC0-301F-11D3-BF4B-00C04F79EFBC}") = "Migrations", "Migrations\Migrations.csproj", "{06B9E5B0-7C50-4351-9D88-E159DC25755F}"
EndProject
Project("{FAE04EC0-301F-11D3-BF4B-00C04F79EFBC}") = "Tessellation", "Libraries\Tesellation\Tessellation.csproj", "{D6279651-D099-4F8D-A319-5BF12ED9F269}"
	ProjectSection(ProjectDependencies) = postProject
		{133FC760-5699-46D9-BEA6-E816B5F01016} = {133FC760-5699-46D9-BEA6-E816B5F01016}
	EndProjectSection
EndProject
Project("{FAE04EC0-301F-11D3-BF4B-00C04F79EFBC}") = "GraphLayout", "Engine\GraphLayout\GraphLayout.csproj", "{C2595B04-856D-40AE-8B99-4804C7A70708}"
	ProjectSection(ProjectDependencies) = postProject
		{133FC760-5699-46D9-BEA6-E816B5F01016} = {133FC760-5699-46D9-BEA6-E816B5F01016}
	EndProjectSection
EndProject
Project("{FAE04EC0-301F-11D3-BF4B-00C04F79EFBC}") = "VMDataBridge", "Libraries\VMDataBridge\VMDataBridge.csproj", "{CCB6E56B-2DA1-4EBA-A1F9-E8510E129D12}"
	ProjectSection(ProjectDependencies) = postProject
		{133FC760-5699-46D9-BEA6-E816B5F01016} = {133FC760-5699-46D9-BEA6-E816B5F01016}
	EndProjectSection
EndProject
Project("{2150E333-8FDC-42A3-9474-1A3956D46DE8}") = "Tools", "Tools", "{D114C59C-CF66-4CC2-980F-9301FB4EA4E1}"
EndProject
Project("{FAE04EC0-301F-11D3-BF4B-00C04F79EFBC}") = "SignDynamo", "Tools\SignDynamo\SignDynamo.csproj", "{A84E15A2-6735-4575-A1DA-7C64AF7582B1}"
EndProject
Project("{FAE04EC0-301F-11D3-BF4B-00C04F79EFBC}") = "DynamoCrypto", "DynamoCrypto\DynamoCrypto.csproj", "{96643E77-C786-498C-AAA9-80E449854CE9}"
	ProjectSection(ProjectDependencies) = postProject
		{133FC760-5699-46D9-BEA6-E816B5F01016} = {133FC760-5699-46D9-BEA6-E816B5F01016}
	EndProjectSection
EndProject
Project("{FAE04EC0-301F-11D3-BF4B-00C04F79EFBC}") = "InstallUpdate", "Tools\InstallUpdate\InstallUpdate.csproj", "{0ED387BC-17B5-49B7-9C1D-BF58A4A5CC4D}"
EndProject
Project("{2150E333-8FDC-42A3-9474-1A3956D46DE8}") = "Legacy", "Legacy", "{398542E6-659A-48C8-86EB-33164D227C90}"
EndProject
Project("{FAE04EC0-301F-11D3-BF4B-00C04F79EFBC}") = "NUnitUtility", "Tools\NUnitUtility\NUnitUtility.csproj", "{D0DC5724-DE00-4201-A659-A9A6CF81290D}"
	ProjectSection(ProjectDependencies) = postProject
		{133FC760-5699-46D9-BEA6-E816B5F01016} = {133FC760-5699-46D9-BEA6-E816B5F01016}
	EndProjectSection
EndProject
Project("{FAE04EC0-301F-11D3-BF4B-00C04F79EFBC}") = "AssemblyInfoGenerator", "AssemblySharedInfoGenerator\AssemblyInfoGenerator.csproj", "{133FC760-5699-46D9-BEA6-E816B5F01016}"
EndProject
Project("{FAE04EC0-301F-11D3-BF4B-00C04F79EFBC}") = "Analysis", "Libraries\Analysis\Analysis.csproj", "{76686ED6-E759-4772-81C2-768740BE13FA}"
	ProjectSection(ProjectDependencies) = postProject
		{133FC760-5699-46D9-BEA6-E816B5F01016} = {133FC760-5699-46D9-BEA6-E816B5F01016}
	EndProjectSection
EndProject
Project("{FAE04EC0-301F-11D3-BF4B-00C04F79EFBC}") = "AnalysisTests", "..\test\Libraries\AnalysisTests\AnalysisTests.csproj", "{4A707244-154B-428F-B589-D65361F24401}"
EndProject
Project("{FAE04EC0-301F-11D3-BF4B-00C04F79EFBC}") = "TestServices", "..\test\Libraries\TestServices\TestServices.csproj", "{6CD0F0CF-8199-49F9-B0EA-0B9598B44419}"
EndProject
Project("{2150E333-8FDC-42A3-9474-1A3956D46DE8}") = "Solution Items", "Solution Items", "{4466E6F6-F644-43AB-96B3-5ECE1622E711}"
	ProjectSection(SolutionItems) = preProject
		Config.xml = Config.xml
	EndProjectSection
EndProject
Project("{FAE04EC0-301F-11D3-BF4B-00C04F79EFBC}") = "XmlDocumentationsUtility", "Tools\XmlDocumentationsUtility\XmlDocumentationsUtility.csproj", "{4CAB9005-0001-4B03-BBA0-57070ED105F1}"
EndProject
Project("{FAE04EC0-301F-11D3-BF4B-00C04F79EFBC}") = "DynamoShapeManager", "Tools\DynamoShapeManager\DynamoShapeManager.csproj", "{263FA9C1-F81E-4A8E-95E0-8CDAE20F177B}"
EndProject
Project("{FAE04EC0-301F-11D3-BF4B-00C04F79EFBC}") = "DynamoPackages", "DynamoPackages\DynamoPackages.csproj", "{47533B7C-0E1A-44A4-8511-B438645F052A}"
EndProject
Project("{FAE04EC0-301F-11D3-BF4B-00C04F79EFBC}") = "DynamoCLI", "DynamoCLI\DynamoCLI.csproj", "{5F9AE581-6781-4A4C-A262-1B06CD27208B}"
EndProject
Project("{FAE04EC0-301F-11D3-BF4B-00C04F79EFBC}") = "DynamoApplications", "DynamoApplications\DynamoApplications.csproj", "{AA782772-FE61-4226-BAA4-EB529FA1646B}"
EndProject
Project("{FAE04EC0-301F-11D3-BF4B-00C04F79EFBC}") = "PythonNodeModels", "Libraries\PythonNodeModels\PythonNodeModels.csproj", "{8872CA17-C10D-43B9-8393-5C5A57065EB0}"
EndProject
Project("{FAE04EC0-301F-11D3-BF4B-00C04F79EFBC}") = "Watch3DNodeModels", "Libraries\Watch3DNodeModels\Watch3DNodeModels.csproj", "{31183026-DE70-49CB-BC7C-0DFD0A088F62}"
EndProject
Project("{FAE04EC0-301F-11D3-BF4B-00C04F79EFBC}") = "GeometryColor", "Libraries\GeometryColor\GeometryColor.csproj", "{A50C198C-DA6E-4081-BC53-0F44D287F207}"
EndProject
Project("{FAE04EC0-301F-11D3-BF4B-00C04F79EFBC}") = "DesignScriptBuiltin", "Libraries\DesignScriptBuiltin\DesignScriptBuiltin.csproj", "{C0D6DEE5-5532-4345-9C66-4C00D7FDB8BE}"
EndProject
Project("{FAE04EC0-301F-11D3-BF4B-00C04F79EFBC}") = "DSCPython", "Libraries\DSCPython\DSCPython.csproj", "{F1541C2D-80A9-4FE7-8D9E-75A8B9FF3479}"
EndProject
Project("{FAE04EC0-301F-11D3-BF4B-00C04F79EFBC}") = "Md2Html", "Tools\Md2Html\Md2Html.csproj", "{0893F745-CB1A-427A-8E87-CA927273039A}"
EndProject
Global
	GlobalSection(SolutionConfigurationPlatforms) = preSolution
		Debug|Any CPU = Debug|Any CPU
		Debug|x64 = Debug|x64
		Release|Any CPU = Release|Any CPU
		Release|x64 = Release|x64
	EndGlobalSection
	GlobalSection(ProjectConfigurationPlatforms) = postSolution
		{C5ADC05B-34E8-47BF-8E78-9C7BF96418C2}.Debug|Any CPU.ActiveCfg = Debug|Any CPU
		{C5ADC05B-34E8-47BF-8E78-9C7BF96418C2}.Debug|Any CPU.Build.0 = Debug|Any CPU
		{C5ADC05B-34E8-47BF-8E78-9C7BF96418C2}.Debug|x64.ActiveCfg = Debug|x64
		{C5ADC05B-34E8-47BF-8E78-9C7BF96418C2}.Debug|x64.Build.0 = Debug|x64
		{C5ADC05B-34E8-47BF-8E78-9C7BF96418C2}.Release|Any CPU.ActiveCfg = Release|Any CPU
		{C5ADC05B-34E8-47BF-8E78-9C7BF96418C2}.Release|Any CPU.Build.0 = Release|Any CPU
		{C5ADC05B-34E8-47BF-8E78-9C7BF96418C2}.Release|x64.ActiveCfg = Release|x64
		{C5ADC05B-34E8-47BF-8E78-9C7BF96418C2}.Release|x64.Build.0 = Release|x64
		{7858FA8C-475F-4B8E-B468-1F8200778CF8}.Debug|Any CPU.ActiveCfg = Debug|Any CPU
		{7858FA8C-475F-4B8E-B468-1F8200778CF8}.Debug|Any CPU.Build.0 = Debug|Any CPU
		{7858FA8C-475F-4B8E-B468-1F8200778CF8}.Debug|x64.ActiveCfg = Debug|x64
		{7858FA8C-475F-4B8E-B468-1F8200778CF8}.Debug|x64.Build.0 = Debug|x64
		{7858FA8C-475F-4B8E-B468-1F8200778CF8}.Release|Any CPU.ActiveCfg = Release|Any CPU
		{7858FA8C-475F-4B8E-B468-1F8200778CF8}.Release|Any CPU.Build.0 = Release|Any CPU
		{7858FA8C-475F-4B8E-B468-1F8200778CF8}.Release|x64.ActiveCfg = Release|x64
		{7858FA8C-475F-4B8E-B468-1F8200778CF8}.Release|x64.Build.0 = Release|x64
		{7318D5E5-9D15-4ABE-8A51-92F58D4F0B85}.Debug|Any CPU.ActiveCfg = Debug|Any CPU
		{7318D5E5-9D15-4ABE-8A51-92F58D4F0B85}.Debug|Any CPU.Build.0 = Debug|Any CPU
		{7318D5E5-9D15-4ABE-8A51-92F58D4F0B85}.Debug|x64.ActiveCfg = Debug|x64
		{7318D5E5-9D15-4ABE-8A51-92F58D4F0B85}.Debug|x64.Build.0 = Debug|x64
		{7318D5E5-9D15-4ABE-8A51-92F58D4F0B85}.Release|Any CPU.ActiveCfg = Release|Any CPU
		{7318D5E5-9D15-4ABE-8A51-92F58D4F0B85}.Release|Any CPU.Build.0 = Release|Any CPU
		{7318D5E5-9D15-4ABE-8A51-92F58D4F0B85}.Release|x64.ActiveCfg = Release|x64
		{7318D5E5-9D15-4ABE-8A51-92F58D4F0B85}.Release|x64.Build.0 = Release|x64
		{7A9E0314-966F-4584-BAA3-7339CBB849D1}.Debug|Any CPU.ActiveCfg = Debug|Any CPU
		{7A9E0314-966F-4584-BAA3-7339CBB849D1}.Debug|Any CPU.Build.0 = Debug|Any CPU
		{7A9E0314-966F-4584-BAA3-7339CBB849D1}.Debug|x64.ActiveCfg = Debug|x64
		{7A9E0314-966F-4584-BAA3-7339CBB849D1}.Debug|x64.Build.0 = Debug|x64
		{7A9E0314-966F-4584-BAA3-7339CBB849D1}.Release|Any CPU.ActiveCfg = Release|Any CPU
		{7A9E0314-966F-4584-BAA3-7339CBB849D1}.Release|Any CPU.Build.0 = Release|Any CPU
		{7A9E0314-966F-4584-BAA3-7339CBB849D1}.Release|x64.ActiveCfg = Release|x64
		{7A9E0314-966F-4584-BAA3-7339CBB849D1}.Release|x64.Build.0 = Release|x64
		{0D3D43DC-BD7E-46F0-93F7-1C6A6CC79948}.Debug|Any CPU.ActiveCfg = Debug|Any CPU
		{0D3D43DC-BD7E-46F0-93F7-1C6A6CC79948}.Debug|Any CPU.Build.0 = Debug|Any CPU
		{0D3D43DC-BD7E-46F0-93F7-1C6A6CC79948}.Debug|x64.ActiveCfg = Debug|x64
		{0D3D43DC-BD7E-46F0-93F7-1C6A6CC79948}.Debug|x64.Build.0 = Debug|x64
		{0D3D43DC-BD7E-46F0-93F7-1C6A6CC79948}.Release|Any CPU.ActiveCfg = Release|Any CPU
		{0D3D43DC-BD7E-46F0-93F7-1C6A6CC79948}.Release|Any CPU.Build.0 = Release|Any CPU
		{0D3D43DC-BD7E-46F0-93F7-1C6A6CC79948}.Release|x64.ActiveCfg = Release|x64
		{0D3D43DC-BD7E-46F0-93F7-1C6A6CC79948}.Release|x64.Build.0 = Release|x64
		{A4794476-7D0E-41C0-AD83-4AB929C0A46C}.Debug|Any CPU.ActiveCfg = Debug|Any CPU
		{A4794476-7D0E-41C0-AD83-4AB929C0A46C}.Debug|Any CPU.Build.0 = Debug|Any CPU
		{A4794476-7D0E-41C0-AD83-4AB929C0A46C}.Debug|x64.ActiveCfg = Debug|x64
		{A4794476-7D0E-41C0-AD83-4AB929C0A46C}.Debug|x64.Build.0 = Debug|x64
		{A4794476-7D0E-41C0-AD83-4AB929C0A46C}.Release|Any CPU.ActiveCfg = Release|Any CPU
		{A4794476-7D0E-41C0-AD83-4AB929C0A46C}.Release|Any CPU.Build.0 = Release|Any CPU
		{A4794476-7D0E-41C0-AD83-4AB929C0A46C}.Release|x64.ActiveCfg = Release|x64
		{A4794476-7D0E-41C0-AD83-4AB929C0A46C}.Release|x64.Build.0 = Release|x64
		{87550B2B-6CB8-461E-8965-DFAFE3AAFB5C}.Debug|Any CPU.ActiveCfg = Debug|Any CPU
		{87550B2B-6CB8-461E-8965-DFAFE3AAFB5C}.Debug|Any CPU.Build.0 = Debug|Any CPU
		{87550B2B-6CB8-461E-8965-DFAFE3AAFB5C}.Debug|x64.ActiveCfg = Debug|x64
		{87550B2B-6CB8-461E-8965-DFAFE3AAFB5C}.Debug|x64.Build.0 = Debug|x64
		{87550B2B-6CB8-461E-8965-DFAFE3AAFB5C}.Release|Any CPU.ActiveCfg = Release|Any CPU
		{87550B2B-6CB8-461E-8965-DFAFE3AAFB5C}.Release|Any CPU.Build.0 = Release|Any CPU
		{87550B2B-6CB8-461E-8965-DFAFE3AAFB5C}.Release|x64.ActiveCfg = Release|x64
		{87550B2B-6CB8-461E-8965-DFAFE3AAFB5C}.Release|x64.Build.0 = Release|x64
		{D8262D40-4880-41E4-91E4-AF8F480C8637}.Debug|Any CPU.ActiveCfg = Debug|Any CPU
		{D8262D40-4880-41E4-91E4-AF8F480C8637}.Debug|Any CPU.Build.0 = Debug|Any CPU
		{D8262D40-4880-41E4-91E4-AF8F480C8637}.Debug|x64.ActiveCfg = Debug|x64
		{D8262D40-4880-41E4-91E4-AF8F480C8637}.Debug|x64.Build.0 = Debug|x64
		{D8262D40-4880-41E4-91E4-AF8F480C8637}.Release|Any CPU.ActiveCfg = Release|Any CPU
		{D8262D40-4880-41E4-91E4-AF8F480C8637}.Release|Any CPU.Build.0 = Release|Any CPU
		{D8262D40-4880-41E4-91E4-AF8F480C8637}.Release|x64.ActiveCfg = Release|x64
		{D8262D40-4880-41E4-91E4-AF8F480C8637}.Release|x64.Build.0 = Release|x64
		{EF879A10-041D-4C68-83E7-3192685F1BAE}.Debug|Any CPU.ActiveCfg = Debug|Any CPU
		{EF879A10-041D-4C68-83E7-3192685F1BAE}.Debug|Any CPU.Build.0 = Debug|Any CPU
		{EF879A10-041D-4C68-83E7-3192685F1BAE}.Debug|x64.ActiveCfg = Debug|x64
		{EF879A10-041D-4C68-83E7-3192685F1BAE}.Debug|x64.Build.0 = Debug|x64
		{EF879A10-041D-4C68-83E7-3192685F1BAE}.Release|Any CPU.ActiveCfg = Release|Any CPU
		{EF879A10-041D-4C68-83E7-3192685F1BAE}.Release|Any CPU.Build.0 = Release|Any CPU
		{EF879A10-041D-4C68-83E7-3192685F1BAE}.Release|x64.ActiveCfg = Release|x64
		{EF879A10-041D-4C68-83E7-3192685F1BAE}.Release|x64.Build.0 = Release|x64
		{B5F435CB-0D8A-40B1-A4F7-5ECB3CE792A9}.Debug|Any CPU.ActiveCfg = Debug|Any CPU
		{B5F435CB-0D8A-40B1-A4F7-5ECB3CE792A9}.Debug|Any CPU.Build.0 = Debug|Any CPU
		{B5F435CB-0D8A-40B1-A4F7-5ECB3CE792A9}.Debug|x64.ActiveCfg = Debug|x64
		{B5F435CB-0D8A-40B1-A4F7-5ECB3CE792A9}.Debug|x64.Build.0 = Debug|x64
		{B5F435CB-0D8A-40B1-A4F7-5ECB3CE792A9}.Release|Any CPU.ActiveCfg = Release|Any CPU
		{B5F435CB-0D8A-40B1-A4F7-5ECB3CE792A9}.Release|Any CPU.Build.0 = Release|Any CPU
		{B5F435CB-0D8A-40B1-A4F7-5ECB3CE792A9}.Release|x64.ActiveCfg = Release|x64
		{B5F435CB-0D8A-40B1-A4F7-5ECB3CE792A9}.Release|x64.Build.0 = Release|x64
		{6E1177DB-5E4F-4E2E-82E7-902437E56AED}.Debug|Any CPU.ActiveCfg = Debug|Any CPU
		{6E1177DB-5E4F-4E2E-82E7-902437E56AED}.Debug|Any CPU.Build.0 = Debug|Any CPU
		{6E1177DB-5E4F-4E2E-82E7-902437E56AED}.Debug|x64.ActiveCfg = Debug|x64
		{6E1177DB-5E4F-4E2E-82E7-902437E56AED}.Debug|x64.Build.0 = Debug|x64
		{6E1177DB-5E4F-4E2E-82E7-902437E56AED}.Release|Any CPU.ActiveCfg = Release|Any CPU
		{6E1177DB-5E4F-4E2E-82E7-902437E56AED}.Release|Any CPU.Build.0 = Release|Any CPU
		{6E1177DB-5E4F-4E2E-82E7-902437E56AED}.Release|x64.ActiveCfg = Release|x64
		{6E1177DB-5E4F-4E2E-82E7-902437E56AED}.Release|x64.Build.0 = Release|x64
		{2235F7CA-AB25-4177-92BC-4B574D2D5DF6}.Debug|Any CPU.ActiveCfg = Debug|Any CPU
		{2235F7CA-AB25-4177-92BC-4B574D2D5DF6}.Debug|Any CPU.Build.0 = Debug|Any CPU
		{2235F7CA-AB25-4177-92BC-4B574D2D5DF6}.Debug|x64.ActiveCfg = Debug|x64
		{2235F7CA-AB25-4177-92BC-4B574D2D5DF6}.Debug|x64.Build.0 = Debug|x64
		{2235F7CA-AB25-4177-92BC-4B574D2D5DF6}.Release|Any CPU.ActiveCfg = Release|Any CPU
		{2235F7CA-AB25-4177-92BC-4B574D2D5DF6}.Release|Any CPU.Build.0 = Release|Any CPU
		{2235F7CA-AB25-4177-92BC-4B574D2D5DF6}.Release|x64.ActiveCfg = Release|x64
		{2235F7CA-AB25-4177-92BC-4B574D2D5DF6}.Release|x64.Build.0 = Release|x64
		{9EEF4F42-6B3B-4358-9A8A-C2701539A822}.Debug|Any CPU.ActiveCfg = Debug|Any CPU
		{9EEF4F42-6B3B-4358-9A8A-C2701539A822}.Debug|Any CPU.Build.0 = Debug|Any CPU
		{9EEF4F42-6B3B-4358-9A8A-C2701539A822}.Debug|x64.ActiveCfg = Debug|x64
		{9EEF4F42-6B3B-4358-9A8A-C2701539A822}.Debug|x64.Build.0 = Debug|x64
		{9EEF4F42-6B3B-4358-9A8A-C2701539A822}.Release|Any CPU.ActiveCfg = Release|Any CPU
		{9EEF4F42-6B3B-4358-9A8A-C2701539A822}.Release|Any CPU.Build.0 = Release|Any CPU
		{9EEF4F42-6B3B-4358-9A8A-C2701539A822}.Release|x64.ActiveCfg = Release|x64
		{9EEF4F42-6B3B-4358-9A8A-C2701539A822}.Release|x64.Build.0 = Release|x64
		{C70FE632-5500-4C57-B3D6-9B5574137551}.Debug|Any CPU.ActiveCfg = Debug|Any CPU
		{C70FE632-5500-4C57-B3D6-9B5574137551}.Debug|Any CPU.Build.0 = Debug|Any CPU
		{C70FE632-5500-4C57-B3D6-9B5574137551}.Debug|x64.ActiveCfg = Debug|x64
		{C70FE632-5500-4C57-B3D6-9B5574137551}.Debug|x64.Build.0 = Debug|x64
		{C70FE632-5500-4C57-B3D6-9B5574137551}.Release|Any CPU.ActiveCfg = Release|Any CPU
		{C70FE632-5500-4C57-B3D6-9B5574137551}.Release|Any CPU.Build.0 = Release|Any CPU
		{C70FE632-5500-4C57-B3D6-9B5574137551}.Release|x64.ActiveCfg = Release|x64
		{C70FE632-5500-4C57-B3D6-9B5574137551}.Release|x64.Build.0 = Release|x64
		{2B0F2800-6F62-4869-9074-088C5F6DCCA2}.Debug|Any CPU.ActiveCfg = Debug|Any CPU
		{2B0F2800-6F62-4869-9074-088C5F6DCCA2}.Debug|Any CPU.Build.0 = Debug|Any CPU
		{2B0F2800-6F62-4869-9074-088C5F6DCCA2}.Debug|x64.ActiveCfg = Debug|x64
		{2B0F2800-6F62-4869-9074-088C5F6DCCA2}.Debug|x64.Build.0 = Debug|x64
		{2B0F2800-6F62-4869-9074-088C5F6DCCA2}.Release|Any CPU.ActiveCfg = Release|Any CPU
		{2B0F2800-6F62-4869-9074-088C5F6DCCA2}.Release|Any CPU.Build.0 = Release|Any CPU
		{2B0F2800-6F62-4869-9074-088C5F6DCCA2}.Release|x64.ActiveCfg = Release|x64
		{2B0F2800-6F62-4869-9074-088C5F6DCCA2}.Release|x64.Build.0 = Release|x64
		{6E0A079E-85F1-45A1-AD5B-9855E4344809}.Debug|Any CPU.ActiveCfg = Debug|Any CPU
		{6E0A079E-85F1-45A1-AD5B-9855E4344809}.Debug|Any CPU.Build.0 = Debug|Any CPU
		{6E0A079E-85F1-45A1-AD5B-9855E4344809}.Debug|x64.ActiveCfg = Debug|x64
		{6E0A079E-85F1-45A1-AD5B-9855E4344809}.Debug|x64.Build.0 = Debug|x64
		{6E0A079E-85F1-45A1-AD5B-9855E4344809}.Release|Any CPU.ActiveCfg = Release|Any CPU
		{6E0A079E-85F1-45A1-AD5B-9855E4344809}.Release|Any CPU.Build.0 = Release|Any CPU
		{6E0A079E-85F1-45A1-AD5B-9855E4344809}.Release|x64.ActiveCfg = Release|x64
		{6E0A079E-85F1-45A1-AD5B-9855E4344809}.Release|x64.Build.0 = Release|x64
		{06B9E5B0-7C50-4351-9D88-E159DC25755F}.Debug|Any CPU.ActiveCfg = Debug|Any CPU
		{06B9E5B0-7C50-4351-9D88-E159DC25755F}.Debug|Any CPU.Build.0 = Debug|Any CPU
		{06B9E5B0-7C50-4351-9D88-E159DC25755F}.Debug|x64.ActiveCfg = Debug|x64
		{06B9E5B0-7C50-4351-9D88-E159DC25755F}.Debug|x64.Build.0 = Debug|x64
		{06B9E5B0-7C50-4351-9D88-E159DC25755F}.Release|Any CPU.ActiveCfg = Release|Any CPU
		{06B9E5B0-7C50-4351-9D88-E159DC25755F}.Release|Any CPU.Build.0 = Release|Any CPU
		{06B9E5B0-7C50-4351-9D88-E159DC25755F}.Release|x64.ActiveCfg = Release|x64
		{06B9E5B0-7C50-4351-9D88-E159DC25755F}.Release|x64.Build.0 = Release|x64
		{D6279651-D099-4F8D-A319-5BF12ED9F269}.Debug|Any CPU.ActiveCfg = Debug|Any CPU
		{D6279651-D099-4F8D-A319-5BF12ED9F269}.Debug|Any CPU.Build.0 = Debug|Any CPU
		{D6279651-D099-4F8D-A319-5BF12ED9F269}.Debug|x64.ActiveCfg = Debug|x64
		{D6279651-D099-4F8D-A319-5BF12ED9F269}.Debug|x64.Build.0 = Debug|x64
		{D6279651-D099-4F8D-A319-5BF12ED9F269}.Release|Any CPU.ActiveCfg = Release|Any CPU
		{D6279651-D099-4F8D-A319-5BF12ED9F269}.Release|Any CPU.Build.0 = Release|Any CPU
		{D6279651-D099-4F8D-A319-5BF12ED9F269}.Release|x64.ActiveCfg = Release|x64
		{D6279651-D099-4F8D-A319-5BF12ED9F269}.Release|x64.Build.0 = Release|x64
		{C2595B04-856D-40AE-8B99-4804C7A70708}.Debug|Any CPU.ActiveCfg = Debug|Any CPU
		{C2595B04-856D-40AE-8B99-4804C7A70708}.Debug|Any CPU.Build.0 = Debug|Any CPU
		{C2595B04-856D-40AE-8B99-4804C7A70708}.Debug|x64.ActiveCfg = Debug|x64
		{C2595B04-856D-40AE-8B99-4804C7A70708}.Debug|x64.Build.0 = Debug|x64
		{C2595B04-856D-40AE-8B99-4804C7A70708}.Release|Any CPU.ActiveCfg = Release|Any CPU
		{C2595B04-856D-40AE-8B99-4804C7A70708}.Release|Any CPU.Build.0 = Release|Any CPU
		{C2595B04-856D-40AE-8B99-4804C7A70708}.Release|x64.ActiveCfg = Release|x64
		{C2595B04-856D-40AE-8B99-4804C7A70708}.Release|x64.Build.0 = Release|x64
		{CCB6E56B-2DA1-4EBA-A1F9-E8510E129D12}.Debug|Any CPU.ActiveCfg = Debug|Any CPU
		{CCB6E56B-2DA1-4EBA-A1F9-E8510E129D12}.Debug|Any CPU.Build.0 = Debug|Any CPU
		{CCB6E56B-2DA1-4EBA-A1F9-E8510E129D12}.Debug|x64.ActiveCfg = Debug|x64
		{CCB6E56B-2DA1-4EBA-A1F9-E8510E129D12}.Debug|x64.Build.0 = Debug|x64
		{CCB6E56B-2DA1-4EBA-A1F9-E8510E129D12}.Release|Any CPU.ActiveCfg = Release|Any CPU
		{CCB6E56B-2DA1-4EBA-A1F9-E8510E129D12}.Release|Any CPU.Build.0 = Release|Any CPU
		{CCB6E56B-2DA1-4EBA-A1F9-E8510E129D12}.Release|x64.ActiveCfg = Release|x64
		{CCB6E56B-2DA1-4EBA-A1F9-E8510E129D12}.Release|x64.Build.0 = Release|x64
		{A84E15A2-6735-4575-A1DA-7C64AF7582B1}.Debug|Any CPU.ActiveCfg = Debug|Any CPU
		{A84E15A2-6735-4575-A1DA-7C64AF7582B1}.Debug|Any CPU.Build.0 = Debug|Any CPU
		{A84E15A2-6735-4575-A1DA-7C64AF7582B1}.Debug|x64.ActiveCfg = Debug|Any CPU
		{A84E15A2-6735-4575-A1DA-7C64AF7582B1}.Debug|x64.Build.0 = Debug|Any CPU
		{A84E15A2-6735-4575-A1DA-7C64AF7582B1}.Release|Any CPU.ActiveCfg = Release|Any CPU
		{A84E15A2-6735-4575-A1DA-7C64AF7582B1}.Release|Any CPU.Build.0 = Release|Any CPU
		{A84E15A2-6735-4575-A1DA-7C64AF7582B1}.Release|x64.ActiveCfg = Release|Any CPU
		{A84E15A2-6735-4575-A1DA-7C64AF7582B1}.Release|x64.Build.0 = Release|Any CPU
		{96643E77-C786-498C-AAA9-80E449854CE9}.Debug|Any CPU.ActiveCfg = Debug|Any CPU
		{96643E77-C786-498C-AAA9-80E449854CE9}.Debug|Any CPU.Build.0 = Debug|Any CPU
		{96643E77-C786-498C-AAA9-80E449854CE9}.Debug|x64.ActiveCfg = Debug|x64
		{96643E77-C786-498C-AAA9-80E449854CE9}.Debug|x64.Build.0 = Debug|x64
		{96643E77-C786-498C-AAA9-80E449854CE9}.Release|Any CPU.ActiveCfg = Release|Any CPU
		{96643E77-C786-498C-AAA9-80E449854CE9}.Release|Any CPU.Build.0 = Release|Any CPU
		{96643E77-C786-498C-AAA9-80E449854CE9}.Release|x64.ActiveCfg = Release|x64
		{96643E77-C786-498C-AAA9-80E449854CE9}.Release|x64.Build.0 = Release|x64
		{0ED387BC-17B5-49B7-9C1D-BF58A4A5CC4D}.Debug|Any CPU.ActiveCfg = Debug|Any CPU
		{0ED387BC-17B5-49B7-9C1D-BF58A4A5CC4D}.Debug|Any CPU.Build.0 = Debug|Any CPU
		{0ED387BC-17B5-49B7-9C1D-BF58A4A5CC4D}.Debug|x64.ActiveCfg = Debug|x64
		{0ED387BC-17B5-49B7-9C1D-BF58A4A5CC4D}.Debug|x64.Build.0 = Debug|x64
		{0ED387BC-17B5-49B7-9C1D-BF58A4A5CC4D}.Release|Any CPU.ActiveCfg = Release|Any CPU
		{0ED387BC-17B5-49B7-9C1D-BF58A4A5CC4D}.Release|Any CPU.Build.0 = Release|Any CPU
		{0ED387BC-17B5-49B7-9C1D-BF58A4A5CC4D}.Release|x64.ActiveCfg = Release|x64
		{0ED387BC-17B5-49B7-9C1D-BF58A4A5CC4D}.Release|x64.Build.0 = Release|x64
		{D0DC5724-DE00-4201-A659-A9A6CF81290D}.Debug|Any CPU.ActiveCfg = Debug|Any CPU
		{D0DC5724-DE00-4201-A659-A9A6CF81290D}.Debug|Any CPU.Build.0 = Debug|Any CPU
		{D0DC5724-DE00-4201-A659-A9A6CF81290D}.Debug|x64.ActiveCfg = Debug|Any CPU
		{D0DC5724-DE00-4201-A659-A9A6CF81290D}.Debug|x64.Build.0 = Debug|Any CPU
		{D0DC5724-DE00-4201-A659-A9A6CF81290D}.Release|Any CPU.ActiveCfg = Release|Any CPU
		{D0DC5724-DE00-4201-A659-A9A6CF81290D}.Release|Any CPU.Build.0 = Release|Any CPU
		{D0DC5724-DE00-4201-A659-A9A6CF81290D}.Release|x64.ActiveCfg = Release|Any CPU
		{D0DC5724-DE00-4201-A659-A9A6CF81290D}.Release|x64.Build.0 = Release|Any CPU
		{133FC760-5699-46D9-BEA6-E816B5F01016}.Debug|Any CPU.ActiveCfg = Debug|Any CPU
		{133FC760-5699-46D9-BEA6-E816B5F01016}.Debug|Any CPU.Build.0 = Debug|Any CPU
		{133FC760-5699-46D9-BEA6-E816B5F01016}.Debug|x64.ActiveCfg = Debug|x64
		{133FC760-5699-46D9-BEA6-E816B5F01016}.Debug|x64.Build.0 = Debug|x64
		{133FC760-5699-46D9-BEA6-E816B5F01016}.Release|Any CPU.ActiveCfg = Release|Any CPU
		{133FC760-5699-46D9-BEA6-E816B5F01016}.Release|Any CPU.Build.0 = Release|Any CPU
		{133FC760-5699-46D9-BEA6-E816B5F01016}.Release|x64.ActiveCfg = Release|x64
		{133FC760-5699-46D9-BEA6-E816B5F01016}.Release|x64.Build.0 = Release|x64
		{76686ED6-E759-4772-81C2-768740BE13FA}.Debug|Any CPU.ActiveCfg = Debug|Any CPU
		{76686ED6-E759-4772-81C2-768740BE13FA}.Debug|Any CPU.Build.0 = Debug|Any CPU
		{76686ED6-E759-4772-81C2-768740BE13FA}.Debug|x64.ActiveCfg = Debug|x64
		{76686ED6-E759-4772-81C2-768740BE13FA}.Debug|x64.Build.0 = Debug|x64
		{76686ED6-E759-4772-81C2-768740BE13FA}.Release|Any CPU.ActiveCfg = Release|Any CPU
		{76686ED6-E759-4772-81C2-768740BE13FA}.Release|Any CPU.Build.0 = Release|Any CPU
		{76686ED6-E759-4772-81C2-768740BE13FA}.Release|x64.ActiveCfg = Release|x64
		{76686ED6-E759-4772-81C2-768740BE13FA}.Release|x64.Build.0 = Release|x64
		{4A707244-154B-428F-B589-D65361F24401}.Debug|Any CPU.ActiveCfg = Debug|Any CPU
		{4A707244-154B-428F-B589-D65361F24401}.Debug|Any CPU.Build.0 = Debug|Any CPU
		{4A707244-154B-428F-B589-D65361F24401}.Debug|x64.ActiveCfg = Debug|x64
		{4A707244-154B-428F-B589-D65361F24401}.Debug|x64.Build.0 = Debug|x64
		{4A707244-154B-428F-B589-D65361F24401}.Release|Any CPU.ActiveCfg = Release|Any CPU
		{4A707244-154B-428F-B589-D65361F24401}.Release|Any CPU.Build.0 = Release|Any CPU
		{4A707244-154B-428F-B589-D65361F24401}.Release|x64.ActiveCfg = Release|x64
		{4A707244-154B-428F-B589-D65361F24401}.Release|x64.Build.0 = Release|x64
		{6CD0F0CF-8199-49F9-B0EA-0B9598B44419}.Debug|Any CPU.ActiveCfg = Debug|Any CPU
		{6CD0F0CF-8199-49F9-B0EA-0B9598B44419}.Debug|Any CPU.Build.0 = Debug|Any CPU
		{6CD0F0CF-8199-49F9-B0EA-0B9598B44419}.Debug|x64.ActiveCfg = Debug|x64
		{6CD0F0CF-8199-49F9-B0EA-0B9598B44419}.Debug|x64.Build.0 = Debug|x64
		{6CD0F0CF-8199-49F9-B0EA-0B9598B44419}.Release|Any CPU.ActiveCfg = Release|Any CPU
		{6CD0F0CF-8199-49F9-B0EA-0B9598B44419}.Release|Any CPU.Build.0 = Release|Any CPU
		{6CD0F0CF-8199-49F9-B0EA-0B9598B44419}.Release|x64.ActiveCfg = Release|x64
		{6CD0F0CF-8199-49F9-B0EA-0B9598B44419}.Release|x64.Build.0 = Release|x64
		{4CAB9005-0001-4B03-BBA0-57070ED105F1}.Debug|Any CPU.ActiveCfg = Debug|Any CPU
		{4CAB9005-0001-4B03-BBA0-57070ED105F1}.Debug|Any CPU.Build.0 = Debug|Any CPU
		{4CAB9005-0001-4B03-BBA0-57070ED105F1}.Debug|x64.ActiveCfg = Debug|Any CPU
		{4CAB9005-0001-4B03-BBA0-57070ED105F1}.Debug|x64.Build.0 = Debug|Any CPU
		{4CAB9005-0001-4B03-BBA0-57070ED105F1}.Release|Any CPU.ActiveCfg = Release|Any CPU
		{4CAB9005-0001-4B03-BBA0-57070ED105F1}.Release|Any CPU.Build.0 = Release|Any CPU
		{4CAB9005-0001-4B03-BBA0-57070ED105F1}.Release|x64.ActiveCfg = Release|Any CPU
		{4CAB9005-0001-4B03-BBA0-57070ED105F1}.Release|x64.Build.0 = Release|Any CPU
		{263FA9C1-F81E-4A8E-95E0-8CDAE20F177B}.Debug|Any CPU.ActiveCfg = Debug|Any CPU
		{263FA9C1-F81E-4A8E-95E0-8CDAE20F177B}.Debug|Any CPU.Build.0 = Debug|Any CPU
		{263FA9C1-F81E-4A8E-95E0-8CDAE20F177B}.Debug|x64.ActiveCfg = Debug|x64
		{263FA9C1-F81E-4A8E-95E0-8CDAE20F177B}.Debug|x64.Build.0 = Debug|x64
		{263FA9C1-F81E-4A8E-95E0-8CDAE20F177B}.Release|Any CPU.ActiveCfg = Release|Any CPU
		{263FA9C1-F81E-4A8E-95E0-8CDAE20F177B}.Release|Any CPU.Build.0 = Release|Any CPU
		{263FA9C1-F81E-4A8E-95E0-8CDAE20F177B}.Release|x64.ActiveCfg = Release|x64
		{263FA9C1-F81E-4A8E-95E0-8CDAE20F177B}.Release|x64.Build.0 = Release|x64
		{47533B7C-0E1A-44A4-8511-B438645F052A}.Debug|Any CPU.ActiveCfg = Debug|Any CPU
		{47533B7C-0E1A-44A4-8511-B438645F052A}.Debug|Any CPU.Build.0 = Debug|Any CPU
		{47533B7C-0E1A-44A4-8511-B438645F052A}.Debug|x64.ActiveCfg = Debug|x64
		{47533B7C-0E1A-44A4-8511-B438645F052A}.Debug|x64.Build.0 = Debug|x64
		{47533B7C-0E1A-44A4-8511-B438645F052A}.Release|Any CPU.ActiveCfg = Release|Any CPU
		{47533B7C-0E1A-44A4-8511-B438645F052A}.Release|Any CPU.Build.0 = Release|Any CPU
		{47533B7C-0E1A-44A4-8511-B438645F052A}.Release|x64.ActiveCfg = Release|x64
		{47533B7C-0E1A-44A4-8511-B438645F052A}.Release|x64.Build.0 = Release|x64
		{5F9AE581-6781-4A4C-A262-1B06CD27208B}.Debug|Any CPU.ActiveCfg = Debug|Any CPU
		{5F9AE581-6781-4A4C-A262-1B06CD27208B}.Debug|Any CPU.Build.0 = Debug|Any CPU
		{5F9AE581-6781-4A4C-A262-1B06CD27208B}.Debug|x64.ActiveCfg = Debug|x64
		{5F9AE581-6781-4A4C-A262-1B06CD27208B}.Debug|x64.Build.0 = Debug|x64
		{5F9AE581-6781-4A4C-A262-1B06CD27208B}.Release|Any CPU.ActiveCfg = Release|Any CPU
		{5F9AE581-6781-4A4C-A262-1B06CD27208B}.Release|Any CPU.Build.0 = Release|Any CPU
		{5F9AE581-6781-4A4C-A262-1B06CD27208B}.Release|x64.ActiveCfg = Release|x64
		{5F9AE581-6781-4A4C-A262-1B06CD27208B}.Release|x64.Build.0 = Release|x64
		{AA782772-FE61-4226-BAA4-EB529FA1646B}.Debug|Any CPU.ActiveCfg = Debug|Any CPU
		{AA782772-FE61-4226-BAA4-EB529FA1646B}.Debug|Any CPU.Build.0 = Debug|Any CPU
		{AA782772-FE61-4226-BAA4-EB529FA1646B}.Debug|x64.ActiveCfg = Debug|x64
		{AA782772-FE61-4226-BAA4-EB529FA1646B}.Debug|x64.Build.0 = Debug|x64
		{AA782772-FE61-4226-BAA4-EB529FA1646B}.Release|Any CPU.ActiveCfg = Release|Any CPU
		{AA782772-FE61-4226-BAA4-EB529FA1646B}.Release|Any CPU.Build.0 = Release|Any CPU
		{AA782772-FE61-4226-BAA4-EB529FA1646B}.Release|x64.ActiveCfg = Release|x64
		{AA782772-FE61-4226-BAA4-EB529FA1646B}.Release|x64.Build.0 = Release|x64
		{8872CA17-C10D-43B9-8393-5C5A57065EB0}.Debug|Any CPU.ActiveCfg = Debug|Any CPU
		{8872CA17-C10D-43B9-8393-5C5A57065EB0}.Debug|Any CPU.Build.0 = Debug|Any CPU
		{8872CA17-C10D-43B9-8393-5C5A57065EB0}.Debug|x64.ActiveCfg = Debug|x64
		{8872CA17-C10D-43B9-8393-5C5A57065EB0}.Debug|x64.Build.0 = Debug|x64
		{8872CA17-C10D-43B9-8393-5C5A57065EB0}.Release|Any CPU.ActiveCfg = Release|Any CPU
		{8872CA17-C10D-43B9-8393-5C5A57065EB0}.Release|Any CPU.Build.0 = Release|Any CPU
		{8872CA17-C10D-43B9-8393-5C5A57065EB0}.Release|x64.ActiveCfg = Release|x64
		{8872CA17-C10D-43B9-8393-5C5A57065EB0}.Release|x64.Build.0 = Release|x64
		{31183026-DE70-49CB-BC7C-0DFD0A088F62}.Debug|Any CPU.ActiveCfg = Debug|Any CPU
		{31183026-DE70-49CB-BC7C-0DFD0A088F62}.Debug|Any CPU.Build.0 = Debug|Any CPU
		{31183026-DE70-49CB-BC7C-0DFD0A088F62}.Debug|x64.ActiveCfg = Debug|x64
		{31183026-DE70-49CB-BC7C-0DFD0A088F62}.Debug|x64.Build.0 = Debug|x64
		{31183026-DE70-49CB-BC7C-0DFD0A088F62}.Release|Any CPU.ActiveCfg = Release|Any CPU
		{31183026-DE70-49CB-BC7C-0DFD0A088F62}.Release|Any CPU.Build.0 = Release|Any CPU
		{31183026-DE70-49CB-BC7C-0DFD0A088F62}.Release|x64.ActiveCfg = Release|x64
		{31183026-DE70-49CB-BC7C-0DFD0A088F62}.Release|x64.Build.0 = Release|x64
		{A50C198C-DA6E-4081-BC53-0F44D287F207}.Debug|Any CPU.ActiveCfg = Debug|Any CPU
		{A50C198C-DA6E-4081-BC53-0F44D287F207}.Debug|Any CPU.Build.0 = Debug|Any CPU
		{A50C198C-DA6E-4081-BC53-0F44D287F207}.Debug|x64.ActiveCfg = Debug|x64
		{A50C198C-DA6E-4081-BC53-0F44D287F207}.Debug|x64.Build.0 = Debug|x64
		{A50C198C-DA6E-4081-BC53-0F44D287F207}.Release|Any CPU.ActiveCfg = Release|Any CPU
		{A50C198C-DA6E-4081-BC53-0F44D287F207}.Release|Any CPU.Build.0 = Release|Any CPU
		{A50C198C-DA6E-4081-BC53-0F44D287F207}.Release|x64.ActiveCfg = Release|x64
		{A50C198C-DA6E-4081-BC53-0F44D287F207}.Release|x64.Build.0 = Release|x64
		{C0D6DEE5-5532-4345-9C66-4C00D7FDB8BE}.Debug|Any CPU.ActiveCfg = Debug|Any CPU
		{C0D6DEE5-5532-4345-9C66-4C00D7FDB8BE}.Debug|Any CPU.Build.0 = Debug|Any CPU
		{C0D6DEE5-5532-4345-9C66-4C00D7FDB8BE}.Debug|x64.ActiveCfg = Debug|Any CPU
		{C0D6DEE5-5532-4345-9C66-4C00D7FDB8BE}.Debug|x64.Build.0 = Debug|Any CPU
		{C0D6DEE5-5532-4345-9C66-4C00D7FDB8BE}.Release|Any CPU.ActiveCfg = Release|Any CPU
		{C0D6DEE5-5532-4345-9C66-4C00D7FDB8BE}.Release|Any CPU.Build.0 = Release|Any CPU
		{C0D6DEE5-5532-4345-9C66-4C00D7FDB8BE}.Release|x64.ActiveCfg = Release|Any CPU
		{C0D6DEE5-5532-4345-9C66-4C00D7FDB8BE}.Release|x64.Build.0 = Release|Any CPU
		{F1541C2D-80A9-4FE7-8D9E-75A8B9FF3479}.Debug|Any CPU.ActiveCfg = Debug|Any CPU
		{F1541C2D-80A9-4FE7-8D9E-75A8B9FF3479}.Debug|Any CPU.Build.0 = Debug|Any CPU
		{F1541C2D-80A9-4FE7-8D9E-75A8B9FF3479}.Debug|x64.ActiveCfg = Debug|x64
		{F1541C2D-80A9-4FE7-8D9E-75A8B9FF3479}.Debug|x64.Build.0 = Debug|x64
		{F1541C2D-80A9-4FE7-8D9E-75A8B9FF3479}.Release|Any CPU.ActiveCfg = Release|Any CPU
		{F1541C2D-80A9-4FE7-8D9E-75A8B9FF3479}.Release|Any CPU.Build.0 = Release|Any CPU
		{F1541C2D-80A9-4FE7-8D9E-75A8B9FF3479}.Release|x64.ActiveCfg = Release|x64
		{F1541C2D-80A9-4FE7-8D9E-75A8B9FF3479}.Release|x64.Build.0 = Release|x64
		{0893F745-CB1A-427A-8E87-CA927273039A}.Debug|Any CPU.ActiveCfg = Debug|Any CPU
		{0893F745-CB1A-427A-8E87-CA927273039A}.Debug|Any CPU.Build.0 = Debug|Any CPU
		{0893F745-CB1A-427A-8E87-CA927273039A}.Debug|x64.ActiveCfg = Debug|Any CPU
		{0893F745-CB1A-427A-8E87-CA927273039A}.Debug|x64.Build.0 = Debug|Any CPU
		{0893F745-CB1A-427A-8E87-CA927273039A}.Release|Any CPU.ActiveCfg = Release|Any CPU
		{0893F745-CB1A-427A-8E87-CA927273039A}.Release|Any CPU.Build.0 = Release|Any CPU
		{0893F745-CB1A-427A-8E87-CA927273039A}.Release|x64.ActiveCfg = Release|Any CPU
		{0893F745-CB1A-427A-8E87-CA927273039A}.Release|x64.Build.0 = Release|Any CPU
	EndGlobalSection
	GlobalSection(SolutionProperties) = preSolution
		HideSolutionNode = FALSE
	EndGlobalSection
	GlobalSection(NestedProjects) = preSolution
		{C5ADC05B-34E8-47BF-8E78-9C7BF96418C2} = {FA7BE306-A3B0-45FA-9D87-0C69E6932C13}
		{7318D5E5-9D15-4ABE-8A51-92F58D4F0B85} = {A6533823-A64A-441C-B7A2-7B2772F87002}
		{7A9E0314-966F-4584-BAA3-7339CBB849D1} = {A6533823-A64A-441C-B7A2-7B2772F87002}
		{0D3D43DC-BD7E-46F0-93F7-1C6A6CC79948} = {A6533823-A64A-441C-B7A2-7B2772F87002}
		{A4794476-7D0E-41C0-AD83-4AB929C0A46C} = {A6533823-A64A-441C-B7A2-7B2772F87002}
		{87550B2B-6CB8-461E-8965-DFAFE3AAFB5C} = {FA7BE306-A3B0-45FA-9D87-0C69E6932C13}
		{D8262D40-4880-41E4-91E4-AF8F480C8637} = {FA7BE306-A3B0-45FA-9D87-0C69E6932C13}
		{0355EB79-6961-4B8A-8F66-035D4EC0C9FE} = {F4D44BC0-32CF-4E58-AD2A-F19CE1450B00}
		{6E1177DB-5E4F-4E2E-82E7-902437E56AED} = {0355EB79-6961-4B8A-8F66-035D4EC0C9FE}
		{2235F7CA-AB25-4177-92BC-4B574D2D5DF6} = {0355EB79-6961-4B8A-8F66-035D4EC0C9FE}
		{24A1EF6B-5A24-4536-B8BD-C879ABA26389} = {F4D44BC0-32CF-4E58-AD2A-F19CE1450B00}
		{0E492D35-2310-4849-9694-A2A53C09F21B} = {F4D44BC0-32CF-4E58-AD2A-F19CE1450B00}
		{9EEF4F42-6B3B-4358-9A8A-C2701539A822} = {FA7BE306-A3B0-45FA-9D87-0C69E6932C13}
		{C70FE632-5500-4C57-B3D6-9B5574137551} = {0355EB79-6961-4B8A-8F66-035D4EC0C9FE}
		{88A44558-9148-4F1C-876B-46472793F3D6} = {F4D44BC0-32CF-4E58-AD2A-F19CE1450B00}
		{2B0F2800-6F62-4869-9074-088C5F6DCCA2} = {398542E6-659A-48C8-86EB-33164D227C90}
		{6E0A079E-85F1-45A1-AD5B-9855E4344809} = {FA7BE306-A3B0-45FA-9D87-0C69E6932C13}
		{06B9E5B0-7C50-4351-9D88-E159DC25755F} = {FA7BE306-A3B0-45FA-9D87-0C69E6932C13}
		{D6279651-D099-4F8D-A319-5BF12ED9F269} = {FA7BE306-A3B0-45FA-9D87-0C69E6932C13}
		{C2595B04-856D-40AE-8B99-4804C7A70708} = {A6533823-A64A-441C-B7A2-7B2772F87002}
		{CCB6E56B-2DA1-4EBA-A1F9-E8510E129D12} = {FA7BE306-A3B0-45FA-9D87-0C69E6932C13}
		{A84E15A2-6735-4575-A1DA-7C64AF7582B1} = {D114C59C-CF66-4CC2-980F-9301FB4EA4E1}
		{0ED387BC-17B5-49B7-9C1D-BF58A4A5CC4D} = {D114C59C-CF66-4CC2-980F-9301FB4EA4E1}
		{398542E6-659A-48C8-86EB-33164D227C90} = {FA7BE306-A3B0-45FA-9D87-0C69E6932C13}
		{D0DC5724-DE00-4201-A659-A9A6CF81290D} = {D114C59C-CF66-4CC2-980F-9301FB4EA4E1}
		{76686ED6-E759-4772-81C2-768740BE13FA} = {FA7BE306-A3B0-45FA-9D87-0C69E6932C13}
		{4A707244-154B-428F-B589-D65361F24401} = {0E492D35-2310-4849-9694-A2A53C09F21B}
		{6CD0F0CF-8199-49F9-B0EA-0B9598B44419} = {0E492D35-2310-4849-9694-A2A53C09F21B}
		{4CAB9005-0001-4B03-BBA0-57070ED105F1} = {D114C59C-CF66-4CC2-980F-9301FB4EA4E1}
		{263FA9C1-F81E-4A8E-95E0-8CDAE20F177B} = {D114C59C-CF66-4CC2-980F-9301FB4EA4E1}
		{8872CA17-C10D-43B9-8393-5C5A57065EB0} = {FA7BE306-A3B0-45FA-9D87-0C69E6932C13}
		{31183026-DE70-49CB-BC7C-0DFD0A088F62} = {FA7BE306-A3B0-45FA-9D87-0C69E6932C13}
		{A50C198C-DA6E-4081-BC53-0F44D287F207} = {FA7BE306-A3B0-45FA-9D87-0C69E6932C13}
		{C0D6DEE5-5532-4345-9C66-4C00D7FDB8BE} = {FA7BE306-A3B0-45FA-9D87-0C69E6932C13}
		{F1541C2D-80A9-4FE7-8D9E-75A8B9FF3479} = {FA7BE306-A3B0-45FA-9D87-0C69E6932C13}
		{0893F745-CB1A-427A-8E87-CA927273039A} = {D114C59C-CF66-4CC2-980F-9301FB4EA4E1}
	EndGlobalSection
	GlobalSection(ExtensibilityGlobals) = postSolution
		SolutionGuid = {0783ABDB-2174-4C9D-9BD6-079718E64543}
	EndGlobalSection
EndGlobal
