
Microsoft Visual Studio Solution File, Format Version 11.00
# Visual Studio 2010
Project("{FAE04EC0-301F-11D3-BF4B-00C04F79EFBC}") = "DynamoCoreMono", "DynamoCore\DynamoCoreMono.csproj", "{3AADBFD0-4711-49E9-99DF-6A40FD23B305}"
EndProject
Project("{FAE04EC0-301F-11D3-BF4B-00C04F79EFBC}") = "DynamoCoreMonoSandbox", "DynamoCoreMonoSandbox\DynamoCoreMonoSandbox.csproj", "{658B0A2C-2463-487A-B33C-E6F5476819C2}"
EndProject
Global
	GlobalSection(SolutionConfigurationPlatforms) = preSolution
		Debug|x86 = Debug|x86
		Release|x86 = Release|x86
	EndGlobalSection
	GlobalSection(ProjectConfigurationPlatforms) = postSolution
		{3AADBFD0-4711-49E9-99DF-6A40FD23B305}.Debug|x86.ActiveCfg = Debug|x86
		{3AADBFD0-4711-49E9-99DF-6A40FD23B305}.Debug|x86.Build.0 = Debug|x86
		{3AADBFD0-4711-49E9-99DF-6A40FD23B305}.Release|x86.ActiveCfg = Release|x86
		{3AADBFD0-4711-49E9-99DF-6A40FD23B305}.Release|x86.Build.0 = Release|x86
		{658B0A2C-2463-487A-B33C-E6F5476819C2}.Debug|x86.ActiveCfg = Debug|x86
		{658B0A2C-2463-487A-B33C-E6F5476819C2}.Debug|x86.Build.0 = Debug|x86
		{658B0A2C-2463-487A-B33C-E6F5476819C2}.Release|x86.ActiveCfg = Release|x86
		{658B0A2C-2463-487A-B33C-E6F5476819C2}.Release|x86.Build.0 = Release|x86
	EndGlobalSection
	GlobalSection(MonoDevelopProperties) = preSolution
		StartupItem = Dynamo\DynamoCoreMono.csproj
	EndGlobalSection
EndGlobal
