
Microsoft Visual Studio Solution File, Format Version 12.00
# Visual Studio 2013
VisualStudioVersion = 12.0.30723.0
MinimumVisualStudioVersion = 10.0.40219.1
Project("{FAE04EC0-301F-11D3-BF4B-00C04F79EFBC}") = "DynamoRevit", "DynamoRevit\DynamoRevit.csproj", "{FD56AE51-739E-4893-8DE4-925D60C7097C}"
	ProjectSection(ProjectDependencies) = postProject
		{133FC760-5699-46D9-BEA6-E816B5F01016} = {133FC760-5699-46D9-BEA6-E816B5F01016}
	EndProjectSection
EndProject
Project("{2150E333-8FDC-42A3-9474-1A3956D46DE8}") = "Libraries", "Libraries", "{FA7BE306-A3B0-45FA-9D87-0C69E6932C13}"
EndProject
Project("{FAE04EC0-301F-11D3-BF4B-00C04F79EFBC}") = "RevitNodes", "Libraries\RevitNodes\RevitNodes.csproj", "{0BC2A611-BD0E-4FCC-A1DE-81F14ED369B2}"
EndProject
Project("{FAE04EC0-301F-11D3-BF4B-00C04F79EFBC}") = "RevitNodesUI", "Libraries\RevitNodesUI\RevitNodesUI.csproj", "{75940ACC-3708-4526-8D91-7E3365BAF682}"
EndProject
Project("{FAE04EC0-301F-11D3-BF4B-00C04F79EFBC}") = "RevitServices", "Libraries\RevitServices\RevitServices.csproj", "{E4701F9E-41AB-4044-8166-85D924FEB632}"
EndProject
Project("{2150E333-8FDC-42A3-9474-1A3956D46DE8}") = "Tests", "Tests", "{F4D44BC0-32CF-4E58-AD2A-F19CE1450B00}"
EndProject
Project("{2150E333-8FDC-42A3-9474-1A3956D46DE8}") = "Libraries", "Libraries", "{0E492D35-2310-4849-9694-A2A53C09F21B}"
EndProject
Project("{FAE04EC0-301F-11D3-BF4B-00C04F79EFBC}") = "RevitNodesTests", "..\test\Libraries\RevitNodesTests\RevitNodesTests.csproj", "{9E79DC8D-25B1-491F-B094-EA39DE1BBC66}"
EndProject
Project("{FAE04EC0-301F-11D3-BF4B-00C04F79EFBC}") = "RevitServicesTests", "..\test\Libraries\RevitServicesTests\RevitServicesTests.csproj", "{AD0499ED-50D3-46F4-9FC9-3F71D88C4870}"
EndProject
Project("{FAE04EC0-301F-11D3-BF4B-00C04F79EFBC}") = "Migrations", "Libraries\Migrations\Migrations.csproj", "{06B9E5B0-7C50-4351-9D88-E159DC25755F}"
EndProject
Project("{2150E333-8FDC-42A3-9474-1A3956D46DE8}") = "Legacy", "Legacy", "{398542E6-659A-48C8-86EB-33164D227C90}"
EndProject
Project("{FAE04EC0-301F-11D3-BF4B-00C04F79EFBC}") = "DynamoRevitVersionSelector", "Legacy\DynamoRevitVersionSelector\DynamoRevitVersionSelector.csproj", "{53D05530-CF64-4883-8F86-B2B819934F83}"
EndProject
Project("{FAE04EC0-301F-11D3-BF4B-00C04F79EFBC}") = "RevitTestServices", "..\test\Libraries\RevitTestServices\RevitTestServices.csproj", "{589F14D7-2937-479C-834A-D44197CB1930}"
	ProjectSection(ProjectDependencies) = postProject
		{133FC760-5699-46D9-BEA6-E816B5F01016} = {133FC760-5699-46D9-BEA6-E816B5F01016}
	EndProjectSection
EndProject
Project("{FAE04EC0-301F-11D3-BF4B-00C04F79EFBC}") = "AssemblyInfoGenerator", "AssemblySharedInfoGenerator\AssemblyInfoGenerator.csproj", "{133FC760-5699-46D9-BEA6-E816B5F01016}"
EndProject
Project("{FAE04EC0-301F-11D3-BF4B-00C04F79EFBC}") = "RevitSystemTests", "..\test\Libraries\RevitIntegrationTests\RevitSystemTests.csproj", "{9ADADC68-36A3-4A21-9B54-298154A88720}"
EndProject
Project("{2150E333-8FDC-42A3-9474-1A3956D46DE8}") = "Solution Items", "Solution Items", "{4466E6F6-F644-43AB-96B3-5ECE1622E711}"
	ProjectSection(SolutionItems) = preProject
		Config.xml = Config.xml
	EndProjectSection
EndProject
Global
	GlobalSection(SolutionConfigurationPlatforms) = preSolution
		Debug|Any CPU = Debug|Any CPU
		Release|Any CPU = Release|Any CPU
	EndGlobalSection
	GlobalSection(ProjectConfigurationPlatforms) = postSolution
		{FD56AE51-739E-4893-8DE4-925D60C7097C}.Debug|Any CPU.ActiveCfg = Debug|Any CPU
		{FD56AE51-739E-4893-8DE4-925D60C7097C}.Debug|Any CPU.Build.0 = Debug|Any CPU
		{FD56AE51-739E-4893-8DE4-925D60C7097C}.Release|Any CPU.ActiveCfg = Release|Any CPU
		{FD56AE51-739E-4893-8DE4-925D60C7097C}.Release|Any CPU.Build.0 = Release|Any CPU
		{0BC2A611-BD0E-4FCC-A1DE-81F14ED369B2}.Debug|Any CPU.ActiveCfg = Debug|Any CPU
		{0BC2A611-BD0E-4FCC-A1DE-81F14ED369B2}.Debug|Any CPU.Build.0 = Debug|Any CPU
		{0BC2A611-BD0E-4FCC-A1DE-81F14ED369B2}.Release|Any CPU.ActiveCfg = Release|Any CPU
		{0BC2A611-BD0E-4FCC-A1DE-81F14ED369B2}.Release|Any CPU.Build.0 = Release|Any CPU
		{75940ACC-3708-4526-8D91-7E3365BAF682}.Debug|Any CPU.ActiveCfg = Debug|Any CPU
		{75940ACC-3708-4526-8D91-7E3365BAF682}.Debug|Any CPU.Build.0 = Debug|Any CPU
		{75940ACC-3708-4526-8D91-7E3365BAF682}.Release|Any CPU.ActiveCfg = Release|Any CPU
		{75940ACC-3708-4526-8D91-7E3365BAF682}.Release|Any CPU.Build.0 = Release|Any CPU
		{E4701F9E-41AB-4044-8166-85D924FEB632}.Debug|Any CPU.ActiveCfg = Debug|Any CPU
		{E4701F9E-41AB-4044-8166-85D924FEB632}.Debug|Any CPU.Build.0 = Debug|Any CPU
		{E4701F9E-41AB-4044-8166-85D924FEB632}.Release|Any CPU.ActiveCfg = Release|Any CPU
		{E4701F9E-41AB-4044-8166-85D924FEB632}.Release|Any CPU.Build.0 = Release|Any CPU
		{9E79DC8D-25B1-491F-B094-EA39DE1BBC66}.Debug|Any CPU.ActiveCfg = Debug|Any CPU
		{9E79DC8D-25B1-491F-B094-EA39DE1BBC66}.Debug|Any CPU.Build.0 = Debug|Any CPU
		{9E79DC8D-25B1-491F-B094-EA39DE1BBC66}.Release|Any CPU.ActiveCfg = Release|Any CPU
		{9E79DC8D-25B1-491F-B094-EA39DE1BBC66}.Release|Any CPU.Build.0 = Release|Any CPU
		{AD0499ED-50D3-46F4-9FC9-3F71D88C4870}.Debug|Any CPU.ActiveCfg = Debug|Any CPU
		{AD0499ED-50D3-46F4-9FC9-3F71D88C4870}.Debug|Any CPU.Build.0 = Debug|Any CPU
		{AD0499ED-50D3-46F4-9FC9-3F71D88C4870}.Release|Any CPU.ActiveCfg = Release|Any CPU
		{AD0499ED-50D3-46F4-9FC9-3F71D88C4870}.Release|Any CPU.Build.0 = Release|Any CPU
		{06B9E5B0-7C50-4351-9D88-E159DC25755F}.Debug|Any CPU.ActiveCfg = Debug|Any CPU
		{06B9E5B0-7C50-4351-9D88-E159DC25755F}.Debug|Any CPU.Build.0 = Debug|Any CPU
		{06B9E5B0-7C50-4351-9D88-E159DC25755F}.Release|Any CPU.ActiveCfg = Release|Any CPU
		{06B9E5B0-7C50-4351-9D88-E159DC25755F}.Release|Any CPU.Build.0 = Release|Any CPU
		{53D05530-CF64-4883-8F86-B2B819934F83}.Debug|Any CPU.ActiveCfg = Debug|Any CPU
		{53D05530-CF64-4883-8F86-B2B819934F83}.Debug|Any CPU.Build.0 = Debug|Any CPU
		{53D05530-CF64-4883-8F86-B2B819934F83}.Release|Any CPU.ActiveCfg = Release|Any CPU
		{53D05530-CF64-4883-8F86-B2B819934F83}.Release|Any CPU.Build.0 = Release|Any CPU
		{589F14D7-2937-479C-834A-D44197CB1930}.Debug|Any CPU.ActiveCfg = Debug|Any CPU
		{589F14D7-2937-479C-834A-D44197CB1930}.Debug|Any CPU.Build.0 = Debug|Any CPU
		{589F14D7-2937-479C-834A-D44197CB1930}.Release|Any CPU.ActiveCfg = Release|Any CPU
		{589F14D7-2937-479C-834A-D44197CB1930}.Release|Any CPU.Build.0 = Release|Any CPU
		{133FC760-5699-46D9-BEA6-E816B5F01016}.Debug|Any CPU.ActiveCfg = Debug|Any CPU
		{133FC760-5699-46D9-BEA6-E816B5F01016}.Debug|Any CPU.Build.0 = Debug|Any CPU
		{133FC760-5699-46D9-BEA6-E816B5F01016}.Release|Any CPU.ActiveCfg = Release|Any CPU
		{133FC760-5699-46D9-BEA6-E816B5F01016}.Release|Any CPU.Build.0 = Release|Any CPU
		{9ADADC68-36A3-4A21-9B54-298154A88720}.Debug|Any CPU.ActiveCfg = Debug|Any CPU
		{9ADADC68-36A3-4A21-9B54-298154A88720}.Debug|Any CPU.Build.0 = Debug|Any CPU
		{9ADADC68-36A3-4A21-9B54-298154A88720}.Release|Any CPU.ActiveCfg = Release|Any CPU
		{9ADADC68-36A3-4A21-9B54-298154A88720}.Release|Any CPU.Build.0 = Release|Any CPU
	EndGlobalSection
	GlobalSection(SolutionProperties) = preSolution
		HideSolutionNode = FALSE
	EndGlobalSection
	GlobalSection(NestedProjects) = preSolution
		{06B9E5B0-7C50-4351-9D88-E159DC25755F} = {FA7BE306-A3B0-45FA-9D87-0C69E6932C13}
		{398542E6-659A-48C8-86EB-33164D227C90} = {FA7BE306-A3B0-45FA-9D87-0C69E6932C13}
		{0BC2A611-BD0E-4FCC-A1DE-81F14ED369B2} = {FA7BE306-A3B0-45FA-9D87-0C69E6932C13}
		{75940ACC-3708-4526-8D91-7E3365BAF682} = {FA7BE306-A3B0-45FA-9D87-0C69E6932C13}
		{E4701F9E-41AB-4044-8166-85D924FEB632} = {FA7BE306-A3B0-45FA-9D87-0C69E6932C13}
		{0E492D35-2310-4849-9694-A2A53C09F21B} = {F4D44BC0-32CF-4E58-AD2A-F19CE1450B00}
		{9E79DC8D-25B1-491F-B094-EA39DE1BBC66} = {0E492D35-2310-4849-9694-A2A53C09F21B}
		{AD0499ED-50D3-46F4-9FC9-3F71D88C4870} = {0E492D35-2310-4849-9694-A2A53C09F21B}
		{9ADADC68-36A3-4A21-9B54-298154A88720} = {0E492D35-2310-4849-9694-A2A53C09F21B}
		{589F14D7-2937-479C-834A-D44197CB1930} = {0E492D35-2310-4849-9694-A2A53C09F21B}
		{53D05530-CF64-4883-8F86-B2B819934F83} = {398542E6-659A-48C8-86EB-33164D227C90}
	EndGlobalSection
EndGlobal
