
Microsoft Visual Studio Solution File, Format Version 12.00
# Visual Studio Version 17
VisualStudioVersion = 17.3.32901.215
MinimumVisualStudioVersion = 10.0.40219.1
Project("{9A19103F-16F7-4668-BE54-9A1E7A4F7556}") = "DynamoCore", "DynamoCore\DynamoCore.csproj", "{7858FA8C-475F-4B8E-B468-1F8200778CF8}"
	ProjectSection(ProjectDependencies) = postProject
		{133FC760-5699-46D9-BEA6-E816B5F01016} = {133FC760-5699-46D9-BEA6-E816B5F01016}
	EndProjectSection
EndProject
Project("{2150E333-8FDC-42A3-9474-1A3956D46DE8}") = "Engine", "Engine", "{A6533823-A64A-441C-B7A2-7B2772F87002}"
EndProject
Project("{9A19103F-16F7-4668-BE54-9A1E7A4F7556}") = "ProtoAssociative", "Engine\ProtoAssociative\ProtoAssociative.csproj", "{7318D5E5-9D15-4ABE-8A51-92F58D4F0B85}"
EndProject
Project("{9A19103F-16F7-4668-BE54-9A1E7A4F7556}") = "ProtoCore", "Engine\ProtoCore\ProtoCore.csproj", "{7A9E0314-966F-4584-BAA3-7339CBB849D1}"
	ProjectSection(ProjectDependencies) = postProject
		{133FC760-5699-46D9-BEA6-E816B5F01016} = {133FC760-5699-46D9-BEA6-E816B5F01016}
	EndProjectSection
EndProject
Project("{9A19103F-16F7-4668-BE54-9A1E7A4F7556}") = "ProtoImperative", "Engine\ProtoImperative\ProtoImperative.csproj", "{0D3D43DC-BD7E-46F0-93F7-1C6A6CC79948}"
EndProject
Project("{9A19103F-16F7-4668-BE54-9A1E7A4F7556}") = "ProtoScript", "Engine\ProtoScript\ProtoScript.csproj", "{A4794476-7D0E-41C0-AD83-4AB929C0A46C}"
EndProject
Project("{2150E333-8FDC-42A3-9474-1A3956D46DE8}") = "Libraries", "Libraries", "{FA7BE306-A3B0-45FA-9D87-0C69E6932C13}"
EndProject
Project("{9A19103F-16F7-4668-BE54-9A1E7A4F7556}") = "CoreNodes", "Libraries\CoreNodes\CoreNodes.csproj", "{87550B2B-6CB8-461E-8965-DFAFE3AAFB5C}"
	ProjectSection(ProjectDependencies) = postProject
		{133FC760-5699-46D9-BEA6-E816B5F01016} = {133FC760-5699-46D9-BEA6-E816B5F01016}
	EndProjectSection
EndProject
Project("{9A19103F-16F7-4668-BE54-9A1E7A4F7556}") = "CoreNodeModels", "Libraries\CoreNodeModels\CoreNodeModels.csproj", "{D8262D40-4880-41E4-91E4-AF8F480C8637}"
	ProjectSection(ProjectDependencies) = postProject
		{C5ADC05B-34E8-47BF-8E78-9C7BF96418C2} = {C5ADC05B-34E8-47BF-8E78-9C7BF96418C2}
	EndProjectSection
EndProject
Project("{9A19103F-16F7-4668-BE54-9A1E7A4F7556}") = "DynamoServices", "NodeServices\DynamoServices.csproj", "{EF879A10-041D-4C68-83E7-3192685F1BAE}"
	ProjectSection(ProjectDependencies) = postProject
		{133FC760-5699-46D9-BEA6-E816B5F01016} = {133FC760-5699-46D9-BEA6-E816B5F01016}
	EndProjectSection
EndProject
Project("{9A19103F-16F7-4668-BE54-9A1E7A4F7556}") = "DynamoUtilities", "DynamoUtilities\DynamoUtilities.csproj", "{B5F435CB-0D8A-40B1-A4F7-5ECB3CE792A9}"
	ProjectSection(ProjectDependencies) = postProject
		{133FC760-5699-46D9-BEA6-E816B5F01016} = {133FC760-5699-46D9-BEA6-E816B5F01016}
	EndProjectSection
EndProject
Project("{9A19103F-16F7-4668-BE54-9A1E7A4F7556}") = "UnitsCore", "Libraries\DynamoUnits\UnitsCore.csproj", "{6E0A079E-85F1-45A1-AD5B-9855E4344809}"
	ProjectSection(ProjectDependencies) = postProject
		{133FC760-5699-46D9-BEA6-E816B5F01016} = {133FC760-5699-46D9-BEA6-E816B5F01016}
	EndProjectSection
EndProject
Project("{9A19103F-16F7-4668-BE54-9A1E7A4F7556}") = "GraphLayout", "Engine\GraphLayout\GraphLayout.csproj", "{C2595B04-856D-40AE-8B99-4804C7A70708}"
EndProject
Project("{9A19103F-16F7-4668-BE54-9A1E7A4F7556}") = "VMDataBridge", "Libraries\VMDataBridge\VMDataBridge.csproj", "{CCB6E56B-2DA1-4EBA-A1F9-E8510E129D12}"
	ProjectSection(ProjectDependencies) = postProject
		{133FC760-5699-46D9-BEA6-E816B5F01016} = {133FC760-5699-46D9-BEA6-E816B5F01016}
	EndProjectSection
EndProject
Project("{2150E333-8FDC-42A3-9474-1A3956D46DE8}") = "Tools", "Tools", "{D114C59C-CF66-4CC2-980F-9301FB4EA4E1}"
EndProject
Project("{9A19103F-16F7-4668-BE54-9A1E7A4F7556}") = "DynamoConversions", "Libraries\DynamoConversions\DynamoConversions.csproj", "{C5ADC05B-34E8-47BF-8E78-9C7BF96418C2}"
EndProject
Project("{9A19103F-16F7-4668-BE54-9A1E7A4F7556}") = "DynamoShapeManager", "Tools\DynamoShapeManager\DynamoShapeManager.csproj", "{263FA9C1-F81E-4A8E-95E0-8CDAE20F177B}"
EndProject
Project("{9A19103F-16F7-4668-BE54-9A1E7A4F7556}") = "DynamoInstallDetective", "Tools\DynamoInstallDetective\DynamoInstallDetective.csproj", "{98692887-B389-4F73-A71A-9FC516738DAB}"
EndProject
Project("{9A19103F-16F7-4668-BE54-9A1E7A4F7556}") = "DynamoCLI", "DynamoCLI\DynamoCLI.csproj", "{5F9AE581-6781-4A4C-A262-1B06CD27208B}"
EndProject
Project("{9A19103F-16F7-4668-BE54-9A1E7A4F7556}") = "DynamoApplications", "DynamoApplications\DynamoApplications.csproj", "{AA782772-FE61-4226-BAA4-EB529FA1646B}"
EndProject
Project("{9A19103F-16F7-4668-BE54-9A1E7A4F7556}") = "DynamoPackages", "DynamoPackages\DynamoPackages.csproj", "{47533B7C-0E1A-44A4-8511-B438645F052A}"
EndProject
Project("{9A19103F-16F7-4668-BE54-9A1E7A4F7556}") = "DesignScriptBuiltin", "Libraries\DesignScriptBuiltin\DesignScriptBuiltin.csproj", "{C0D6DEE5-5532-4345-9C66-4C00D7FDB8BE}"
EndProject
Project("{2150E333-8FDC-42A3-9474-1A3956D46DE8}") = "Extensions", "Extensions", "{88D45B00-E564-41DB-B57C-9509646CAA49}"
EndProject
Project("{9A19103F-16F7-4668-BE54-9A1E7A4F7556}") = "AssemblyInfoGenerator", "AssemblySharedInfoGenerator\AssemblyInfoGenerator.csproj", "{133FC760-5699-46D9-BEA6-E816B5F01016}"
EndProject
Project("{9A19103F-16F7-4668-BE54-9A1E7A4F7556}") = "DynamoFeatureFlags", "Tools\DynamoFeatureFlags\DynamoFeatureFlags.csproj", "{94CF053D-BB66-4FC7-883B-48F072701BA9}"
EndProject
Project("{9A19103F-16F7-4668-BE54-9A1E7A4F7556}") = "Analysis", "Libraries\Analysis\Analysis.csproj", "{76686ED6-E759-4772-81C2-768740BE13FA}"
EndProject
Project("{9A19103F-16F7-4668-BE54-9A1E7A4F7556}") = "DSCPython", "Libraries\DSCPython\DSCPython.csproj", "{F1541C2D-80A9-4FE7-8D9E-75A8B9FF3479}"
EndProject
Project("{9A19103F-16F7-4668-BE54-9A1E7A4F7556}") = "GeometryColor", "Libraries\GeometryColor\GeometryColor.csproj", "{A50C198C-DA6E-4081-BC53-0F44D287F207}"
EndProject
Project("{9A19103F-16F7-4668-BE54-9A1E7A4F7556}") = "GeometryUI", "Libraries\GeometryUI\GeometryUI.csproj", "{E674F1A1-BE83-475A-9CC9-F55CADBEC448}"
EndProject
Project("{9A19103F-16F7-4668-BE54-9A1E7A4F7556}") = "PythonNodeModels", "Libraries\PythonNodeModels\PythonNodeModels.csproj", "{8872CA17-C10D-43B9-8393-5C5A57065EB0}"
EndProject
Project("{9A19103F-16F7-4668-BE54-9A1E7A4F7556}") = "Tessellation", "Libraries\Tesellation\Tessellation.csproj", "{D6279651-D099-4F8D-A319-5BF12ED9F269}"
EndProject
Project("{9A19103F-16F7-4668-BE54-9A1E7A4F7556}") = "Watch3DNodeModels", "Libraries\Watch3DNodeModels\Watch3DNodeModels.csproj", "{31183026-DE70-49CB-BC7C-0DFD0A088F62}"
EndProject
Project("{9A19103F-16F7-4668-BE54-9A1E7A4F7556}") = "Migrations", "Migrations\Migrations.csproj", "{06B9E5B0-7C50-4351-9D88-E159DC25755F}"
EndProject
Project("{2150E333-8FDC-42A3-9474-1A3956D46DE8}") = "Tests", "Tests", "{5B9B5B6B-0BA7-4606-B8E5-70C958346D57}"
EndProject
Project("{9A19103F-16F7-4668-BE54-9A1E7A4F7556}") = "TestServices", "..\test\Libraries\TestServices\TestServices.csproj", "{6CD0F0CF-8199-49F9-B0EA-0B9598B44419}"
EndProject
Project("{9A19103F-16F7-4668-BE54-9A1E7A4F7556}") = "DynamoCoreTests", "..\test\DynamoCoreTests\DynamoCoreTests.csproj", "{472084ED-1067-4B2C-8737-3839A6143EB2}"
EndProject
Project("{9A19103F-16F7-4668-BE54-9A1E7A4F7556}") = "FFITarget", "..\test\Engine\FFITarget\FFITarget.csproj", "{C70FE632-5500-4C57-B3D6-9B5574137551}"
EndProject
Project("{9A19103F-16F7-4668-BE54-9A1E7A4F7556}") = "ProtoTestFx", "..\test\Engine\ProtoTestFx\ProtoTestFx.csproj", "{2235F7CA-AB25-4177-92BC-4B574D2D5DF6}"
EndProject
Project("{9A19103F-16F7-4668-BE54-9A1E7A4F7556}") = "ProtoTest", "..\test\Engine\ProtoTest\ProtoTest.csproj", "{6E1177DB-5E4F-4E2E-82E7-902437E56AED}"
EndProject
Project("{9A19103F-16F7-4668-BE54-9A1E7A4F7556}") = "ProtoTestConsoleRunner", "..\test\Engine\ProtoTestConsoleRunner\ProtoTestConsoleRunner.csproj", "{672BF8EC-1116-49F6-B253-DFCE5CF7D4C9}"
EndProject
Project("{2150E333-8FDC-42A3-9474-1A3956D46DE8}") = "Engine", "Engine", "{9739B26B-F223-458C-88AA-88D11E025EA0}"
EndProject
Project("{2150E333-8FDC-42A3-9474-1A3956D46DE8}") = "Libraries", "Libraries", "{9CE88661-B9BD-4587-962A-AE0648B34EDA}"
EndProject
Project("{9A19103F-16F7-4668-BE54-9A1E7A4F7556}") = "AnalysisTests", "..\test\Libraries\AnalysisTests\AnalysisTests.csproj", "{4A707244-154B-428F-B589-D65361F24401}"
EndProject
Project("{9A19103F-16F7-4668-BE54-9A1E7A4F7556}") = "DynamoUtilitiesTests", "..\test\Libraries\DynamoUtilitiesTests\DynamoUtilitiesTests.csproj", "{AB735028-22B0-4083-9CC5-805C582818EA}"
EndProject
Project("{9A19103F-16F7-4668-BE54-9A1E7A4F7556}") = "GeometryColorTests", "..\test\Libraries\GeometryColorTests\GeometryColorTests.csproj", "{F8D2E3E5-4505-4463-9367-2EB2629D7DCD}"
EndProject
Project("{9A19103F-16F7-4668-BE54-9A1E7A4F7556}") = "UnitsNodeModels", "Libraries\UnitsNodeModels\UnitsNodeModels.csproj", "{61169E56-DED9-464F-B800-AE31AEC1F750}"
EndProject
Project("{9A19103F-16F7-4668-BE54-9A1E7A4F7556}") = "DSOffice", "Libraries\DSOffice\DSOffice.csproj", "{6CC1E399-B5A5-4FA2-A98C-5D8B2BA280A1}"
EndProject
Project("{9A19103F-16F7-4668-BE54-9A1E7A4F7556}") = "DSOfficeUtilities", "Libraries\DSOfficeUtilities\DSOfficeUtilities.csproj", "{9B4FDC96-E2F9-4B8F-894A-4294405D50E7}"
EndProject
Project("{9A19103F-16F7-4668-BE54-9A1E7A4F7556}") = "DynamoMLDataPipeline", "DynamoMLDataPipeline\DynamoMLDataPipeline.csproj", "{5DF79F45-5F2C-41C1-BACC-890AE514CDA8}"
EndProject
Global
	GlobalSection(SolutionConfigurationPlatforms) = preSolution
		Debug|NET60_Linux = Debug|NET60_Linux
		Debug|Any CPU = Debug|Any CPU
		Release|NET60_Linux = Release|NET60_Linux
		Release|Any CPU = Release|Any CPU
	EndGlobalSection
	GlobalSection(ProjectConfigurationPlatforms) = postSolution
		{7858FA8C-475F-4B8E-B468-1F8200778CF8}.Debug|NET60_Linux.ActiveCfg = Debug|NET60_Linux
		{7858FA8C-475F-4B8E-B468-1F8200778CF8}.Debug|NET60_Linux.Build.0 = Debug|NET60_Linux
		{7858FA8C-475F-4B8E-B468-1F8200778CF8}.Debug|Any CPU.ActiveCfg = Debug|Any CPU
		{7858FA8C-475F-4B8E-B468-1F8200778CF8}.Debug|Any CPU.Build.0 = Debug|Any CPU
		{7858FA8C-475F-4B8E-B468-1F8200778CF8}.Release|NET60_Linux.ActiveCfg = Release|NET60_Linux
		{7858FA8C-475F-4B8E-B468-1F8200778CF8}.Release|NET60_Linux.Build.0 = Release|NET60_Linux
		{7858FA8C-475F-4B8E-B468-1F8200778CF8}.Release|Any CPU.ActiveCfg = Release|Any CPU
		{7858FA8C-475F-4B8E-B468-1F8200778CF8}.Release|Any CPU.Build.0 = Release|Any CPU
		{7318D5E5-9D15-4ABE-8A51-92F58D4F0B85}.Debug|NET60_Linux.ActiveCfg = Debug|NET60_Linux
		{7318D5E5-9D15-4ABE-8A51-92F58D4F0B85}.Debug|NET60_Linux.Build.0 = Debug|NET60_Linux
		{7318D5E5-9D15-4ABE-8A51-92F58D4F0B85}.Debug|Any CPU.ActiveCfg = Debug|Any CPU
		{7318D5E5-9D15-4ABE-8A51-92F58D4F0B85}.Debug|Any CPU.Build.0 = Debug|Any CPU
		{7318D5E5-9D15-4ABE-8A51-92F58D4F0B85}.Release|NET60_Linux.ActiveCfg = Release|NET60_Linux
		{7318D5E5-9D15-4ABE-8A51-92F58D4F0B85}.Release|NET60_Linux.Build.0 = Release|NET60_Linux
		{7318D5E5-9D15-4ABE-8A51-92F58D4F0B85}.Release|Any CPU.ActiveCfg = Release|Any CPU
		{7318D5E5-9D15-4ABE-8A51-92F58D4F0B85}.Release|Any CPU.Build.0 = Release|Any CPU
		{7A9E0314-966F-4584-BAA3-7339CBB849D1}.Debug|NET60_Linux.ActiveCfg = Debug|NET60_Linux
		{7A9E0314-966F-4584-BAA3-7339CBB849D1}.Debug|NET60_Linux.Build.0 = Debug|NET60_Linux
		{7A9E0314-966F-4584-BAA3-7339CBB849D1}.Debug|Any CPU.ActiveCfg = Debug|Any CPU
		{7A9E0314-966F-4584-BAA3-7339CBB849D1}.Debug|Any CPU.Build.0 = Debug|Any CPU
		{7A9E0314-966F-4584-BAA3-7339CBB849D1}.Release|NET60_Linux.ActiveCfg = Release|NET60_Linux
		{7A9E0314-966F-4584-BAA3-7339CBB849D1}.Release|NET60_Linux.Build.0 = Release|NET60_Linux
		{7A9E0314-966F-4584-BAA3-7339CBB849D1}.Release|Any CPU.ActiveCfg = Release|Any CPU
		{7A9E0314-966F-4584-BAA3-7339CBB849D1}.Release|Any CPU.Build.0 = Release|Any CPU
		{0D3D43DC-BD7E-46F0-93F7-1C6A6CC79948}.Debug|NET60_Linux.ActiveCfg = Debug|NET60_Linux
		{0D3D43DC-BD7E-46F0-93F7-1C6A6CC79948}.Debug|NET60_Linux.Build.0 = Debug|NET60_Linux
		{0D3D43DC-BD7E-46F0-93F7-1C6A6CC79948}.Debug|Any CPU.ActiveCfg = Debug|Any CPU
		{0D3D43DC-BD7E-46F0-93F7-1C6A6CC79948}.Debug|Any CPU.Build.0 = Debug|Any CPU
		{0D3D43DC-BD7E-46F0-93F7-1C6A6CC79948}.Release|NET60_Linux.ActiveCfg = Release|NET60_Linux
		{0D3D43DC-BD7E-46F0-93F7-1C6A6CC79948}.Release|NET60_Linux.Build.0 = Release|NET60_Linux
		{0D3D43DC-BD7E-46F0-93F7-1C6A6CC79948}.Release|Any CPU.ActiveCfg = Release|Any CPU
		{0D3D43DC-BD7E-46F0-93F7-1C6A6CC79948}.Release|Any CPU.Build.0 = Release|Any CPU
		{A4794476-7D0E-41C0-AD83-4AB929C0A46C}.Debug|NET60_Linux.ActiveCfg = Debug|NET60_Linux
		{A4794476-7D0E-41C0-AD83-4AB929C0A46C}.Debug|NET60_Linux.Build.0 = Debug|NET60_Linux
		{A4794476-7D0E-41C0-AD83-4AB929C0A46C}.Debug|Any CPU.ActiveCfg = Debug|Any CPU
		{A4794476-7D0E-41C0-AD83-4AB929C0A46C}.Debug|Any CPU.Build.0 = Debug|Any CPU
		{A4794476-7D0E-41C0-AD83-4AB929C0A46C}.Release|NET60_Linux.ActiveCfg = Release|NET60_Linux
		{A4794476-7D0E-41C0-AD83-4AB929C0A46C}.Release|NET60_Linux.Build.0 = Release|NET60_Linux
		{A4794476-7D0E-41C0-AD83-4AB929C0A46C}.Release|Any CPU.ActiveCfg = Release|Any CPU
		{A4794476-7D0E-41C0-AD83-4AB929C0A46C}.Release|Any CPU.Build.0 = Release|Any CPU
		{87550B2B-6CB8-461E-8965-DFAFE3AAFB5C}.Debug|NET60_Linux.ActiveCfg = Debug|NET60_Linux
		{87550B2B-6CB8-461E-8965-DFAFE3AAFB5C}.Debug|NET60_Linux.Build.0 = Debug|NET60_Linux
		{87550B2B-6CB8-461E-8965-DFAFE3AAFB5C}.Debug|Any CPU.ActiveCfg = Debug|Any CPU
		{87550B2B-6CB8-461E-8965-DFAFE3AAFB5C}.Debug|Any CPU.Build.0 = Debug|Any CPU
		{87550B2B-6CB8-461E-8965-DFAFE3AAFB5C}.Release|NET60_Linux.ActiveCfg = Release|NET60_Linux
		{87550B2B-6CB8-461E-8965-DFAFE3AAFB5C}.Release|NET60_Linux.Build.0 = Release|NET60_Linux
		{87550B2B-6CB8-461E-8965-DFAFE3AAFB5C}.Release|Any CPU.ActiveCfg = Release|Any CPU
		{87550B2B-6CB8-461E-8965-DFAFE3AAFB5C}.Release|Any CPU.Build.0 = Release|Any CPU
		{D8262D40-4880-41E4-91E4-AF8F480C8637}.Debug|NET60_Linux.ActiveCfg = Debug|NET60_Linux
		{D8262D40-4880-41E4-91E4-AF8F480C8637}.Debug|NET60_Linux.Build.0 = Debug|NET60_Linux
		{D8262D40-4880-41E4-91E4-AF8F480C8637}.Debug|Any CPU.ActiveCfg = Debug|Any CPU
		{D8262D40-4880-41E4-91E4-AF8F480C8637}.Debug|Any CPU.Build.0 = Debug|Any CPU
		{D8262D40-4880-41E4-91E4-AF8F480C8637}.Release|NET60_Linux.ActiveCfg = Release|NET60_Linux
		{D8262D40-4880-41E4-91E4-AF8F480C8637}.Release|NET60_Linux.Build.0 = Release|NET60_Linux
		{D8262D40-4880-41E4-91E4-AF8F480C8637}.Release|Any CPU.ActiveCfg = Release|Any CPU
		{D8262D40-4880-41E4-91E4-AF8F480C8637}.Release|Any CPU.Build.0 = Release|Any CPU
		{EF879A10-041D-4C68-83E7-3192685F1BAE}.Debug|NET60_Linux.ActiveCfg = Debug|NET60_Linux
		{EF879A10-041D-4C68-83E7-3192685F1BAE}.Debug|NET60_Linux.Build.0 = Debug|NET60_Linux
		{EF879A10-041D-4C68-83E7-3192685F1BAE}.Debug|Any CPU.ActiveCfg = Debug|Any CPU
		{EF879A10-041D-4C68-83E7-3192685F1BAE}.Debug|Any CPU.Build.0 = Debug|Any CPU
		{EF879A10-041D-4C68-83E7-3192685F1BAE}.Release|NET60_Linux.ActiveCfg = Release|NET60_Linux
		{EF879A10-041D-4C68-83E7-3192685F1BAE}.Release|NET60_Linux.Build.0 = Release|NET60_Linux
		{EF879A10-041D-4C68-83E7-3192685F1BAE}.Release|Any CPU.ActiveCfg = Release|Any CPU
		{EF879A10-041D-4C68-83E7-3192685F1BAE}.Release|Any CPU.Build.0 = Release|Any CPU
		{B5F435CB-0D8A-40B1-A4F7-5ECB3CE792A9}.Debug|NET60_Linux.ActiveCfg = Debug|NET60_Linux
		{B5F435CB-0D8A-40B1-A4F7-5ECB3CE792A9}.Debug|NET60_Linux.Build.0 = Debug|NET60_Linux
		{B5F435CB-0D8A-40B1-A4F7-5ECB3CE792A9}.Debug|Any CPU.ActiveCfg = Debug|Any CPU
		{B5F435CB-0D8A-40B1-A4F7-5ECB3CE792A9}.Debug|Any CPU.Build.0 = Debug|Any CPU
		{B5F435CB-0D8A-40B1-A4F7-5ECB3CE792A9}.Release|NET60_Linux.ActiveCfg = Release|NET60_Linux
		{B5F435CB-0D8A-40B1-A4F7-5ECB3CE792A9}.Release|NET60_Linux.Build.0 = Release|NET60_Linux
		{B5F435CB-0D8A-40B1-A4F7-5ECB3CE792A9}.Release|Any CPU.ActiveCfg = Release|Any CPU
		{B5F435CB-0D8A-40B1-A4F7-5ECB3CE792A9}.Release|Any CPU.Build.0 = Release|Any CPU
		{6E0A079E-85F1-45A1-AD5B-9855E4344809}.Debug|NET60_Linux.ActiveCfg = Debug|NET60_Linux
		{6E0A079E-85F1-45A1-AD5B-9855E4344809}.Debug|NET60_Linux.Build.0 = Debug|NET60_Linux
		{6E0A079E-85F1-45A1-AD5B-9855E4344809}.Debug|Any CPU.ActiveCfg = Debug|Any CPU
		{6E0A079E-85F1-45A1-AD5B-9855E4344809}.Debug|Any CPU.Build.0 = Debug|Any CPU
		{6E0A079E-85F1-45A1-AD5B-9855E4344809}.Release|NET60_Linux.ActiveCfg = Release|NET60_Linux
		{6E0A079E-85F1-45A1-AD5B-9855E4344809}.Release|NET60_Linux.Build.0 = Release|NET60_Linux
		{6E0A079E-85F1-45A1-AD5B-9855E4344809}.Release|Any CPU.ActiveCfg = Release|Any CPU
		{6E0A079E-85F1-45A1-AD5B-9855E4344809}.Release|Any CPU.Build.0 = Release|Any CPU
		{C2595B04-856D-40AE-8B99-4804C7A70708}.Debug|NET60_Linux.ActiveCfg = Debug|NET60_Linux
		{C2595B04-856D-40AE-8B99-4804C7A70708}.Debug|NET60_Linux.Build.0 = Debug|NET60_Linux
		{C2595B04-856D-40AE-8B99-4804C7A70708}.Debug|Any CPU.ActiveCfg = Debug|Any CPU
		{C2595B04-856D-40AE-8B99-4804C7A70708}.Debug|Any CPU.Build.0 = Debug|Any CPU
		{C2595B04-856D-40AE-8B99-4804C7A70708}.Release|NET60_Linux.ActiveCfg = Release|NET60_Linux
		{C2595B04-856D-40AE-8B99-4804C7A70708}.Release|NET60_Linux.Build.0 = Release|NET60_Linux
		{C2595B04-856D-40AE-8B99-4804C7A70708}.Release|Any CPU.ActiveCfg = Release|Any CPU
		{C2595B04-856D-40AE-8B99-4804C7A70708}.Release|Any CPU.Build.0 = Release|Any CPU
		{CCB6E56B-2DA1-4EBA-A1F9-E8510E129D12}.Debug|NET60_Linux.ActiveCfg = Debug|NET60_Linux
		{CCB6E56B-2DA1-4EBA-A1F9-E8510E129D12}.Debug|NET60_Linux.Build.0 = Debug|NET60_Linux
		{CCB6E56B-2DA1-4EBA-A1F9-E8510E129D12}.Debug|Any CPU.ActiveCfg = Debug|Any CPU
		{CCB6E56B-2DA1-4EBA-A1F9-E8510E129D12}.Debug|Any CPU.Build.0 = Debug|Any CPU
		{CCB6E56B-2DA1-4EBA-A1F9-E8510E129D12}.Release|NET60_Linux.ActiveCfg = Release|NET60_Linux
		{CCB6E56B-2DA1-4EBA-A1F9-E8510E129D12}.Release|NET60_Linux.Build.0 = Release|NET60_Linux
		{CCB6E56B-2DA1-4EBA-A1F9-E8510E129D12}.Release|Any CPU.ActiveCfg = Release|Any CPU
		{CCB6E56B-2DA1-4EBA-A1F9-E8510E129D12}.Release|Any CPU.Build.0 = Release|Any CPU
		{C5ADC05B-34E8-47BF-8E78-9C7BF96418C2}.Debug|NET60_Linux.ActiveCfg = Debug|NET60_Linux
		{C5ADC05B-34E8-47BF-8E78-9C7BF96418C2}.Debug|NET60_Linux.Build.0 = Debug|NET60_Linux
		{C5ADC05B-34E8-47BF-8E78-9C7BF96418C2}.Debug|Any CPU.ActiveCfg = Debug|Any CPU
		{C5ADC05B-34E8-47BF-8E78-9C7BF96418C2}.Debug|Any CPU.Build.0 = Debug|Any CPU
		{C5ADC05B-34E8-47BF-8E78-9C7BF96418C2}.Release|NET60_Linux.ActiveCfg = Release|NET60_Linux
		{C5ADC05B-34E8-47BF-8E78-9C7BF96418C2}.Release|NET60_Linux.Build.0 = Release|NET60_Linux
		{C5ADC05B-34E8-47BF-8E78-9C7BF96418C2}.Release|Any CPU.ActiveCfg = Release|Any CPU
		{C5ADC05B-34E8-47BF-8E78-9C7BF96418C2}.Release|Any CPU.Build.0 = Release|Any CPU
		{263FA9C1-F81E-4A8E-95E0-8CDAE20F177B}.Debug|NET60_Linux.ActiveCfg = Debug|NET60_Linux
		{263FA9C1-F81E-4A8E-95E0-8CDAE20F177B}.Debug|NET60_Linux.Build.0 = Debug|NET60_Linux
		{263FA9C1-F81E-4A8E-95E0-8CDAE20F177B}.Debug|Any CPU.ActiveCfg = Debug|Any CPU
		{263FA9C1-F81E-4A8E-95E0-8CDAE20F177B}.Debug|Any CPU.Build.0 = Debug|Any CPU
		{263FA9C1-F81E-4A8E-95E0-8CDAE20F177B}.Release|NET60_Linux.ActiveCfg = Release|NET60_Linux
		{263FA9C1-F81E-4A8E-95E0-8CDAE20F177B}.Release|NET60_Linux.Build.0 = Release|NET60_Linux
		{263FA9C1-F81E-4A8E-95E0-8CDAE20F177B}.Release|Any CPU.ActiveCfg = Release|Any CPU
		{263FA9C1-F81E-4A8E-95E0-8CDAE20F177B}.Release|Any CPU.Build.0 = Release|Any CPU
		{98692887-B389-4F73-A71A-9FC516738DAB}.Debug|NET60_Linux.ActiveCfg = Debug|NET60_Linux
		{98692887-B389-4F73-A71A-9FC516738DAB}.Debug|NET60_Linux.Build.0 = Debug|NET60_Linux
		{98692887-B389-4F73-A71A-9FC516738DAB}.Debug|Any CPU.ActiveCfg = Debug|Any CPU
		{98692887-B389-4F73-A71A-9FC516738DAB}.Debug|Any CPU.Build.0 = Debug|Any CPU
		{98692887-B389-4F73-A71A-9FC516738DAB}.Release|NET60_Linux.ActiveCfg = Release|NET60_Linux
		{98692887-B389-4F73-A71A-9FC516738DAB}.Release|NET60_Linux.Build.0 = Release|NET60_Linux
		{98692887-B389-4F73-A71A-9FC516738DAB}.Release|Any CPU.ActiveCfg = Release|Any CPU
		{98692887-B389-4F73-A71A-9FC516738DAB}.Release|Any CPU.Build.0 = Release|Any CPU
		{5F9AE581-6781-4A4C-A262-1B06CD27208B}.Debug|NET60_Linux.ActiveCfg = Debug|NET60_Linux
		{5F9AE581-6781-4A4C-A262-1B06CD27208B}.Debug|NET60_Linux.Build.0 = Debug|NET60_Linux
		{5F9AE581-6781-4A4C-A262-1B06CD27208B}.Debug|Any CPU.ActiveCfg = Debug|Any CPU
		{5F9AE581-6781-4A4C-A262-1B06CD27208B}.Debug|Any CPU.Build.0 = Debug|Any CPU
		{5F9AE581-6781-4A4C-A262-1B06CD27208B}.Release|NET60_Linux.ActiveCfg = Release|NET60_Linux
		{5F9AE581-6781-4A4C-A262-1B06CD27208B}.Release|NET60_Linux.Build.0 = Release|NET60_Linux
		{5F9AE581-6781-4A4C-A262-1B06CD27208B}.Release|Any CPU.ActiveCfg = Release|Any CPU
		{5F9AE581-6781-4A4C-A262-1B06CD27208B}.Release|Any CPU.Build.0 = Release|Any CPU
		{AA782772-FE61-4226-BAA4-EB529FA1646B}.Debug|NET60_Linux.ActiveCfg = Debug|NET60_Linux
		{AA782772-FE61-4226-BAA4-EB529FA1646B}.Debug|NET60_Linux.Build.0 = Debug|NET60_Linux
		{AA782772-FE61-4226-BAA4-EB529FA1646B}.Debug|Any CPU.ActiveCfg = Debug|Any CPU
		{AA782772-FE61-4226-BAA4-EB529FA1646B}.Debug|Any CPU.Build.0 = Debug|Any CPU
		{AA782772-FE61-4226-BAA4-EB529FA1646B}.Release|NET60_Linux.ActiveCfg = Release|NET60_Linux
		{AA782772-FE61-4226-BAA4-EB529FA1646B}.Release|NET60_Linux.Build.0 = Release|NET60_Linux
		{AA782772-FE61-4226-BAA4-EB529FA1646B}.Release|Any CPU.ActiveCfg = Release|Any CPU
		{AA782772-FE61-4226-BAA4-EB529FA1646B}.Release|Any CPU.Build.0 = Release|Any CPU
		{47533B7C-0E1A-44A4-8511-B438645F052A}.Debug|NET60_Linux.ActiveCfg = Debug|NET60_Linux
		{47533B7C-0E1A-44A4-8511-B438645F052A}.Debug|NET60_Linux.Build.0 = Debug|NET60_Linux
		{47533B7C-0E1A-44A4-8511-B438645F052A}.Debug|Any CPU.ActiveCfg = Debug|Any CPU
		{47533B7C-0E1A-44A4-8511-B438645F052A}.Debug|Any CPU.Build.0 = Debug|Any CPU
		{47533B7C-0E1A-44A4-8511-B438645F052A}.Release|NET60_Linux.ActiveCfg = Release|NET60_Linux
		{47533B7C-0E1A-44A4-8511-B438645F052A}.Release|NET60_Linux.Build.0 = Release|NET60_Linux
		{47533B7C-0E1A-44A4-8511-B438645F052A}.Release|Any CPU.ActiveCfg = Release|Any CPU
		{47533B7C-0E1A-44A4-8511-B438645F052A}.Release|Any CPU.Build.0 = Release|Any CPU
		{5DF79F45-5F2C-41C1-BACC-890AE514CDA8}.Debug|NET60_Linux.ActiveCfg = Debug|NET60_Linux
		{5DF79F45-5F2C-41C1-BACC-890AE514CDA8}.Debug|NET60_Linux.Build.0 = Debug|NET60_Linux
		{5DF79F45-5F2C-41C1-BACC-890AE514CDA8}.Debug|Any CPU.ActiveCfg = Debug|Any CPU
		{5DF79F45-5F2C-41C1-BACC-890AE514CDA8}.Debug|Any CPU.Build.0 = Debug|Any CPU
		{5DF79F45-5F2C-41C1-BACC-890AE514CDA8}.Release|NET60_Linux.ActiveCfg = Release|NET60_Linux
		{5DF79F45-5F2C-41C1-BACC-890AE514CDA8}.Release|NET60_Linux.Build.0 = Release|NET60_Linux
		{5DF79F45-5F2C-41C1-BACC-890AE514CDA8}.Release|Any CPU.ActiveCfg = Release|Any CPU
		{5DF79F45-5F2C-41C1-BACC-890AE514CDA8}.Release|Any CPU.Build.0 = Release|Any CPU
		{C0D6DEE5-5532-4345-9C66-4C00D7FDB8BE}.Debug|NET60_Linux.ActiveCfg = Debug|NET60_Linux
		{C0D6DEE5-5532-4345-9C66-4C00D7FDB8BE}.Debug|NET60_Linux.Build.0 = Debug|NET60_Linux
		{C0D6DEE5-5532-4345-9C66-4C00D7FDB8BE}.Debug|Any CPU.ActiveCfg = Debug|Any CPU
		{C0D6DEE5-5532-4345-9C66-4C00D7FDB8BE}.Debug|Any CPU.Build.0 = Debug|Any CPU
		{C0D6DEE5-5532-4345-9C66-4C00D7FDB8BE}.Release|NET60_Linux.ActiveCfg = Release|NET60_Linux
		{C0D6DEE5-5532-4345-9C66-4C00D7FDB8BE}.Release|NET60_Linux.Build.0 = Release|NET60_Linux
		{C0D6DEE5-5532-4345-9C66-4C00D7FDB8BE}.Release|Any CPU.ActiveCfg = Release|Any CPU
		{C0D6DEE5-5532-4345-9C66-4C00D7FDB8BE}.Release|Any CPU.Build.0 = Release|Any CPU
		{133FC760-5699-46D9-BEA6-E816B5F01016}.Debug|NET60_Linux.ActiveCfg = Debug|NET60_Linux
		{133FC760-5699-46D9-BEA6-E816B5F01016}.Debug|NET60_Linux.Build.0 = Debug|NET60_Linux
		{133FC760-5699-46D9-BEA6-E816B5F01016}.Debug|Any CPU.ActiveCfg = Debug|Any CPU
		{133FC760-5699-46D9-BEA6-E816B5F01016}.Debug|Any CPU.Build.0 = Debug|Any CPU
		{133FC760-5699-46D9-BEA6-E816B5F01016}.Release|NET60_Linux.ActiveCfg = Release|NET60_Linux
		{133FC760-5699-46D9-BEA6-E816B5F01016}.Release|NET60_Linux.Build.0 = Release|NET60_Linux
		{133FC760-5699-46D9-BEA6-E816B5F01016}.Release|Any CPU.ActiveCfg = Release|Any CPU
		{133FC760-5699-46D9-BEA6-E816B5F01016}.Release|Any CPU.Build.0 = Release|Any CPU
		{94CF053D-BB66-4FC7-883B-48F072701BA9}.Debug|NET60_Linux.ActiveCfg = Debug|NET60_Linux
		{94CF053D-BB66-4FC7-883B-48F072701BA9}.Debug|NET60_Linux.Build.0 = Debug|NET60_Linux
		{94CF053D-BB66-4FC7-883B-48F072701BA9}.Debug|Any CPU.ActiveCfg = Debug|Any CPU
		{94CF053D-BB66-4FC7-883B-48F072701BA9}.Debug|Any CPU.Build.0 = Debug|Any CPU
		{94CF053D-BB66-4FC7-883B-48F072701BA9}.Release|NET60_Linux.ActiveCfg = Release|NET60_Linux
		{94CF053D-BB66-4FC7-883B-48F072701BA9}.Release|NET60_Linux.Build.0 = Release|NET60_Linux
		{94CF053D-BB66-4FC7-883B-48F072701BA9}.Release|Any CPU.ActiveCfg = Release|Any CPU
		{94CF053D-BB66-4FC7-883B-48F072701BA9}.Release|Any CPU.Build.0 = Release|Any CPU
		{76686ED6-E759-4772-81C2-768740BE13FA}.Debug|NET60_Linux.ActiveCfg = Debug|NET60_Linux
		{76686ED6-E759-4772-81C2-768740BE13FA}.Debug|NET60_Linux.Build.0 = Debug|NET60_Linux
		{76686ED6-E759-4772-81C2-768740BE13FA}.Debug|Any CPU.ActiveCfg = Debug|Any CPU
		{76686ED6-E759-4772-81C2-768740BE13FA}.Debug|Any CPU.Build.0 = Debug|Any CPU
		{76686ED6-E759-4772-81C2-768740BE13FA}.Release|NET60_Linux.ActiveCfg = Release|NET60_Linux
		{76686ED6-E759-4772-81C2-768740BE13FA}.Release|NET60_Linux.Build.0 = Release|NET60_Linux
		{76686ED6-E759-4772-81C2-768740BE13FA}.Release|Any CPU.ActiveCfg = Release|Any CPU
		{76686ED6-E759-4772-81C2-768740BE13FA}.Release|Any CPU.Build.0 = Release|Any CPU
		{F1541C2D-80A9-4FE7-8D9E-75A8B9FF3479}.Debug|NET60_Linux.ActiveCfg = Debug|NET60_Linux
		{F1541C2D-80A9-4FE7-8D9E-75A8B9FF3479}.Debug|NET60_Linux.Build.0 = Debug|NET60_Linux
		{F1541C2D-80A9-4FE7-8D9E-75A8B9FF3479}.Debug|Any CPU.ActiveCfg = Debug|Any CPU
		{F1541C2D-80A9-4FE7-8D9E-75A8B9FF3479}.Debug|Any CPU.Build.0 = Debug|Any CPU
		{F1541C2D-80A9-4FE7-8D9E-75A8B9FF3479}.Release|NET60_Linux.ActiveCfg = Release|NET60_Linux
		{F1541C2D-80A9-4FE7-8D9E-75A8B9FF3479}.Release|NET60_Linux.Build.0 = Release|NET60_Linux
		{F1541C2D-80A9-4FE7-8D9E-75A8B9FF3479}.Release|Any CPU.ActiveCfg = Release|Any CPU
		{F1541C2D-80A9-4FE7-8D9E-75A8B9FF3479}.Release|Any CPU.Build.0 = Release|Any CPU
		{A50C198C-DA6E-4081-BC53-0F44D287F207}.Debug|NET60_Linux.ActiveCfg = Debug|NET60_Linux
		{A50C198C-DA6E-4081-BC53-0F44D287F207}.Debug|NET60_Linux.Build.0 = Debug|NET60_Linux
		{A50C198C-DA6E-4081-BC53-0F44D287F207}.Debug|Any CPU.ActiveCfg = Debug|Any CPU
		{A50C198C-DA6E-4081-BC53-0F44D287F207}.Debug|Any CPU.Build.0 = Debug|Any CPU
		{A50C198C-DA6E-4081-BC53-0F44D287F207}.Release|NET60_Linux.ActiveCfg = Release|NET60_Linux
		{A50C198C-DA6E-4081-BC53-0F44D287F207}.Release|NET60_Linux.Build.0 = Release|NET60_Linux
		{A50C198C-DA6E-4081-BC53-0F44D287F207}.Release|Any CPU.ActiveCfg = Release|Any CPU
		{A50C198C-DA6E-4081-BC53-0F44D287F207}.Release|Any CPU.Build.0 = Release|Any CPU
		{E674F1A1-BE83-475A-9CC9-F55CADBEC448}.Debug|NET60_Linux.ActiveCfg = Debug|NET60_Linux
		{E674F1A1-BE83-475A-9CC9-F55CADBEC448}.Debug|NET60_Linux.Build.0 = Debug|NET60_Linux
		{E674F1A1-BE83-475A-9CC9-F55CADBEC448}.Debug|Any CPU.ActiveCfg = Debug|Any CPU
		{E674F1A1-BE83-475A-9CC9-F55CADBEC448}.Debug|Any CPU.Build.0 = Debug|Any CPU
		{E674F1A1-BE83-475A-9CC9-F55CADBEC448}.Release|NET60_Linux.ActiveCfg = Release|NET60_Linux
		{E674F1A1-BE83-475A-9CC9-F55CADBEC448}.Release|NET60_Linux.Build.0 = Release|NET60_Linux
		{E674F1A1-BE83-475A-9CC9-F55CADBEC448}.Release|Any CPU.ActiveCfg = Release|Any CPU
		{E674F1A1-BE83-475A-9CC9-F55CADBEC448}.Release|Any CPU.Build.0 = Release|Any CPU
		{8872CA17-C10D-43B9-8393-5C5A57065EB0}.Debug|NET60_Linux.ActiveCfg = Debug|NET60_Linux
		{8872CA17-C10D-43B9-8393-5C5A57065EB0}.Debug|NET60_Linux.Build.0 = Debug|NET60_Linux
		{8872CA17-C10D-43B9-8393-5C5A57065EB0}.Debug|Any CPU.ActiveCfg = Debug|Any CPU
		{8872CA17-C10D-43B9-8393-5C5A57065EB0}.Debug|Any CPU.Build.0 = Debug|Any CPU
		{8872CA17-C10D-43B9-8393-5C5A57065EB0}.Release|NET60_Linux.ActiveCfg = Release|NET60_Linux
		{8872CA17-C10D-43B9-8393-5C5A57065EB0}.Release|NET60_Linux.Build.0 = Release|NET60_Linux
		{8872CA17-C10D-43B9-8393-5C5A57065EB0}.Release|Any CPU.ActiveCfg = Release|Any CPU
		{8872CA17-C10D-43B9-8393-5C5A57065EB0}.Release|Any CPU.Build.0 = Release|Any CPU
		{D6279651-D099-4F8D-A319-5BF12ED9F269}.Debug|NET60_Linux.ActiveCfg = Debug|NET60_Linux
		{D6279651-D099-4F8D-A319-5BF12ED9F269}.Debug|NET60_Linux.Build.0 = Debug|NET60_Linux
		{D6279651-D099-4F8D-A319-5BF12ED9F269}.Debug|Any CPU.ActiveCfg = Debug|Any CPU
		{D6279651-D099-4F8D-A319-5BF12ED9F269}.Debug|Any CPU.Build.0 = Debug|Any CPU
		{D6279651-D099-4F8D-A319-5BF12ED9F269}.Release|NET60_Linux.ActiveCfg = Release|NET60_Linux
		{D6279651-D099-4F8D-A319-5BF12ED9F269}.Release|NET60_Linux.Build.0 = Release|NET60_Linux
		{D6279651-D099-4F8D-A319-5BF12ED9F269}.Release|Any CPU.ActiveCfg = Release|Any CPU
		{D6279651-D099-4F8D-A319-5BF12ED9F269}.Release|Any CPU.Build.0 = Release|Any CPU
		{31183026-DE70-49CB-BC7C-0DFD0A088F62}.Debug|NET60_Linux.ActiveCfg = Debug|NET60_Linux
		{31183026-DE70-49CB-BC7C-0DFD0A088F62}.Debug|NET60_Linux.Build.0 = Debug|NET60_Linux
		{31183026-DE70-49CB-BC7C-0DFD0A088F62}.Debug|Any CPU.ActiveCfg = Debug|Any CPU
		{31183026-DE70-49CB-BC7C-0DFD0A088F62}.Debug|Any CPU.Build.0 = Debug|Any CPU
		{31183026-DE70-49CB-BC7C-0DFD0A088F62}.Release|NET60_Linux.ActiveCfg = Release|NET60_Linux
		{31183026-DE70-49CB-BC7C-0DFD0A088F62}.Release|NET60_Linux.Build.0 = Release|NET60_Linux
		{31183026-DE70-49CB-BC7C-0DFD0A088F62}.Release|Any CPU.ActiveCfg = Release|Any CPU
		{31183026-DE70-49CB-BC7C-0DFD0A088F62}.Release|Any CPU.Build.0 = Release|Any CPU
		{06B9E5B0-7C50-4351-9D88-E159DC25755F}.Debug|NET60_Linux.ActiveCfg = Debug|NET60_Linux
		{06B9E5B0-7C50-4351-9D88-E159DC25755F}.Debug|NET60_Linux.Build.0 = Debug|NET60_Linux
		{06B9E5B0-7C50-4351-9D88-E159DC25755F}.Debug|Any CPU.ActiveCfg = Debug|Any CPU
		{06B9E5B0-7C50-4351-9D88-E159DC25755F}.Debug|Any CPU.Build.0 = Debug|Any CPU
		{06B9E5B0-7C50-4351-9D88-E159DC25755F}.Release|NET60_Linux.ActiveCfg = Release|NET60_Linux
		{06B9E5B0-7C50-4351-9D88-E159DC25755F}.Release|NET60_Linux.Build.0 = Release|NET60_Linux
		{06B9E5B0-7C50-4351-9D88-E159DC25755F}.Release|Any CPU.ActiveCfg = Release|Any CPU
		{06B9E5B0-7C50-4351-9D88-E159DC25755F}.Release|Any CPU.Build.0 = Release|Any CPU
		{6CD0F0CF-8199-49F9-B0EA-0B9598B44419}.Debug|NET60_Linux.ActiveCfg = Debug|NET60_Linux
		{6CD0F0CF-8199-49F9-B0EA-0B9598B44419}.Debug|NET60_Linux.Build.0 = Debug|NET60_Linux
		{6CD0F0CF-8199-49F9-B0EA-0B9598B44419}.Debug|Any CPU.ActiveCfg = Debug|Any CPU
		{6CD0F0CF-8199-49F9-B0EA-0B9598B44419}.Debug|Any CPU.Build.0 = Debug|Any CPU
		{6CD0F0CF-8199-49F9-B0EA-0B9598B44419}.Release|NET60_Linux.ActiveCfg = Release|NET60_Linux
		{6CD0F0CF-8199-49F9-B0EA-0B9598B44419}.Release|NET60_Linux.Build.0 = Release|NET60_Linux
		{6CD0F0CF-8199-49F9-B0EA-0B9598B44419}.Release|Any CPU.ActiveCfg = Release|Any CPU
		{6CD0F0CF-8199-49F9-B0EA-0B9598B44419}.Release|Any CPU.Build.0 = Release|Any CPU
		{472084ED-1067-4B2C-8737-3839A6143EB2}.Debug|NET60_Linux.ActiveCfg = Debug|NET60_Linux
		{472084ED-1067-4B2C-8737-3839A6143EB2}.Debug|NET60_Linux.Build.0 = Debug|NET60_Linux
		{472084ED-1067-4B2C-8737-3839A6143EB2}.Debug|Any CPU.ActiveCfg = Debug|Any CPU
		{472084ED-1067-4B2C-8737-3839A6143EB2}.Debug|Any CPU.Build.0 = Debug|Any CPU
		{472084ED-1067-4B2C-8737-3839A6143EB2}.Release|NET60_Linux.ActiveCfg = Release|NET60_Linux
		{472084ED-1067-4B2C-8737-3839A6143EB2}.Release|NET60_Linux.Build.0 = Release|NET60_Linux
		{472084ED-1067-4B2C-8737-3839A6143EB2}.Release|Any CPU.ActiveCfg = Release|Any CPU
		{472084ED-1067-4B2C-8737-3839A6143EB2}.Release|Any CPU.Build.0 = Release|Any CPU
		{C70FE632-5500-4C57-B3D6-9B5574137551}.Debug|NET60_Linux.ActiveCfg = Debug|NET60_Linux
		{C70FE632-5500-4C57-B3D6-9B5574137551}.Debug|NET60_Linux.Build.0 = Debug|NET60_Linux
		{C70FE632-5500-4C57-B3D6-9B5574137551}.Debug|Any CPU.ActiveCfg = Debug|Any CPU
		{C70FE632-5500-4C57-B3D6-9B5574137551}.Debug|Any CPU.Build.0 = Debug|Any CPU
		{C70FE632-5500-4C57-B3D6-9B5574137551}.Release|NET60_Linux.ActiveCfg = Release|NET60_Linux
		{C70FE632-5500-4C57-B3D6-9B5574137551}.Release|NET60_Linux.Build.0 = Release|NET60_Linux
		{C70FE632-5500-4C57-B3D6-9B5574137551}.Release|Any CPU.ActiveCfg = Release|Any CPU
		{C70FE632-5500-4C57-B3D6-9B5574137551}.Release|Any CPU.Build.0 = Release|Any CPU
		{2235F7CA-AB25-4177-92BC-4B574D2D5DF6}.Debug|NET60_Linux.ActiveCfg = Debug|NET60_Linux
		{2235F7CA-AB25-4177-92BC-4B574D2D5DF6}.Debug|NET60_Linux.Build.0 = Debug|NET60_Linux
		{2235F7CA-AB25-4177-92BC-4B574D2D5DF6}.Debug|Any CPU.ActiveCfg = Debug|Any CPU
		{2235F7CA-AB25-4177-92BC-4B574D2D5DF6}.Debug|Any CPU.Build.0 = Debug|Any CPU
		{2235F7CA-AB25-4177-92BC-4B574D2D5DF6}.Release|NET60_Linux.ActiveCfg = Release|NET60_Linux
		{2235F7CA-AB25-4177-92BC-4B574D2D5DF6}.Release|NET60_Linux.Build.0 = Release|NET60_Linux
		{2235F7CA-AB25-4177-92BC-4B574D2D5DF6}.Release|Any CPU.ActiveCfg = Release|Any CPU
		{2235F7CA-AB25-4177-92BC-4B574D2D5DF6}.Release|Any CPU.Build.0 = Release|Any CPU
		{6E1177DB-5E4F-4E2E-82E7-902437E56AED}.Debug|NET60_Linux.ActiveCfg = Debug|NET60_Linux
		{6E1177DB-5E4F-4E2E-82E7-902437E56AED}.Debug|NET60_Linux.Build.0 = Debug|NET60_Linux
		{6E1177DB-5E4F-4E2E-82E7-902437E56AED}.Debug|Any CPU.ActiveCfg = Debug|Any CPU
		{6E1177DB-5E4F-4E2E-82E7-902437E56AED}.Debug|Any CPU.Build.0 = Debug|Any CPU
		{6E1177DB-5E4F-4E2E-82E7-902437E56AED}.Release|NET60_Linux.ActiveCfg = Release|NET60_Linux
		{6E1177DB-5E4F-4E2E-82E7-902437E56AED}.Release|NET60_Linux.Build.0 = Release|NET60_Linux
		{6E1177DB-5E4F-4E2E-82E7-902437E56AED}.Release|Any CPU.ActiveCfg = Release|Any CPU
		{6E1177DB-5E4F-4E2E-82E7-902437E56AED}.Release|Any CPU.Build.0 = Release|Any CPU
		{672BF8EC-1116-49F6-B253-DFCE5CF7D4C9}.Debug|NET60_Linux.ActiveCfg = Debug|NET60_Linux
		{672BF8EC-1116-49F6-B253-DFCE5CF7D4C9}.Debug|NET60_Linux.Build.0 = Debug|NET60_Linux
		{672BF8EC-1116-49F6-B253-DFCE5CF7D4C9}.Debug|Any CPU.ActiveCfg = Debug|Any CPU
		{672BF8EC-1116-49F6-B253-DFCE5CF7D4C9}.Debug|Any CPU.Build.0 = Debug|Any CPU
		{672BF8EC-1116-49F6-B253-DFCE5CF7D4C9}.Release|NET60_Linux.ActiveCfg = Release|NET60_Linux
		{672BF8EC-1116-49F6-B253-DFCE5CF7D4C9}.Release|NET60_Linux.Build.0 = Release|NET60_Linux
		{672BF8EC-1116-49F6-B253-DFCE5CF7D4C9}.Release|Any CPU.ActiveCfg = Release|Any CPU
		{672BF8EC-1116-49F6-B253-DFCE5CF7D4C9}.Release|Any CPU.Build.0 = Release|Any CPU
		{4A707244-154B-428F-B589-D65361F24401}.Debug|NET60_Linux.ActiveCfg = Debug|NET60_Linux
		{4A707244-154B-428F-B589-D65361F24401}.Debug|NET60_Linux.Build.0 = Debug|NET60_Linux
		{4A707244-154B-428F-B589-D65361F24401}.Debug|Any CPU.ActiveCfg = Debug|Any CPU
		{4A707244-154B-428F-B589-D65361F24401}.Debug|Any CPU.Build.0 = Debug|Any CPU
		{4A707244-154B-428F-B589-D65361F24401}.Release|NET60_Linux.ActiveCfg = Release|NET60_Linux
		{4A707244-154B-428F-B589-D65361F24401}.Release|NET60_Linux.Build.0 = Release|NET60_Linux
		{4A707244-154B-428F-B589-D65361F24401}.Release|Any CPU.ActiveCfg = Release|Any CPU
		{4A707244-154B-428F-B589-D65361F24401}.Release|Any CPU.Build.0 = Release|Any CPU
		{AB735028-22B0-4083-9CC5-805C582818EA}.Debug|NET60_Linux.ActiveCfg = Debug|NET60_Linux
		{AB735028-22B0-4083-9CC5-805C582818EA}.Debug|NET60_Linux.Build.0 = Debug|NET60_Linux
		{AB735028-22B0-4083-9CC5-805C582818EA}.Debug|Any CPU.ActiveCfg = Debug|Any CPU
		{AB735028-22B0-4083-9CC5-805C582818EA}.Debug|Any CPU.Build.0 = Debug|Any CPU
		{AB735028-22B0-4083-9CC5-805C582818EA}.Release|NET60_Linux.ActiveCfg = Release|NET60_Linux
		{AB735028-22B0-4083-9CC5-805C582818EA}.Release|NET60_Linux.Build.0 = Release|NET60_Linux
		{AB735028-22B0-4083-9CC5-805C582818EA}.Release|Any CPU.ActiveCfg = Release|Any CPU
		{AB735028-22B0-4083-9CC5-805C582818EA}.Release|Any CPU.Build.0 = Release|Any CPU
		{F8D2E3E5-4505-4463-9367-2EB2629D7DCD}.Debug|NET60_Linux.ActiveCfg = Debug|NET60_Linux
		{F8D2E3E5-4505-4463-9367-2EB2629D7DCD}.Debug|NET60_Linux.Build.0 = Debug|NET60_Linux
		{F8D2E3E5-4505-4463-9367-2EB2629D7DCD}.Debug|Any CPU.ActiveCfg = Debug|Any CPU
		{F8D2E3E5-4505-4463-9367-2EB2629D7DCD}.Debug|Any CPU.Build.0 = Debug|Any CPU
		{F8D2E3E5-4505-4463-9367-2EB2629D7DCD}.Release|NET60_Linux.ActiveCfg = Release|NET60_Linux
		{F8D2E3E5-4505-4463-9367-2EB2629D7DCD}.Release|NET60_Linux.Build.0 = Release|NET60_Linux
		{F8D2E3E5-4505-4463-9367-2EB2629D7DCD}.Release|Any CPU.ActiveCfg = Release|Any CPU
		{F8D2E3E5-4505-4463-9367-2EB2629D7DCD}.Release|Any CPU.Build.0 = Release|Any CPU
		{61169E56-DED9-464F-B800-AE31AEC1F750}.Debug|NET60_Linux.ActiveCfg = Debug|NET60_Linux
		{61169E56-DED9-464F-B800-AE31AEC1F750}.Debug|NET60_Linux.Build.0 = Debug|NET60_Linux
		{61169E56-DED9-464F-B800-AE31AEC1F750}.Debug|Any CPU.ActiveCfg = Debug|Any CPU
		{61169E56-DED9-464F-B800-AE31AEC1F750}.Debug|Any CPU.Build.0 = Debug|Any CPU
		{61169E56-DED9-464F-B800-AE31AEC1F750}.Release|NET60_Linux.ActiveCfg = Release|NET60_Linux
		{61169E56-DED9-464F-B800-AE31AEC1F750}.Release|NET60_Linux.Build.0 = Release|NET60_Linux
		{61169E56-DED9-464F-B800-AE31AEC1F750}.Release|Any CPU.ActiveCfg = Release|Any CPU
		{61169E56-DED9-464F-B800-AE31AEC1F750}.Release|Any CPU.Build.0 = Release|Any CPU
		{6CC1E399-B5A5-4FA2-A98C-5D8B2BA280A1}.Debug|NET60_Linux.ActiveCfg = Debug|NET60_Linux
		{6CC1E399-B5A5-4FA2-A98C-5D8B2BA280A1}.Debug|NET60_Linux.Build.0 = Debug|NET60_Linux
		{6CC1E399-B5A5-4FA2-A98C-5D8B2BA280A1}.Debug|Any CPU.ActiveCfg = Debug|Any CPU
		{6CC1E399-B5A5-4FA2-A98C-5D8B2BA280A1}.Debug|Any CPU.Build.0 = Debug|Any CPU
		{6CC1E399-B5A5-4FA2-A98C-5D8B2BA280A1}.Release|NET60_Linux.ActiveCfg = Release|NET60_Linux
		{6CC1E399-B5A5-4FA2-A98C-5D8B2BA280A1}.Release|NET60_Linux.Build.0 = Release|NET60_Linux
		{6CC1E399-B5A5-4FA2-A98C-5D8B2BA280A1}.Release|Any CPU.ActiveCfg = Release|Any CPU
		{6CC1E399-B5A5-4FA2-A98C-5D8B2BA280A1}.Release|Any CPU.Build.0 = Release|Any CPU
		{9B4FDC96-E2F9-4B8F-894A-4294405D50E7}.Debug|NET60_Linux.ActiveCfg = Debug|NET60_Linux
		{9B4FDC96-E2F9-4B8F-894A-4294405D50E7}.Debug|Any CPU.ActiveCfg = Debug|Any CPU
		{9B4FDC96-E2F9-4B8F-894A-4294405D50E7}.Debug|Any CPU.Build.0 = Debug|Any CPU
		{9B4FDC96-E2F9-4B8F-894A-4294405D50E7}.Release|NET60_Linux.ActiveCfg = Release|NET60_Linux
		{9B4FDC96-E2F9-4B8F-894A-4294405D50E7}.Release|Any CPU.ActiveCfg = Release|Any CPU
		{9B4FDC96-E2F9-4B8F-894A-4294405D50E7}.Release|Any CPU.Build.0 = Release|Any CPU
	EndGlobalSection
	GlobalSection(SolutionProperties) = preSolution
		HideSolutionNode = FALSE
	EndGlobalSection
	GlobalSection(NestedProjects) = preSolution
		{7318D5E5-9D15-4ABE-8A51-92F58D4F0B85} = {A6533823-A64A-441C-B7A2-7B2772F87002}
		{7A9E0314-966F-4584-BAA3-7339CBB849D1} = {A6533823-A64A-441C-B7A2-7B2772F87002}
		{0D3D43DC-BD7E-46F0-93F7-1C6A6CC79948} = {A6533823-A64A-441C-B7A2-7B2772F87002}
		{A4794476-7D0E-41C0-AD83-4AB929C0A46C} = {A6533823-A64A-441C-B7A2-7B2772F87002}
		{87550B2B-6CB8-461E-8965-DFAFE3AAFB5C} = {FA7BE306-A3B0-45FA-9D87-0C69E6932C13}
		{D8262D40-4880-41E4-91E4-AF8F480C8637} = {FA7BE306-A3B0-45FA-9D87-0C69E6932C13}
		{6E0A079E-85F1-45A1-AD5B-9855E4344809} = {FA7BE306-A3B0-45FA-9D87-0C69E6932C13}
		{C2595B04-856D-40AE-8B99-4804C7A70708} = {A6533823-A64A-441C-B7A2-7B2772F87002}
		{CCB6E56B-2DA1-4EBA-A1F9-E8510E129D12} = {FA7BE306-A3B0-45FA-9D87-0C69E6932C13}
		{C5ADC05B-34E8-47BF-8E78-9C7BF96418C2} = {FA7BE306-A3B0-45FA-9D87-0C69E6932C13}
		{263FA9C1-F81E-4A8E-95E0-8CDAE20F177B} = {D114C59C-CF66-4CC2-980F-9301FB4EA4E1}
		{98692887-B389-4F73-A71A-9FC516738DAB} = {D114C59C-CF66-4CC2-980F-9301FB4EA4E1}
		{47533B7C-0E1A-44A4-8511-B438645F052A} = {88D45B00-E564-41DB-B57C-9509646CAA49}
		{C0D6DEE5-5532-4345-9C66-4C00D7FDB8BE} = {FA7BE306-A3B0-45FA-9D87-0C69E6932C13}
		{94CF053D-BB66-4FC7-883B-48F072701BA9} = {D114C59C-CF66-4CC2-980F-9301FB4EA4E1}
		{76686ED6-E759-4772-81C2-768740BE13FA} = {FA7BE306-A3B0-45FA-9D87-0C69E6932C13}
		{F1541C2D-80A9-4FE7-8D9E-75A8B9FF3479} = {FA7BE306-A3B0-45FA-9D87-0C69E6932C13}
		{A50C198C-DA6E-4081-BC53-0F44D287F207} = {FA7BE306-A3B0-45FA-9D87-0C69E6932C13}
		{E674F1A1-BE83-475A-9CC9-F55CADBEC448} = {FA7BE306-A3B0-45FA-9D87-0C69E6932C13}
		{8872CA17-C10D-43B9-8393-5C5A57065EB0} = {FA7BE306-A3B0-45FA-9D87-0C69E6932C13}
		{D6279651-D099-4F8D-A319-5BF12ED9F269} = {FA7BE306-A3B0-45FA-9D87-0C69E6932C13}
		{31183026-DE70-49CB-BC7C-0DFD0A088F62} = {FA7BE306-A3B0-45FA-9D87-0C69E6932C13}
		{06B9E5B0-7C50-4351-9D88-E159DC25755F} = {FA7BE306-A3B0-45FA-9D87-0C69E6932C13}
		{6CD0F0CF-8199-49F9-B0EA-0B9598B44419} = {5B9B5B6B-0BA7-4606-B8E5-70C958346D57}
		{472084ED-1067-4B2C-8737-3839A6143EB2} = {5B9B5B6B-0BA7-4606-B8E5-70C958346D57}
		{C70FE632-5500-4C57-B3D6-9B5574137551} = {9739B26B-F223-458C-88AA-88D11E025EA0}
		{2235F7CA-AB25-4177-92BC-4B574D2D5DF6} = {9739B26B-F223-458C-88AA-88D11E025EA0}
		{6E1177DB-5E4F-4E2E-82E7-902437E56AED} = {9739B26B-F223-458C-88AA-88D11E025EA0}
		{672BF8EC-1116-49F6-B253-DFCE5CF7D4C9} = {9739B26B-F223-458C-88AA-88D11E025EA0}
		{9739B26B-F223-458C-88AA-88D11E025EA0} = {5B9B5B6B-0BA7-4606-B8E5-70C958346D57}
		{9CE88661-B9BD-4587-962A-AE0648B34EDA} = {5B9B5B6B-0BA7-4606-B8E5-70C958346D57}
		{4A707244-154B-428F-B589-D65361F24401} = {9CE88661-B9BD-4587-962A-AE0648B34EDA}
		{AB735028-22B0-4083-9CC5-805C582818EA} = {9CE88661-B9BD-4587-962A-AE0648B34EDA}
		{F8D2E3E5-4505-4463-9367-2EB2629D7DCD} = {9CE88661-B9BD-4587-962A-AE0648B34EDA}
		{61169E56-DED9-464F-B800-AE31AEC1F750} = {FA7BE306-A3B0-45FA-9D87-0C69E6932C13}
		{6CC1E399-B5A5-4FA2-A98C-5D8B2BA280A1} = {FA7BE306-A3B0-45FA-9D87-0C69E6932C13}
		{9B4FDC96-E2F9-4B8F-894A-4294405D50E7} = {FA7BE306-A3B0-45FA-9D87-0C69E6932C13}
	EndGlobalSection
	GlobalSection(ExtensibilityGlobals) = postSolution
		SolutionGuid = {89CB19C6-BF0A-4E6A-BFDA-79D143EAB59D}
	EndGlobalSection
EndGlobal
