
Microsoft Visual Studio Solution File, Format Version 12.00
# Visual Studio Version 17
VisualStudioVersion = 17.3.32901.215
MinimumVisualStudioVersion = 10.0.40219.1
Project("{9A19103F-16F7-4668-BE54-9A1E7A4F7556}") = "DynamoCore", "DynamoCore\DynamoCore.csproj", "{7858FA8C-475F-4B8E-B468-1F8200778CF8}"
	ProjectSection(ProjectDependencies) = postProject
		{133FC760-5699-46D9-BEA6-E816B5F01016} = {133FC760-5699-46D9-BEA6-E816B5F01016}
	EndProjectSection
EndProject
Project("{2150E333-8FDC-42A3-9474-1A3956D46DE8}") = "Engine", "Engine", "{A6533823-A64A-441C-B7A2-7B2772F87002}"
EndProject
Project("{9A19103F-16F7-4668-BE54-9A1E7A4F7556}") = "ProtoAssociative", "Engine\ProtoAssociative\ProtoAssociative.csproj", "{7318D5E5-9D15-4ABE-8A51-92F58D4F0B85}"
EndProject
Project("{9A19103F-16F7-4668-BE54-9A1E7A4F7556}") = "ProtoCore", "Engine\ProtoCore\ProtoCore.csproj", "{7A9E0314-966F-4584-BAA3-7339CBB849D1}"
	ProjectSection(ProjectDependencies) = postProject
		{133FC760-5699-46D9-BEA6-E816B5F01016} = {133FC760-5699-46D9-BEA6-E816B5F01016}
	EndProjectSection
EndProject
Project("{9A19103F-16F7-4668-BE54-9A1E7A4F7556}") = "ProtoImperative", "Engine\ProtoImperative\ProtoImperative.csproj", "{0D3D43DC-BD7E-46F0-93F7-1C6A6CC79948}"
EndProject
Project("{9A19103F-16F7-4668-BE54-9A1E7A4F7556}") = "ProtoScript", "Engine\ProtoScript\ProtoScript.csproj", "{A4794476-7D0E-41C0-AD83-4AB929C0A46C}"
EndProject
Project("{2150E333-8FDC-42A3-9474-1A3956D46DE8}") = "Libraries", "Libraries", "{FA7BE306-A3B0-45FA-9D87-0C69E6932C13}"
EndProject
Project("{9A19103F-16F7-4668-BE54-9A1E7A4F7556}") = "CoreNodes", "Libraries\CoreNodes\CoreNodes.csproj", "{87550B2B-6CB8-461E-8965-DFAFE3AAFB5C}"
	ProjectSection(ProjectDependencies) = postProject
		{133FC760-5699-46D9-BEA6-E816B5F01016} = {133FC760-5699-46D9-BEA6-E816B5F01016}
	EndProjectSection
EndProject
Project("{9A19103F-16F7-4668-BE54-9A1E7A4F7556}") = "CoreNodeModels", "Libraries\CoreNodeModels\CoreNodeModels.csproj", "{D8262D40-4880-41E4-91E4-AF8F480C8637}"
	ProjectSection(ProjectDependencies) = postProject
		{C5ADC05B-34E8-47BF-8E78-9C7BF96418C2} = {C5ADC05B-34E8-47BF-8E78-9C7BF96418C2}
	EndProjectSection
EndProject
Project("{9A19103F-16F7-4668-BE54-9A1E7A4F7556}") = "DynamoServices", "NodeServices\DynamoServices.csproj", "{EF879A10-041D-4C68-83E7-3192685F1BAE}"
	ProjectSection(ProjectDependencies) = postProject
		{133FC760-5699-46D9-BEA6-E816B5F01016} = {133FC760-5699-46D9-BEA6-E816B5F01016}
	EndProjectSection
EndProject
Project("{9A19103F-16F7-4668-BE54-9A1E7A4F7556}") = "DynamoUtilities", "DynamoUtilities\DynamoUtilities.csproj", "{B5F435CB-0D8A-40B1-A4F7-5ECB3CE792A9}"
	ProjectSection(ProjectDependencies) = postProject
		{133FC760-5699-46D9-BEA6-E816B5F01016} = {133FC760-5699-46D9-BEA6-E816B5F01016}
	EndProjectSection
EndProject
Project("{9A19103F-16F7-4668-BE54-9A1E7A4F7556}") = "UnitsCore", "Libraries\DynamoUnits\UnitsCore.csproj", "{6E0A079E-85F1-45A1-AD5B-9855E4344809}"
	ProjectSection(ProjectDependencies) = postProject
		{133FC760-5699-46D9-BEA6-E816B5F01016} = {133FC760-5699-46D9-BEA6-E816B5F01016}
	EndProjectSection
EndProject
Project("{9A19103F-16F7-4668-BE54-9A1E7A4F7556}") = "GraphLayout", "Engine\GraphLayout\GraphLayout.csproj", "{C2595B04-856D-40AE-8B99-4804C7A70708}"
EndProject
Project("{9A19103F-16F7-4668-BE54-9A1E7A4F7556}") = "VMDataBridge", "Libraries\VMDataBridge\VMDataBridge.csproj", "{CCB6E56B-2DA1-4EBA-A1F9-E8510E129D12}"
	ProjectSection(ProjectDependencies) = postProject
		{133FC760-5699-46D9-BEA6-E816B5F01016} = {133FC760-5699-46D9-BEA6-E816B5F01016}
	EndProjectSection
EndProject
Project("{2150E333-8FDC-42A3-9474-1A3956D46DE8}") = "Tools", "Tools", "{D114C59C-CF66-4CC2-980F-9301FB4EA4E1}"
EndProject
Project("{9A19103F-16F7-4668-BE54-9A1E7A4F7556}") = "DynamoConversions", "Libraries\DynamoConversions\DynamoConversions.csproj", "{C5ADC05B-34E8-47BF-8E78-9C7BF96418C2}"
EndProject
Project("{9A19103F-16F7-4668-BE54-9A1E7A4F7556}") = "DynamoShapeManager", "Tools\DynamoShapeManager\DynamoShapeManager.csproj", "{263FA9C1-F81E-4A8E-95E0-8CDAE20F177B}"
EndProject
Project("{9A19103F-16F7-4668-BE54-9A1E7A4F7556}") = "DynamoInstallDetective", "Tools\DynamoInstallDetective\DynamoInstallDetective.csproj", "{98692887-B389-4F73-A71A-9FC516738DAB}"
EndProject
Project("{9A19103F-16F7-4668-BE54-9A1E7A4F7556}") = "DynamoCLI", "DynamoCLI\DynamoCLI.csproj", "{5F9AE581-6781-4A4C-A262-1B06CD27208B}"
EndProject
Project("{9A19103F-16F7-4668-BE54-9A1E7A4F7556}") = "DynamoApplications", "DynamoApplications\DynamoApplications.csproj", "{AA782772-FE61-4226-BAA4-EB529FA1646B}"
EndProject
Project("{9A19103F-16F7-4668-BE54-9A1E7A4F7556}") = "DynamoPackages", "DynamoPackages\DynamoPackages.csproj", "{47533B7C-0E1A-44A4-8511-B438645F052A}"
EndProject
Project("{9A19103F-16F7-4668-BE54-9A1E7A4F7556}") = "DesignScriptBuiltin", "Libraries\DesignScriptBuiltin\DesignScriptBuiltin.csproj", "{C0D6DEE5-5532-4345-9C66-4C00D7FDB8BE}"
EndProject
Project("{2150E333-8FDC-42A3-9474-1A3956D46DE8}") = "Extensions", "Extensions", "{88D45B00-E564-41DB-B57C-9509646CAA49}"
EndProject
Project("{9A19103F-16F7-4668-BE54-9A1E7A4F7556}") = "AssemblyInfoGenerator", "AssemblySharedInfoGenerator\AssemblyInfoGenerator.csproj", "{133FC760-5699-46D9-BEA6-E816B5F01016}"
EndProject
Project("{9A19103F-16F7-4668-BE54-9A1E7A4F7556}") = "DynamoFeatureFlags", "Tools\DynamoFeatureFlags\DynamoFeatureFlags.csproj", "{94CF053D-BB66-4FC7-883B-48F072701BA9}"
EndProject
Project("{9A19103F-16F7-4668-BE54-9A1E7A4F7556}") = "Analysis", "Libraries\Analysis\Analysis.csproj", "{76686ED6-E759-4772-81C2-768740BE13FA}"
EndProject
Project("{9A19103F-16F7-4668-BE54-9A1E7A4F7556}") = "DSCPython", "Libraries\DSCPython\DSCPython.csproj", "{F1541C2D-80A9-4FE7-8D9E-75A8B9FF3479}"
EndProject
Project("{9A19103F-16F7-4668-BE54-9A1E7A4F7556}") = "GeometryColor", "Libraries\GeometryColor\GeometryColor.csproj", "{A50C198C-DA6E-4081-BC53-0F44D287F207}"
EndProject
Project("{9A19103F-16F7-4668-BE54-9A1E7A4F7556}") = "GeometryUI", "Libraries\GeometryUI\GeometryUI.csproj", "{E674F1A1-BE83-475A-9CC9-F55CADBEC448}"
EndProject
Project("{9A19103F-16F7-4668-BE54-9A1E7A4F7556}") = "PythonNodeModels", "Libraries\PythonNodeModels\PythonNodeModels.csproj", "{8872CA17-C10D-43B9-8393-5C5A57065EB0}"
EndProject
Project("{9A19103F-16F7-4668-BE54-9A1E7A4F7556}") = "Tessellation", "Libraries\Tesellation\Tessellation.csproj", "{D6279651-D099-4F8D-A319-5BF12ED9F269}"
EndProject
Project("{9A19103F-16F7-4668-BE54-9A1E7A4F7556}") = "Watch3DNodeModels", "Libraries\Watch3DNodeModels\Watch3DNodeModels.csproj", "{31183026-DE70-49CB-BC7C-0DFD0A088F62}"
EndProject
Project("{9A19103F-16F7-4668-BE54-9A1E7A4F7556}") = "Migrations", "Migrations\Migrations.csproj", "{06B9E5B0-7C50-4351-9D88-E159DC25755F}"
EndProject
Project("{2150E333-8FDC-42A3-9474-1A3956D46DE8}") = "Tests", "Tests", "{5B9B5B6B-0BA7-4606-B8E5-70C958346D57}"
EndProject
Project("{9A19103F-16F7-4668-BE54-9A1E7A4F7556}") = "TestServices", "..\test\Libraries\TestServices\TestServices.csproj", "{6CD0F0CF-8199-49F9-B0EA-0B9598B44419}"
EndProject
Project("{9A19103F-16F7-4668-BE54-9A1E7A4F7556}") = "DSOffice", "Libraries\DSOffice\DSOffice.csproj", "{6CC1E399-B5A5-4FA2-A98C-5D8B2BA280A1}"
EndProject
Project("{9A19103F-16F7-4668-BE54-9A1E7A4F7556}") = "DynamoCoreTests", "..\test\DynamoCoreTests\DynamoCoreTests.csproj", "{472084ED-1067-4B2C-8737-3839A6143EB2}"
EndProject
Project("{9A19103F-16F7-4668-BE54-9A1E7A4F7556}") = "FFITarget", "..\test\Engine\FFITarget\FFITarget.csproj", "{C70FE632-5500-4C57-B3D6-9B5574137551}"
EndProject
Project("{9A19103F-16F7-4668-BE54-9A1E7A4F7556}") = "ProtoTestFx", "..\test\Engine\ProtoTestFx\ProtoTestFx.csproj", "{2235F7CA-AB25-4177-92BC-4B574D2D5DF6}"
EndProject
Project("{9A19103F-16F7-4668-BE54-9A1E7A4F7556}") = "ProtoTest", "..\test\Engine\ProtoTest\ProtoTest.csproj", "{6E1177DB-5E4F-4E2E-82E7-902437E56AED}"
EndProject
Project("{2150E333-8FDC-42A3-9474-1A3956D46DE8}") = "Engine", "Engine", "{91C57567-DDF1-409A-880B-3A290A486AAC}"
EndProject
Project("{9A19103F-16F7-4668-BE54-9A1E7A4F7556}") = "ProtoTestConsoleRunner", "..\test\Engine\ProtoTestConsoleRunner\ProtoTestConsoleRunner.csproj", "{672BF8EC-1116-49F6-B253-DFCE5CF7D4C9}"
EndProject
Project("{2150E333-8FDC-42A3-9474-1A3956D46DE8}") = "Libraries", "Libraries", "{4CA0BC62-DCB3-456B-80D6-348247640BAB}"
EndProject
Project("{9A19103F-16F7-4668-BE54-9A1E7A4F7556}") = "AnalysisTests", "..\test\Libraries\AnalysisTests\AnalysisTests.csproj", "{4A707244-154B-428F-B589-D65361F24401}"
EndProject
Project("{9A19103F-16F7-4668-BE54-9A1E7A4F7556}") = "DynamoUtilitiesTests", "..\test\Libraries\DynamoUtilitiesTests\DynamoUtilitiesTests.csproj", "{AB735028-22B0-4083-9CC5-805C582818EA}"
EndProject
Project("{9A19103F-16F7-4668-BE54-9A1E7A4F7556}") = "GeometryColorTests", "..\test\Libraries\GeometryColorTests\GeometryColorTests.csproj", "{F8D2E3E5-4505-4463-9367-2EB2629D7DCD}"
EndProject
Project("{9A19103F-16F7-4668-BE54-9A1E7A4F7556}") = "PackageManagerTests", "..\test\Libraries\PackageManagerTests\PackageManagerTests.csproj", "{2A70F3B5-7AEA-42FE-8DD5-8427C28D0025}"
EndProject
Project("{9A19103F-16F7-4668-BE54-9A1E7A4F7556}") = "DynamoMSOfficeTests", "..\test\Libraries\DynamoMSOfficeTests\DynamoMSOfficeTests.csproj", "{269039F1-126A-46CF-8BEA-257587EDCA6B}"
EndProject
Project("{2150E333-8FDC-42A3-9474-1A3956D46DE8}") = "Tools", "Tools", "{2C6A6573-28B0-4239-BD33-6AECCD25106C}"
EndProject
Project("{9A19103F-16F7-4668-BE54-9A1E7A4F7556}") = "NodeDocumentationMarkdownGeneratorTests", "..\test\Tools\NodeDocumentationMarkdownGeneratorTests\NodeDocumentationMarkdownGeneratorTests.csproj", "{4C2AEACC-617D-4B90-ADCD-FE294A43A68F}"
EndProject
Project("{9A19103F-16F7-4668-BE54-9A1E7A4F7556}") = "NodeDocumentationMarkdownGenerator", "Tools\NodeDocumentationMarkdownGenerator\NodeDocumentationMarkdownGenerator.csproj", "{0DD3E4ED-66AA-47FC-9EB9-2A0E6A0EA01B}"
EndProject
Project("{9A19103F-16F7-4668-BE54-9A1E7A4F7556}") = "DynamoCoreWpf", "DynamoCoreWpf\DynamoCoreWpf.csproj", "{51BB6014-43F7-4F31-B8D3-E3C37EBEDAF4}"
EndProject
Project("{9A19103F-16F7-4668-BE54-9A1E7A4F7556}") = "DynamoSandbox", "DynamoSandbox\DynamoSandbox.csproj", "{0EFABBF0-2B81-4423-B8E2-6111FBE69B79}"
EndProject
Project("{9A19103F-16F7-4668-BE54-9A1E7A4F7556}") = "AssemblyRenamerCLI", "Tools\AssemblyRenamerCLI\AssemblyRenamerCLI.csproj", "{F382C3F8-C55C-4350-800A-3D13A94F8E13}"
EndProject
Project("{9A19103F-16F7-4668-BE54-9A1E7A4F7556}") = "Md2Html", "Tools\Md2Html\Md2Html.csproj", "{0893F745-CB1A-427A-8E87-CA927273039A}"
EndProject
Project("{9A19103F-16F7-4668-BE54-9A1E7A4F7556}") = "UnitsUI", "Libraries\UnitsUI\UnitsUI.csproj", "{C67A7E80-73E6-4BBF-9D3F-DCD86CE306BE}"
EndProject
Project("{9A19103F-16F7-4668-BE54-9A1E7A4F7556}") = "LibraryViewExtensionWebView2", "LibraryViewExtensionWebView2\LibraryViewExtensionWebView2.csproj", "{43A01382-85CC-41E5-A414-F27D51EE9D24}"
EndProject
Project("{9A19103F-16F7-4668-BE54-9A1E7A4F7556}") = "GraphNodeManagerViewExtension", "GraphNodeManagerViewExtension\GraphNodeManagerViewExtension.csproj", "{1E92CDB0-644C-4EAA-8AB8-EFDD193A0484}"
EndProject
Project("{9A19103F-16F7-4668-BE54-9A1E7A4F7556}") = "PackageDetailsViewExtension", "PackageDetailsViewExtension\PackageDetailsViewExtension.csproj", "{12FB4DA4-7E9C-4C2E-91CD-1D0B523A9535}"
EndProject
Project("{9A19103F-16F7-4668-BE54-9A1E7A4F7556}") = "LintingViewExtension", "LintingViewExtension\LintingViewExtension.csproj", "{C86F9058-229D-40A9-95D5-D6F081AA9230}"
EndProject
Project("{9A19103F-16F7-4668-BE54-9A1E7A4F7556}") = "GraphMetadataViewExtension", "GraphMetadataViewExtension\GraphMetadataViewExtension.csproj", "{A42563F1-2B8B-4C4D-BFAD-2CA981524E00}"
EndProject
Project("{9A19103F-16F7-4668-BE54-9A1E7A4F7556}") = "NodeAutoCompleteViewExtension", "NodeAutoCompleteViewExtension\NodeAutoCompleteViewExtension.csproj", "{51511AFD-F326-4995-8E27-5D711419EF6F}"
EndProject
Project("{9A19103F-16F7-4668-BE54-9A1E7A4F7556}") = "PythonMigrationViewExtension", "PythonMigrationViewExtension\PythonMigrationViewExtension.csproj", "{10AF430D-0D3A-49CE-A63D-848912959745}"
EndProject
Project("{9A19103F-16F7-4668-BE54-9A1E7A4F7556}") = "DocumentationBrowserViewExtension", "DocumentationBrowserViewExtension\DocumentationBrowserViewExtension.csproj", "{BE6D0644-05AF-4580-8597-B95920CE923F}"
EndProject
Project("{9A19103F-16F7-4668-BE54-9A1E7A4F7556}") = "CoreNodeModelsWpf", "Libraries\CoreNodeModelsWpf\CoreNodeModelsWpf.csproj", "{F5932F7D-8E34-4787-80B8-E7F9D996EDFF}"
EndProject
Project("{9A19103F-16F7-4668-BE54-9A1E7A4F7556}") = "WorkspaceDependencyViewExtension", "WorkspaceDependencyViewExtension\WorkspaceDependencyViewExtension.csproj", "{5E76AAB3-6302-473E-9655-081B53FB1419}"
EndProject
Project("{9A19103F-16F7-4668-BE54-9A1E7A4F7556}") = "DynamoWPFCLI", "DynamoWPFCLI\DynamoWPFCLI.csproj", "{F7FD9395-35D5-474D-8AD1-9904817E70D3}"
EndProject
Project("{9A19103F-16F7-4668-BE54-9A1E7A4F7556}") = "DynamoPackagesWPF", "DynamoPackagesWPF\DynamoPackagesWPF.csproj", "{47D2166C-5261-4093-9660-E72B7035E666}"
EndProject
Project("{9A19103F-16F7-4668-BE54-9A1E7A4F7556}") = "Notifications", "Notifications\Notifications.csproj", "{09F48994-BB2F-4A26-8CCD-469FE3F7F904}"
EndProject
Project("{9A19103F-16F7-4668-BE54-9A1E7A4F7556}") = "DynamoManipulation", "DynamoManipulation\DynamoManipulation.csproj", "{33F88E8C-CC3C-4237-8AA9-CC891EFCABFA}"
EndProject
Project("{9A19103F-16F7-4668-BE54-9A1E7A4F7556}") = "SystemTestServices", "..\test\Libraries\SystemTestServices\SystemTestServices.csproj", "{89563CD0-509B-40A5-8728-9D3EC6FE8410}"
EndProject
Project("{9A19103F-16F7-4668-BE54-9A1E7A4F7556}") = "Watch3DNodeModelsWpf", "Libraries\Watch3DNodeModelsWpf\Watch3DNodeModelsWpf.csproj", "{B9E338CA-6677-4772-B01D-1FCEABCDAAAB}"
EndProject
Project("{2150E333-8FDC-42A3-9474-1A3956D46DE8}") = "System", "System", "{F0BFEE09-CE03-42F6-9DF1-DED4D86C2A73}"
EndProject
Project("{9A19103F-16F7-4668-BE54-9A1E7A4F7556}") = "IntegrationTests", "..\test\System\IntegrationTests\IntegrationTests.csproj", "{1254D922-643B-4F0B-82BD-E9E02399B040}"
EndProject
Project("{9A19103F-16F7-4668-BE54-9A1E7A4F7556}") = "GeometryUIWpf", "Libraries\GeometryUIWpf\GeometryUIWpf.csproj", "{C068DE76-0651-4F6C-8807-B90EF749D104}"
EndProject
Project("{9A19103F-16F7-4668-BE54-9A1E7A4F7556}") = "DataBridgeTests", "..\test\Libraries\DataBridgeTests\DataBridgeTests.csproj", "{F0AF3C6E-0E59-4511-A057-79970EA9DC34}"
EndProject
Project("{9A19103F-16F7-4668-BE54-9A1E7A4F7556}") = "WorkflowTests", "..\test\Libraries\WorkflowTests\WorkflowTests.csproj", "{CEA31792-BA09-431B-8ECE-E2F0354B2150}"
EndProject
Project("{9A19103F-16F7-4668-BE54-9A1E7A4F7556}") = "CommandLineTests", "..\test\Libraries\CommandLineTests\CommandLineTests.csproj", "{3E84B41E-F229-4BF7-8A0F-3D65BA2D00D1}"
EndProject
Project("{9A19103F-16F7-4668-BE54-9A1E7A4F7556}") = "TestUINodes", "..\test\TestUINodes\TestUINodes.csproj", "{ED1EA294-1BA1-45D6-A669-ECD2E24E21A9}"
EndProject
Project("{9A19103F-16F7-4668-BE54-9A1E7A4F7556}") = "CoreNodesTests", "..\test\Libraries\CoreNodesTests\CoreNodesTests.csproj", "{09EC17AF-24D2-4542-A913-0C27AE345C18}"
EndProject
Project("{9A19103F-16F7-4668-BE54-9A1E7A4F7556}") = "PythonNodeModelsWpf", "Libraries\PythonNodeModelsWpf\PythonNodeModelsWpf.csproj", "{01DE9B06-0BCB-4D8A-862E-E8170F5D6B4F}"
EndProject
Project("{9A19103F-16F7-4668-BE54-9A1E7A4F7556}") = "DynamoServicesTests", "..\test\Libraries\NodeServicesTest\DynamoServicesTests.csproj", "{3E4278F7-60EC-491C-8094-B525C36A51A7}"
EndProject
Project("{9A19103F-16F7-4668-BE54-9A1E7A4F7556}") = "UnitsNodeModels", "Libraries\UnitsNodeModels\UnitsNodeModels.csproj", "{6DD7D985-9057-4678-A2F3-E7A2531F31F4}"
EndProject
Project("{9A19103F-16F7-4668-BE54-9A1E7A4F7556}") = "DSOfficeUtilities", "Libraries\DSOfficeUtilities\DSOfficeUtilities.csproj", "{9B4FDC96-E2F9-4B8F-894A-4294405D50E7}"
EndProject
Project("{9A19103F-16F7-4668-BE54-9A1E7A4F7556}") = "DynamoCoreWpfTests", "..\test\DynamoCoreWpfTests\DynamoCoreWpfTests.csproj", "{7DD8077A-201E-4C56-96C5-3C901A51BDF3}"
EndProject
Project("{9A19103F-16F7-4668-BE54-9A1E7A4F7556}") = "ViewExtensionLibraryTests", "..\test\ViewExtensionLibraryTests\ViewExtensionLibraryTests.csproj", "{AE7F2579-104A-4AF4-AA7B-614AE9E79279}"
EndProject
Project("{9A19103F-16F7-4668-BE54-9A1E7A4F7556}") = "WpfVisualizationTests", "..\test\VisualizationTests\WpfVisualizationTests.csproj", "{C4964946-B367-44EE-9ED2-451FF2A83D32}"
EndProject
Project("{9A19103F-16F7-4668-BE54-9A1E7A4F7556}") = "DynamoPythonTests", "..\test\Libraries\DynamoPythonTests\DynamoPythonTests.csproj", "{773988FE-EDF6-45CB-A63F-482955EB3553}"
EndProject
Project("{9A19103F-16F7-4668-BE54-9A1E7A4F7556}") = "DynamoMLDataPipeline", "DynamoMLDataPipeline\DynamoMLDataPipeline.csproj", "{5DF79F45-5F2C-41C1-BACC-890AE514CDA8}"
EndProject
Global
	GlobalSection(SolutionConfigurationPlatforms) = preSolution
		Debug|Any CPU = Debug|Any CPU
		Release|Any CPU = Release|Any CPU
	EndGlobalSection
	GlobalSection(ProjectConfigurationPlatforms) = postSolution
		{7858FA8C-475F-4B8E-B468-1F8200778CF8}.Debug|Any CPU.ActiveCfg = Debug|Any CPU
		{7858FA8C-475F-4B8E-B468-1F8200778CF8}.Debug|Any CPU.Build.0 = Debug|Any CPU
		{7858FA8C-475F-4B8E-B468-1F8200778CF8}.Release|Any CPU.ActiveCfg = Release|Any CPU
		{7858FA8C-475F-4B8E-B468-1F8200778CF8}.Release|Any CPU.Build.0 = Release|Any CPU
		{7318D5E5-9D15-4ABE-8A51-92F58D4F0B85}.Debug|Any CPU.ActiveCfg = Debug|Any CPU
		{7318D5E5-9D15-4ABE-8A51-92F58D4F0B85}.Debug|Any CPU.Build.0 = Debug|Any CPU
		{7318D5E5-9D15-4ABE-8A51-92F58D4F0B85}.Release|Any CPU.ActiveCfg = Release|Any CPU
		{7318D5E5-9D15-4ABE-8A51-92F58D4F0B85}.Release|Any CPU.Build.0 = Release|Any CPU
		{7A9E0314-966F-4584-BAA3-7339CBB849D1}.Debug|Any CPU.ActiveCfg = Debug|Any CPU
		{7A9E0314-966F-4584-BAA3-7339CBB849D1}.Debug|Any CPU.Build.0 = Debug|Any CPU
		{7A9E0314-966F-4584-BAA3-7339CBB849D1}.Release|Any CPU.ActiveCfg = Release|Any CPU
		{7A9E0314-966F-4584-BAA3-7339CBB849D1}.Release|Any CPU.Build.0 = Release|Any CPU
		{0D3D43DC-BD7E-46F0-93F7-1C6A6CC79948}.Debug|Any CPU.ActiveCfg = Debug|Any CPU
		{0D3D43DC-BD7E-46F0-93F7-1C6A6CC79948}.Debug|Any CPU.Build.0 = Debug|Any CPU
		{0D3D43DC-BD7E-46F0-93F7-1C6A6CC79948}.Release|Any CPU.ActiveCfg = Release|Any CPU
		{0D3D43DC-BD7E-46F0-93F7-1C6A6CC79948}.Release|Any CPU.Build.0 = Release|Any CPU
		{A4794476-7D0E-41C0-AD83-4AB929C0A46C}.Debug|Any CPU.ActiveCfg = Debug|Any CPU
		{A4794476-7D0E-41C0-AD83-4AB929C0A46C}.Debug|Any CPU.Build.0 = Debug|Any CPU
		{A4794476-7D0E-41C0-AD83-4AB929C0A46C}.Release|Any CPU.ActiveCfg = Release|Any CPU
		{A4794476-7D0E-41C0-AD83-4AB929C0A46C}.Release|Any CPU.Build.0 = Release|Any CPU
		{87550B2B-6CB8-461E-8965-DFAFE3AAFB5C}.Debug|Any CPU.ActiveCfg = Debug|Any CPU
		{87550B2B-6CB8-461E-8965-DFAFE3AAFB5C}.Debug|Any CPU.Build.0 = Debug|Any CPU
		{87550B2B-6CB8-461E-8965-DFAFE3AAFB5C}.Release|Any CPU.ActiveCfg = Release|Any CPU
		{87550B2B-6CB8-461E-8965-DFAFE3AAFB5C}.Release|Any CPU.Build.0 = Release|Any CPU
		{D8262D40-4880-41E4-91E4-AF8F480C8637}.Debug|Any CPU.ActiveCfg = Debug|Any CPU
		{D8262D40-4880-41E4-91E4-AF8F480C8637}.Debug|Any CPU.Build.0 = Debug|Any CPU
		{D8262D40-4880-41E4-91E4-AF8F480C8637}.Release|Any CPU.ActiveCfg = Release|Any CPU
		{D8262D40-4880-41E4-91E4-AF8F480C8637}.Release|Any CPU.Build.0 = Release|Any CPU
		{EF879A10-041D-4C68-83E7-3192685F1BAE}.Debug|Any CPU.ActiveCfg = Debug|Any CPU
		{EF879A10-041D-4C68-83E7-3192685F1BAE}.Debug|Any CPU.Build.0 = Debug|Any CPU
		{EF879A10-041D-4C68-83E7-3192685F1BAE}.Release|Any CPU.ActiveCfg = Release|Any CPU
		{EF879A10-041D-4C68-83E7-3192685F1BAE}.Release|Any CPU.Build.0 = Release|Any CPU
		{B5F435CB-0D8A-40B1-A4F7-5ECB3CE792A9}.Debug|Any CPU.ActiveCfg = Debug|Any CPU
		{B5F435CB-0D8A-40B1-A4F7-5ECB3CE792A9}.Debug|Any CPU.Build.0 = Debug|Any CPU
		{B5F435CB-0D8A-40B1-A4F7-5ECB3CE792A9}.Release|Any CPU.ActiveCfg = Release|Any CPU
		{B5F435CB-0D8A-40B1-A4F7-5ECB3CE792A9}.Release|Any CPU.Build.0 = Release|Any CPU
		{6E0A079E-85F1-45A1-AD5B-9855E4344809}.Debug|Any CPU.ActiveCfg = Debug|Any CPU
		{6E0A079E-85F1-45A1-AD5B-9855E4344809}.Debug|Any CPU.Build.0 = Debug|Any CPU
		{6E0A079E-85F1-45A1-AD5B-9855E4344809}.Release|Any CPU.ActiveCfg = Release|Any CPU
		{6E0A079E-85F1-45A1-AD5B-9855E4344809}.Release|Any CPU.Build.0 = Release|Any CPU
		{C2595B04-856D-40AE-8B99-4804C7A70708}.Debug|Any CPU.ActiveCfg = Debug|Any CPU
		{C2595B04-856D-40AE-8B99-4804C7A70708}.Debug|Any CPU.Build.0 = Debug|Any CPU
		{C2595B04-856D-40AE-8B99-4804C7A70708}.Release|Any CPU.ActiveCfg = Release|Any CPU
		{C2595B04-856D-40AE-8B99-4804C7A70708}.Release|Any CPU.Build.0 = Release|Any CPU
		{CCB6E56B-2DA1-4EBA-A1F9-E8510E129D12}.Debug|Any CPU.ActiveCfg = Debug|Any CPU
		{CCB6E56B-2DA1-4EBA-A1F9-E8510E129D12}.Debug|Any CPU.Build.0 = Debug|Any CPU
		{CCB6E56B-2DA1-4EBA-A1F9-E8510E129D12}.Release|Any CPU.ActiveCfg = Release|Any CPU
		{CCB6E56B-2DA1-4EBA-A1F9-E8510E129D12}.Release|Any CPU.Build.0 = Release|Any CPU
		{C5ADC05B-34E8-47BF-8E78-9C7BF96418C2}.Debug|Any CPU.ActiveCfg = Debug|Any CPU
		{C5ADC05B-34E8-47BF-8E78-9C7BF96418C2}.Debug|Any CPU.Build.0 = Debug|Any CPU
		{C5ADC05B-34E8-47BF-8E78-9C7BF96418C2}.Release|Any CPU.ActiveCfg = Release|Any CPU
		{C5ADC05B-34E8-47BF-8E78-9C7BF96418C2}.Release|Any CPU.Build.0 = Release|Any CPU
		{263FA9C1-F81E-4A8E-95E0-8CDAE20F177B}.Debug|Any CPU.ActiveCfg = Debug|Any CPU
		{263FA9C1-F81E-4A8E-95E0-8CDAE20F177B}.Debug|Any CPU.Build.0 = Debug|Any CPU
		{263FA9C1-F81E-4A8E-95E0-8CDAE20F177B}.Release|Any CPU.ActiveCfg = Release|Any CPU
		{263FA9C1-F81E-4A8E-95E0-8CDAE20F177B}.Release|Any CPU.Build.0 = Release|Any CPU
		{98692887-B389-4F73-A71A-9FC516738DAB}.Debug|Any CPU.ActiveCfg = Debug|Any CPU
		{98692887-B389-4F73-A71A-9FC516738DAB}.Debug|Any CPU.Build.0 = Debug|Any CPU
		{98692887-B389-4F73-A71A-9FC516738DAB}.Release|Any CPU.ActiveCfg = Release|Any CPU
		{98692887-B389-4F73-A71A-9FC516738DAB}.Release|Any CPU.Build.0 = Release|Any CPU
		{5F9AE581-6781-4A4C-A262-1B06CD27208B}.Debug|Any CPU.ActiveCfg = Debug|Any CPU
		{5F9AE581-6781-4A4C-A262-1B06CD27208B}.Debug|Any CPU.Build.0 = Debug|Any CPU
		{5F9AE581-6781-4A4C-A262-1B06CD27208B}.Release|Any CPU.ActiveCfg = Release|Any CPU
		{5F9AE581-6781-4A4C-A262-1B06CD27208B}.Release|Any CPU.Build.0 = Release|Any CPU
		{AA782772-FE61-4226-BAA4-EB529FA1646B}.Debug|Any CPU.ActiveCfg = Debug|Any CPU
		{AA782772-FE61-4226-BAA4-EB529FA1646B}.Debug|Any CPU.Build.0 = Debug|Any CPU
		{AA782772-FE61-4226-BAA4-EB529FA1646B}.Release|Any CPU.ActiveCfg = Release|Any CPU
		{AA782772-FE61-4226-BAA4-EB529FA1646B}.Release|Any CPU.Build.0 = Release|Any CPU
		{47533B7C-0E1A-44A4-8511-B438645F052A}.Debug|Any CPU.ActiveCfg = Debug|Any CPU
		{47533B7C-0E1A-44A4-8511-B438645F052A}.Debug|Any CPU.Build.0 = Debug|Any CPU
		{47533B7C-0E1A-44A4-8511-B438645F052A}.Release|Any CPU.ActiveCfg = Release|Any CPU
		{47533B7C-0E1A-44A4-8511-B438645F052A}.Release|Any CPU.Build.0 = Release|Any CPU
		{C0D6DEE5-5532-4345-9C66-4C00D7FDB8BE}.Debug|Any CPU.ActiveCfg = Debug|Any CPU
		{C0D6DEE5-5532-4345-9C66-4C00D7FDB8BE}.Debug|Any CPU.Build.0 = Debug|Any CPU
		{C0D6DEE5-5532-4345-9C66-4C00D7FDB8BE}.Release|Any CPU.ActiveCfg = Release|Any CPU
		{C0D6DEE5-5532-4345-9C66-4C00D7FDB8BE}.Release|Any CPU.Build.0 = Release|Any CPU
		{133FC760-5699-46D9-BEA6-E816B5F01016}.Debug|Any CPU.ActiveCfg = Debug|Any CPU
		{133FC760-5699-46D9-BEA6-E816B5F01016}.Debug|Any CPU.Build.0 = Debug|Any CPU
		{133FC760-5699-46D9-BEA6-E816B5F01016}.Release|Any CPU.ActiveCfg = Release|Any CPU
		{133FC760-5699-46D9-BEA6-E816B5F01016}.Release|Any CPU.Build.0 = Release|Any CPU
		{94CF053D-BB66-4FC7-883B-48F072701BA9}.Debug|Any CPU.ActiveCfg = Debug|Any CPU
		{94CF053D-BB66-4FC7-883B-48F072701BA9}.Debug|Any CPU.Build.0 = Debug|Any CPU
		{94CF053D-BB66-4FC7-883B-48F072701BA9}.Release|Any CPU.ActiveCfg = Release|Any CPU
		{94CF053D-BB66-4FC7-883B-48F072701BA9}.Release|Any CPU.Build.0 = Release|Any CPU
		{76686ED6-E759-4772-81C2-768740BE13FA}.Debug|Any CPU.ActiveCfg = Debug|Any CPU
		{76686ED6-E759-4772-81C2-768740BE13FA}.Debug|Any CPU.Build.0 = Debug|Any CPU
		{76686ED6-E759-4772-81C2-768740BE13FA}.Release|Any CPU.ActiveCfg = Release|Any CPU
		{76686ED6-E759-4772-81C2-768740BE13FA}.Release|Any CPU.Build.0 = Release|Any CPU
		{F1541C2D-80A9-4FE7-8D9E-75A8B9FF3479}.Debug|Any CPU.ActiveCfg = Debug|Any CPU
		{F1541C2D-80A9-4FE7-8D9E-75A8B9FF3479}.Debug|Any CPU.Build.0 = Debug|Any CPU
		{F1541C2D-80A9-4FE7-8D9E-75A8B9FF3479}.Release|Any CPU.ActiveCfg = Release|Any CPU
		{F1541C2D-80A9-4FE7-8D9E-75A8B9FF3479}.Release|Any CPU.Build.0 = Release|Any CPU
		{A50C198C-DA6E-4081-BC53-0F44D287F207}.Debug|Any CPU.ActiveCfg = Debug|Any CPU
		{A50C198C-DA6E-4081-BC53-0F44D287F207}.Debug|Any CPU.Build.0 = Debug|Any CPU
		{A50C198C-DA6E-4081-BC53-0F44D287F207}.Release|Any CPU.ActiveCfg = Release|Any CPU
		{A50C198C-DA6E-4081-BC53-0F44D287F207}.Release|Any CPU.Build.0 = Release|Any CPU
		{E674F1A1-BE83-475A-9CC9-F55CADBEC448}.Debug|Any CPU.ActiveCfg = Debug|Any CPU
		{E674F1A1-BE83-475A-9CC9-F55CADBEC448}.Debug|Any CPU.Build.0 = Debug|Any CPU
		{E674F1A1-BE83-475A-9CC9-F55CADBEC448}.Release|Any CPU.ActiveCfg = Release|Any CPU
		{E674F1A1-BE83-475A-9CC9-F55CADBEC448}.Release|Any CPU.Build.0 = Release|Any CPU
		{8872CA17-C10D-43B9-8393-5C5A57065EB0}.Debug|Any CPU.ActiveCfg = Debug|Any CPU
		{8872CA17-C10D-43B9-8393-5C5A57065EB0}.Debug|Any CPU.Build.0 = Debug|Any CPU
		{8872CA17-C10D-43B9-8393-5C5A57065EB0}.Release|Any CPU.ActiveCfg = Release|Any CPU
		{8872CA17-C10D-43B9-8393-5C5A57065EB0}.Release|Any CPU.Build.0 = Release|Any CPU
		{D6279651-D099-4F8D-A319-5BF12ED9F269}.Debug|Any CPU.ActiveCfg = Debug|Any CPU
		{D6279651-D099-4F8D-A319-5BF12ED9F269}.Debug|Any CPU.Build.0 = Debug|Any CPU
		{D6279651-D099-4F8D-A319-5BF12ED9F269}.Release|Any CPU.ActiveCfg = Release|Any CPU
		{D6279651-D099-4F8D-A319-5BF12ED9F269}.Release|Any CPU.Build.0 = Release|Any CPU
		{31183026-DE70-49CB-BC7C-0DFD0A088F62}.Debug|Any CPU.ActiveCfg = Debug|Any CPU
		{31183026-DE70-49CB-BC7C-0DFD0A088F62}.Debug|Any CPU.Build.0 = Debug|Any CPU
		{31183026-DE70-49CB-BC7C-0DFD0A088F62}.Release|Any CPU.ActiveCfg = Release|Any CPU
		{31183026-DE70-49CB-BC7C-0DFD0A088F62}.Release|Any CPU.Build.0 = Release|Any CPU
		{06B9E5B0-7C50-4351-9D88-E159DC25755F}.Debug|Any CPU.ActiveCfg = Debug|Any CPU
		{06B9E5B0-7C50-4351-9D88-E159DC25755F}.Debug|Any CPU.Build.0 = Debug|Any CPU
		{06B9E5B0-7C50-4351-9D88-E159DC25755F}.Release|Any CPU.ActiveCfg = Release|Any CPU
		{06B9E5B0-7C50-4351-9D88-E159DC25755F}.Release|Any CPU.Build.0 = Release|Any CPU
		{6CD0F0CF-8199-49F9-B0EA-0B9598B44419}.Debug|Any CPU.ActiveCfg = Debug|Any CPU
		{6CD0F0CF-8199-49F9-B0EA-0B9598B44419}.Debug|Any CPU.Build.0 = Debug|Any CPU
		{6CD0F0CF-8199-49F9-B0EA-0B9598B44419}.Release|Any CPU.ActiveCfg = Release|Any CPU
		{6CD0F0CF-8199-49F9-B0EA-0B9598B44419}.Release|Any CPU.Build.0 = Release|Any CPU
		{6CC1E399-B5A5-4FA2-A98C-5D8B2BA280A1}.Debug|Any CPU.ActiveCfg = Debug|Any CPU
		{6CC1E399-B5A5-4FA2-A98C-5D8B2BA280A1}.Debug|Any CPU.Build.0 = Debug|Any CPU
		{6CC1E399-B5A5-4FA2-A98C-5D8B2BA280A1}.Release|Any CPU.ActiveCfg = Release|Any CPU
		{6CC1E399-B5A5-4FA2-A98C-5D8B2BA280A1}.Release|Any CPU.Build.0 = Release|Any CPU
		{472084ED-1067-4B2C-8737-3839A6143EB2}.Debug|Any CPU.ActiveCfg = Debug|Any CPU
		{472084ED-1067-4B2C-8737-3839A6143EB2}.Debug|Any CPU.Build.0 = Debug|Any CPU
		{472084ED-1067-4B2C-8737-3839A6143EB2}.Release|Any CPU.ActiveCfg = Release|Any CPU
		{472084ED-1067-4B2C-8737-3839A6143EB2}.Release|Any CPU.Build.0 = Release|Any CPU
		{C70FE632-5500-4C57-B3D6-9B5574137551}.Debug|Any CPU.ActiveCfg = Debug|Any CPU
		{C70FE632-5500-4C57-B3D6-9B5574137551}.Debug|Any CPU.Build.0 = Debug|Any CPU
		{C70FE632-5500-4C57-B3D6-9B5574137551}.Release|Any CPU.ActiveCfg = Release|Any CPU
		{C70FE632-5500-4C57-B3D6-9B5574137551}.Release|Any CPU.Build.0 = Release|Any CPU
		{2235F7CA-AB25-4177-92BC-4B574D2D5DF6}.Debug|Any CPU.ActiveCfg = Debug|Any CPU
		{2235F7CA-AB25-4177-92BC-4B574D2D5DF6}.Debug|Any CPU.Build.0 = Debug|Any CPU
		{2235F7CA-AB25-4177-92BC-4B574D2D5DF6}.Release|Any CPU.ActiveCfg = Release|Any CPU
		{2235F7CA-AB25-4177-92BC-4B574D2D5DF6}.Release|Any CPU.Build.0 = Release|Any CPU
		{6E1177DB-5E4F-4E2E-82E7-902437E56AED}.Debug|Any CPU.ActiveCfg = Debug|Any CPU
		{6E1177DB-5E4F-4E2E-82E7-902437E56AED}.Debug|Any CPU.Build.0 = Debug|Any CPU
		{6E1177DB-5E4F-4E2E-82E7-902437E56AED}.Release|Any CPU.ActiveCfg = Release|Any CPU
		{6E1177DB-5E4F-4E2E-82E7-902437E56AED}.Release|Any CPU.Build.0 = Release|Any CPU
		{672BF8EC-1116-49F6-B253-DFCE5CF7D4C9}.Debug|Any CPU.ActiveCfg = Debug|Any CPU
		{672BF8EC-1116-49F6-B253-DFCE5CF7D4C9}.Debug|Any CPU.Build.0 = Debug|Any CPU
		{672BF8EC-1116-49F6-B253-DFCE5CF7D4C9}.Release|Any CPU.ActiveCfg = Release|Any CPU
		{672BF8EC-1116-49F6-B253-DFCE5CF7D4C9}.Release|Any CPU.Build.0 = Release|Any CPU
		{4A707244-154B-428F-B589-D65361F24401}.Debug|Any CPU.ActiveCfg = Debug|Any CPU
		{4A707244-154B-428F-B589-D65361F24401}.Debug|Any CPU.Build.0 = Debug|Any CPU
		{4A707244-154B-428F-B589-D65361F24401}.Release|Any CPU.ActiveCfg = Release|Any CPU
		{4A707244-154B-428F-B589-D65361F24401}.Release|Any CPU.Build.0 = Release|Any CPU
		{AB735028-22B0-4083-9CC5-805C582818EA}.Debug|Any CPU.ActiveCfg = Debug|Any CPU
		{AB735028-22B0-4083-9CC5-805C582818EA}.Debug|Any CPU.Build.0 = Debug|Any CPU
		{AB735028-22B0-4083-9CC5-805C582818EA}.Release|Any CPU.ActiveCfg = Release|Any CPU
		{AB735028-22B0-4083-9CC5-805C582818EA}.Release|Any CPU.Build.0 = Release|Any CPU
		{F8D2E3E5-4505-4463-9367-2EB2629D7DCD}.Debug|Any CPU.ActiveCfg = Debug|Any CPU
		{F8D2E3E5-4505-4463-9367-2EB2629D7DCD}.Debug|Any CPU.Build.0 = Debug|Any CPU
		{F8D2E3E5-4505-4463-9367-2EB2629D7DCD}.Release|Any CPU.ActiveCfg = Release|Any CPU
		{F8D2E3E5-4505-4463-9367-2EB2629D7DCD}.Release|Any CPU.Build.0 = Release|Any CPU
		{2A70F3B5-7AEA-42FE-8DD5-8427C28D0025}.Debug|Any CPU.ActiveCfg = Debug|Any CPU
		{2A70F3B5-7AEA-42FE-8DD5-8427C28D0025}.Debug|Any CPU.Build.0 = Debug|Any CPU
		{2A70F3B5-7AEA-42FE-8DD5-8427C28D0025}.Release|Any CPU.ActiveCfg = Release|Any CPU
		{2A70F3B5-7AEA-42FE-8DD5-8427C28D0025}.Release|Any CPU.Build.0 = Release|Any CPU
		{269039F1-126A-46CF-8BEA-257587EDCA6B}.Debug|Any CPU.ActiveCfg = Debug|Any CPU
		{269039F1-126A-46CF-8BEA-257587EDCA6B}.Debug|Any CPU.Build.0 = Debug|Any CPU
		{269039F1-126A-46CF-8BEA-257587EDCA6B}.Release|Any CPU.ActiveCfg = Release|Any CPU
		{269039F1-126A-46CF-8BEA-257587EDCA6B}.Release|Any CPU.Build.0 = Release|Any CPU
		{4C2AEACC-617D-4B90-ADCD-FE294A43A68F}.Debug|Any CPU.ActiveCfg = Debug|Any CPU
		{4C2AEACC-617D-4B90-ADCD-FE294A43A68F}.Debug|Any CPU.Build.0 = Debug|Any CPU
		{4C2AEACC-617D-4B90-ADCD-FE294A43A68F}.Release|Any CPU.ActiveCfg = Release|Any CPU
		{4C2AEACC-617D-4B90-ADCD-FE294A43A68F}.Release|Any CPU.Build.0 = Release|Any CPU
		{0DD3E4ED-66AA-47FC-9EB9-2A0E6A0EA01B}.Debug|Any CPU.ActiveCfg = Debug|Any CPU
		{0DD3E4ED-66AA-47FC-9EB9-2A0E6A0EA01B}.Debug|Any CPU.Build.0 = Debug|Any CPU
		{0DD3E4ED-66AA-47FC-9EB9-2A0E6A0EA01B}.Release|Any CPU.ActiveCfg = Release|Any CPU
		{0DD3E4ED-66AA-47FC-9EB9-2A0E6A0EA01B}.Release|Any CPU.Build.0 = Release|Any CPU
		{51BB6014-43F7-4F31-B8D3-E3C37EBEDAF4}.Debug|Any CPU.ActiveCfg = Debug|Any CPU
		{51BB6014-43F7-4F31-B8D3-E3C37EBEDAF4}.Debug|Any CPU.Build.0 = Debug|Any CPU
		{51BB6014-43F7-4F31-B8D3-E3C37EBEDAF4}.Release|Any CPU.ActiveCfg = Release|Any CPU
		{51BB6014-43F7-4F31-B8D3-E3C37EBEDAF4}.Release|Any CPU.Build.0 = Release|Any CPU
		{0EFABBF0-2B81-4423-B8E2-6111FBE69B79}.Debug|Any CPU.ActiveCfg = Debug|Any CPU
		{0EFABBF0-2B81-4423-B8E2-6111FBE69B79}.Debug|Any CPU.Build.0 = Debug|Any CPU
		{0EFABBF0-2B81-4423-B8E2-6111FBE69B79}.Release|Any CPU.ActiveCfg = Release|Any CPU
		{0EFABBF0-2B81-4423-B8E2-6111FBE69B79}.Release|Any CPU.Build.0 = Release|Any CPU
		{F382C3F8-C55C-4350-800A-3D13A94F8E13}.Debug|Any CPU.ActiveCfg = Debug|Any CPU
		{F382C3F8-C55C-4350-800A-3D13A94F8E13}.Debug|Any CPU.Build.0 = Debug|Any CPU
		{F382C3F8-C55C-4350-800A-3D13A94F8E13}.Release|Any CPU.ActiveCfg = Release|Any CPU
		{0893F745-CB1A-427A-8E87-CA927273039A}.Debug|Any CPU.ActiveCfg = Debug|Any CPU
		{0893F745-CB1A-427A-8E87-CA927273039A}.Debug|Any CPU.Build.0 = Debug|Any CPU
		{0893F745-CB1A-427A-8E87-CA927273039A}.Release|Any CPU.ActiveCfg = Release|Any CPU
		{0893F745-CB1A-427A-8E87-CA927273039A}.Release|Any CPU.Build.0 = Release|Any CPU
		{C67A7E80-73E6-4BBF-9D3F-DCD86CE306BE}.Debug|Any CPU.ActiveCfg = Debug|Any CPU
		{C67A7E80-73E6-4BBF-9D3F-DCD86CE306BE}.Debug|Any CPU.Build.0 = Debug|Any CPU
		{C67A7E80-73E6-4BBF-9D3F-DCD86CE306BE}.Release|Any CPU.ActiveCfg = Release|Any CPU
		{C67A7E80-73E6-4BBF-9D3F-DCD86CE306BE}.Release|Any CPU.Build.0 = Release|Any CPU
		{43A01382-85CC-41E5-A414-F27D51EE9D24}.Debug|Any CPU.ActiveCfg = Debug|Any CPU
		{43A01382-85CC-41E5-A414-F27D51EE9D24}.Debug|Any CPU.Build.0 = Debug|Any CPU
		{43A01382-85CC-41E5-A414-F27D51EE9D24}.Release|Any CPU.ActiveCfg = Release|Any CPU
		{43A01382-85CC-41E5-A414-F27D51EE9D24}.Release|Any CPU.Build.0 = Release|Any CPU
		{1E92CDB0-644C-4EAA-8AB8-EFDD193A0484}.Debug|Any CPU.ActiveCfg = Debug|Any CPU
		{1E92CDB0-644C-4EAA-8AB8-EFDD193A0484}.Debug|Any CPU.Build.0 = Debug|Any CPU
		{1E92CDB0-644C-4EAA-8AB8-EFDD193A0484}.Release|Any CPU.ActiveCfg = Release|Any CPU
		{1E92CDB0-644C-4EAA-8AB8-EFDD193A0484}.Release|Any CPU.Build.0 = Release|Any CPU
		{12FB4DA4-7E9C-4C2E-91CD-1D0B523A9535}.Debug|Any CPU.ActiveCfg = Debug|Any CPU
		{12FB4DA4-7E9C-4C2E-91CD-1D0B523A9535}.Debug|Any CPU.Build.0 = Debug|Any CPU
		{12FB4DA4-7E9C-4C2E-91CD-1D0B523A9535}.Release|Any CPU.ActiveCfg = Release|Any CPU
		{12FB4DA4-7E9C-4C2E-91CD-1D0B523A9535}.Release|Any CPU.Build.0 = Release|Any CPU
		{C86F9058-229D-40A9-95D5-D6F081AA9230}.Debug|Any CPU.ActiveCfg = Debug|Any CPU
		{C86F9058-229D-40A9-95D5-D6F081AA9230}.Debug|Any CPU.Build.0 = Debug|Any CPU
		{C86F9058-229D-40A9-95D5-D6F081AA9230}.Release|Any CPU.ActiveCfg = Release|Any CPU
		{C86F9058-229D-40A9-95D5-D6F081AA9230}.Release|Any CPU.Build.0 = Release|Any CPU
		{A42563F1-2B8B-4C4D-BFAD-2CA981524E00}.Debug|Any CPU.ActiveCfg = Debug|Any CPU
		{A42563F1-2B8B-4C4D-BFAD-2CA981524E00}.Debug|Any CPU.Build.0 = Debug|Any CPU
		{A42563F1-2B8B-4C4D-BFAD-2CA981524E00}.Release|Any CPU.ActiveCfg = Release|Any CPU
		{A42563F1-2B8B-4C4D-BFAD-2CA981524E00}.Release|Any CPU.Build.0 = Release|Any CPU
		{51511AFD-F326-4995-8E27-5D711419EF6F}.Debug|Any CPU.ActiveCfg = Debug|Any CPU
		{51511AFD-F326-4995-8E27-5D711419EF6F}.Debug|Any CPU.Build.0 = Debug|Any CPU
		{51511AFD-F326-4995-8E27-5D711419EF6F}.Release|Any CPU.ActiveCfg = Release|Any CPU
		{51511AFD-F326-4995-8E27-5D711419EF6F}.Release|Any CPU.Build.0 = Release|Any CPU
		{10AF430D-0D3A-49CE-A63D-848912959745}.Debug|Any CPU.ActiveCfg = Debug|Any CPU
		{10AF430D-0D3A-49CE-A63D-848912959745}.Debug|Any CPU.Build.0 = Debug|Any CPU
		{10AF430D-0D3A-49CE-A63D-848912959745}.Release|Any CPU.ActiveCfg = Release|Any CPU
		{10AF430D-0D3A-49CE-A63D-848912959745}.Release|Any CPU.Build.0 = Release|Any CPU
		{BE6D0644-05AF-4580-8597-B95920CE923F}.Debug|Any CPU.ActiveCfg = Debug|Any CPU
		{BE6D0644-05AF-4580-8597-B95920CE923F}.Debug|Any CPU.Build.0 = Debug|Any CPU
		{BE6D0644-05AF-4580-8597-B95920CE923F}.Release|Any CPU.ActiveCfg = Release|Any CPU
		{BE6D0644-05AF-4580-8597-B95920CE923F}.Release|Any CPU.Build.0 = Release|Any CPU
		{F5932F7D-8E34-4787-80B8-E7F9D996EDFF}.Debug|Any CPU.ActiveCfg = Debug|Any CPU
		{F5932F7D-8E34-4787-80B8-E7F9D996EDFF}.Debug|Any CPU.Build.0 = Debug|Any CPU
		{F5932F7D-8E34-4787-80B8-E7F9D996EDFF}.Release|Any CPU.ActiveCfg = Release|Any CPU
		{F5932F7D-8E34-4787-80B8-E7F9D996EDFF}.Release|Any CPU.Build.0 = Release|Any CPU
		{5E76AAB3-6302-473E-9655-081B53FB1419}.Debug|Any CPU.ActiveCfg = Debug|Any CPU
		{5E76AAB3-6302-473E-9655-081B53FB1419}.Debug|Any CPU.Build.0 = Debug|Any CPU
		{5E76AAB3-6302-473E-9655-081B53FB1419}.Release|Any CPU.ActiveCfg = Release|Any CPU
		{5E76AAB3-6302-473E-9655-081B53FB1419}.Release|Any CPU.Build.0 = Release|Any CPU
		{F7FD9395-35D5-474D-8AD1-9904817E70D3}.Debug|Any CPU.ActiveCfg = Debug|Any CPU
		{F7FD9395-35D5-474D-8AD1-9904817E70D3}.Debug|Any CPU.Build.0 = Debug|Any CPU
		{F7FD9395-35D5-474D-8AD1-9904817E70D3}.Release|Any CPU.ActiveCfg = Release|Any CPU
		{F7FD9395-35D5-474D-8AD1-9904817E70D3}.Release|Any CPU.Build.0 = Release|Any CPU
		{47D2166C-5261-4093-9660-E72B7035E666}.Debug|Any CPU.ActiveCfg = Debug|Any CPU
		{47D2166C-5261-4093-9660-E72B7035E666}.Debug|Any CPU.Build.0 = Debug|Any CPU
		{47D2166C-5261-4093-9660-E72B7035E666}.Release|Any CPU.ActiveCfg = Release|Any CPU
		{47D2166C-5261-4093-9660-E72B7035E666}.Release|Any CPU.Build.0 = Release|Any CPU
		{09F48994-BB2F-4A26-8CCD-469FE3F7F904}.Debug|Any CPU.ActiveCfg = Debug|Any CPU
		{09F48994-BB2F-4A26-8CCD-469FE3F7F904}.Debug|Any CPU.Build.0 = Debug|Any CPU
		{09F48994-BB2F-4A26-8CCD-469FE3F7F904}.Release|Any CPU.ActiveCfg = Release|Any CPU
		{09F48994-BB2F-4A26-8CCD-469FE3F7F904}.Release|Any CPU.Build.0 = Release|Any CPU
		{33F88E8C-CC3C-4237-8AA9-CC891EFCABFA}.Debug|Any CPU.ActiveCfg = Debug|Any CPU
		{33F88E8C-CC3C-4237-8AA9-CC891EFCABFA}.Debug|Any CPU.Build.0 = Debug|Any CPU
		{33F88E8C-CC3C-4237-8AA9-CC891EFCABFA}.Release|Any CPU.ActiveCfg = Release|Any CPU
		{33F88E8C-CC3C-4237-8AA9-CC891EFCABFA}.Release|Any CPU.Build.0 = Release|Any CPU
		{89563CD0-509B-40A5-8728-9D3EC6FE8410}.Debug|Any CPU.ActiveCfg = Debug|Any CPU
		{89563CD0-509B-40A5-8728-9D3EC6FE8410}.Debug|Any CPU.Build.0 = Debug|Any CPU
		{89563CD0-509B-40A5-8728-9D3EC6FE8410}.Release|Any CPU.ActiveCfg = Release|Any CPU
		{89563CD0-509B-40A5-8728-9D3EC6FE8410}.Release|Any CPU.Build.0 = Release|Any CPU
		{B9E338CA-6677-4772-B01D-1FCEABCDAAAB}.Debug|Any CPU.ActiveCfg = Debug|Any CPU
		{B9E338CA-6677-4772-B01D-1FCEABCDAAAB}.Debug|Any CPU.Build.0 = Debug|Any CPU
		{B9E338CA-6677-4772-B01D-1FCEABCDAAAB}.Release|Any CPU.ActiveCfg = Release|Any CPU
		{B9E338CA-6677-4772-B01D-1FCEABCDAAAB}.Release|Any CPU.Build.0 = Release|Any CPU
		{1254D922-643B-4F0B-82BD-E9E02399B040}.Debug|Any CPU.ActiveCfg = Debug|Any CPU
		{1254D922-643B-4F0B-82BD-E9E02399B040}.Debug|Any CPU.Build.0 = Debug|Any CPU
		{1254D922-643B-4F0B-82BD-E9E02399B040}.Release|Any CPU.ActiveCfg = Release|Any CPU
		{1254D922-643B-4F0B-82BD-E9E02399B040}.Release|Any CPU.Build.0 = Release|Any CPU
		{C068DE76-0651-4F6C-8807-B90EF749D104}.Debug|Any CPU.ActiveCfg = Debug|Any CPU
		{C068DE76-0651-4F6C-8807-B90EF749D104}.Debug|Any CPU.Build.0 = Debug|Any CPU
		{C068DE76-0651-4F6C-8807-B90EF749D104}.Release|Any CPU.ActiveCfg = Release|Any CPU
		{C068DE76-0651-4F6C-8807-B90EF749D104}.Release|Any CPU.Build.0 = Release|Any CPU
		{F0AF3C6E-0E59-4511-A057-79970EA9DC34}.Debug|Any CPU.ActiveCfg = Debug|Any CPU
		{F0AF3C6E-0E59-4511-A057-79970EA9DC34}.Debug|Any CPU.Build.0 = Debug|Any CPU
		{F0AF3C6E-0E59-4511-A057-79970EA9DC34}.Release|Any CPU.ActiveCfg = Release|Any CPU
		{F0AF3C6E-0E59-4511-A057-79970EA9DC34}.Release|Any CPU.Build.0 = Release|Any CPU
		{CEA31792-BA09-431B-8ECE-E2F0354B2150}.Debug|Any CPU.ActiveCfg = Debug|Any CPU
		{CEA31792-BA09-431B-8ECE-E2F0354B2150}.Debug|Any CPU.Build.0 = Debug|Any CPU
		{CEA31792-BA09-431B-8ECE-E2F0354B2150}.Release|Any CPU.ActiveCfg = Release|Any CPU
		{CEA31792-BA09-431B-8ECE-E2F0354B2150}.Release|Any CPU.Build.0 = Release|Any CPU
		{3E84B41E-F229-4BF7-8A0F-3D65BA2D00D1}.Debug|Any CPU.ActiveCfg = Debug|Any CPU
		{3E84B41E-F229-4BF7-8A0F-3D65BA2D00D1}.Debug|Any CPU.Build.0 = Debug|Any CPU
		{3E84B41E-F229-4BF7-8A0F-3D65BA2D00D1}.Release|Any CPU.ActiveCfg = Release|Any CPU
		{3E84B41E-F229-4BF7-8A0F-3D65BA2D00D1}.Release|Any CPU.Build.0 = Release|Any CPU
		{ED1EA294-1BA1-45D6-A669-ECD2E24E21A9}.Debug|Any CPU.ActiveCfg = Debug|Any CPU
		{ED1EA294-1BA1-45D6-A669-ECD2E24E21A9}.Debug|Any CPU.Build.0 = Debug|Any CPU
		{ED1EA294-1BA1-45D6-A669-ECD2E24E21A9}.Release|Any CPU.ActiveCfg = Release|Any CPU
		{ED1EA294-1BA1-45D6-A669-ECD2E24E21A9}.Release|Any CPU.Build.0 = Release|Any CPU
		{09EC17AF-24D2-4542-A913-0C27AE345C18}.Debug|Any CPU.ActiveCfg = Debug|Any CPU
		{09EC17AF-24D2-4542-A913-0C27AE345C18}.Debug|Any CPU.Build.0 = Debug|Any CPU
		{09EC17AF-24D2-4542-A913-0C27AE345C18}.Release|Any CPU.ActiveCfg = Release|Any CPU
		{09EC17AF-24D2-4542-A913-0C27AE345C18}.Release|Any CPU.Build.0 = Release|Any CPU
		{01DE9B06-0BCB-4D8A-862E-E8170F5D6B4F}.Debug|Any CPU.ActiveCfg = Debug|Any CPU
		{01DE9B06-0BCB-4D8A-862E-E8170F5D6B4F}.Debug|Any CPU.Build.0 = Debug|Any CPU
		{01DE9B06-0BCB-4D8A-862E-E8170F5D6B4F}.Release|Any CPU.ActiveCfg = Release|Any CPU
		{01DE9B06-0BCB-4D8A-862E-E8170F5D6B4F}.Release|Any CPU.Build.0 = Release|Any CPU
		{3E4278F7-60EC-491C-8094-B525C36A51A7}.Debug|Any CPU.ActiveCfg = Debug|Any CPU
		{3E4278F7-60EC-491C-8094-B525C36A51A7}.Debug|Any CPU.Build.0 = Debug|Any CPU
		{3E4278F7-60EC-491C-8094-B525C36A51A7}.Release|Any CPU.ActiveCfg = Release|Any CPU
		{3E4278F7-60EC-491C-8094-B525C36A51A7}.Release|Any CPU.Build.0 = Release|Any CPU
		{6DD7D985-9057-4678-A2F3-E7A2531F31F4}.Debug|Any CPU.ActiveCfg = Debug|Any CPU
		{6DD7D985-9057-4678-A2F3-E7A2531F31F4}.Debug|Any CPU.Build.0 = Debug|Any CPU
		{6DD7D985-9057-4678-A2F3-E7A2531F31F4}.Release|Any CPU.ActiveCfg = Release|Any CPU
		{6DD7D985-9057-4678-A2F3-E7A2531F31F4}.Release|Any CPU.Build.0 = Release|Any CPU
		{9B4FDC96-E2F9-4B8F-894A-4294405D50E7}.Debug|Any CPU.ActiveCfg = Debug|Any CPU
		{9B4FDC96-E2F9-4B8F-894A-4294405D50E7}.Debug|Any CPU.Build.0 = Debug|Any CPU
		{9B4FDC96-E2F9-4B8F-894A-4294405D50E7}.Release|Any CPU.ActiveCfg = Release|Any CPU
		{9B4FDC96-E2F9-4B8F-894A-4294405D50E7}.Release|Any CPU.Build.0 = Release|Any CPU
		{7DD8077A-201E-4C56-96C5-3C901A51BDF3}.Debug|Any CPU.ActiveCfg = Debug|Any CPU
		{7DD8077A-201E-4C56-96C5-3C901A51BDF3}.Debug|Any CPU.Build.0 = Debug|Any CPU
		{7DD8077A-201E-4C56-96C5-3C901A51BDF3}.Release|Any CPU.ActiveCfg = Release|Any CPU
		{7DD8077A-201E-4C56-96C5-3C901A51BDF3}.Release|Any CPU.Build.0 = Release|Any CPU
		{AE7F2579-104A-4AF4-AA7B-614AE9E79279}.Debug|Any CPU.ActiveCfg = Debug|Any CPU
		{AE7F2579-104A-4AF4-AA7B-614AE9E79279}.Debug|Any CPU.Build.0 = Debug|Any CPU
		{AE7F2579-104A-4AF4-AA7B-614AE9E79279}.Release|Any CPU.ActiveCfg = Release|Any CPU
		{AE7F2579-104A-4AF4-AA7B-614AE9E79279}.Release|Any CPU.Build.0 = Release|Any CPU
		{C4964946-B367-44EE-9ED2-451FF2A83D32}.Debug|Any CPU.ActiveCfg = Debug|Any CPU
		{C4964946-B367-44EE-9ED2-451FF2A83D32}.Debug|Any CPU.Build.0 = Debug|Any CPU
		{C4964946-B367-44EE-9ED2-451FF2A83D32}.Release|Any CPU.ActiveCfg = Release|Any CPU
		{C4964946-B367-44EE-9ED2-451FF2A83D32}.Release|Any CPU.Build.0 = Release|Any CPU
		{773988FE-EDF6-45CB-A63F-482955EB3553}.Debug|Any CPU.ActiveCfg = Debug|Any CPU
		{773988FE-EDF6-45CB-A63F-482955EB3553}.Debug|Any CPU.Build.0 = Debug|Any CPU
		{773988FE-EDF6-45CB-A63F-482955EB3553}.Release|Any CPU.ActiveCfg = Release|Any CPU
		{773988FE-EDF6-45CB-A63F-482955EB3553}.Release|Any CPU.Build.0 = Release|Any CPU
		{5DF79F45-5F2C-41C1-BACC-890AE514CDA8}.Debug|Any CPU.ActiveCfg = Debug|Any CPU
		{5DF79F45-5F2C-41C1-BACC-890AE514CDA8}.Debug|Any CPU.Build.0 = Debug|Any CPU
		{5DF79F45-5F2C-41C1-BACC-890AE514CDA8}.Release|Any CPU.ActiveCfg = Release|Any CPU
		{5DF79F45-5F2C-41C1-BACC-890AE514CDA8}.Release|Any CPU.Build.0 = Release|Any CPU
	EndGlobalSection
	GlobalSection(SolutionProperties) = preSolution
		HideSolutionNode = FALSE
	EndGlobalSection
	GlobalSection(NestedProjects) = preSolution
		{7318D5E5-9D15-4ABE-8A51-92F58D4F0B85} = {A6533823-A64A-441C-B7A2-7B2772F87002}
		{7A9E0314-966F-4584-BAA3-7339CBB849D1} = {A6533823-A64A-441C-B7A2-7B2772F87002}
		{0D3D43DC-BD7E-46F0-93F7-1C6A6CC79948} = {A6533823-A64A-441C-B7A2-7B2772F87002}
		{A4794476-7D0E-41C0-AD83-4AB929C0A46C} = {A6533823-A64A-441C-B7A2-7B2772F87002}
		{87550B2B-6CB8-461E-8965-DFAFE3AAFB5C} = {FA7BE306-A3B0-45FA-9D87-0C69E6932C13}
		{D8262D40-4880-41E4-91E4-AF8F480C8637} = {FA7BE306-A3B0-45FA-9D87-0C69E6932C13}
		{6E0A079E-85F1-45A1-AD5B-9855E4344809} = {FA7BE306-A3B0-45FA-9D87-0C69E6932C13}
		{C2595B04-856D-40AE-8B99-4804C7A70708} = {A6533823-A64A-441C-B7A2-7B2772F87002}
		{CCB6E56B-2DA1-4EBA-A1F9-E8510E129D12} = {FA7BE306-A3B0-45FA-9D87-0C69E6932C13}
		{C5ADC05B-34E8-47BF-8E78-9C7BF96418C2} = {FA7BE306-A3B0-45FA-9D87-0C69E6932C13}
		{263FA9C1-F81E-4A8E-95E0-8CDAE20F177B} = {D114C59C-CF66-4CC2-980F-9301FB4EA4E1}
		{98692887-B389-4F73-A71A-9FC516738DAB} = {D114C59C-CF66-4CC2-980F-9301FB4EA4E1}
		{47533B7C-0E1A-44A4-8511-B438645F052A} = {88D45B00-E564-41DB-B57C-9509646CAA49}
		{C0D6DEE5-5532-4345-9C66-4C00D7FDB8BE} = {FA7BE306-A3B0-45FA-9D87-0C69E6932C13}
		{94CF053D-BB66-4FC7-883B-48F072701BA9} = {D114C59C-CF66-4CC2-980F-9301FB4EA4E1}
		{76686ED6-E759-4772-81C2-768740BE13FA} = {FA7BE306-A3B0-45FA-9D87-0C69E6932C13}
		{F1541C2D-80A9-4FE7-8D9E-75A8B9FF3479} = {FA7BE306-A3B0-45FA-9D87-0C69E6932C13}
		{A50C198C-DA6E-4081-BC53-0F44D287F207} = {FA7BE306-A3B0-45FA-9D87-0C69E6932C13}
		{E674F1A1-BE83-475A-9CC9-F55CADBEC448} = {FA7BE306-A3B0-45FA-9D87-0C69E6932C13}
		{8872CA17-C10D-43B9-8393-5C5A57065EB0} = {FA7BE306-A3B0-45FA-9D87-0C69E6932C13}
		{D6279651-D099-4F8D-A319-5BF12ED9F269} = {FA7BE306-A3B0-45FA-9D87-0C69E6932C13}
		{31183026-DE70-49CB-BC7C-0DFD0A088F62} = {FA7BE306-A3B0-45FA-9D87-0C69E6932C13}
		{06B9E5B0-7C50-4351-9D88-E159DC25755F} = {FA7BE306-A3B0-45FA-9D87-0C69E6932C13}
		{6CD0F0CF-8199-49F9-B0EA-0B9598B44419} = {5B9B5B6B-0BA7-4606-B8E5-70C958346D57}
		{6CC1E399-B5A5-4FA2-A98C-5D8B2BA280A1} = {FA7BE306-A3B0-45FA-9D87-0C69E6932C13}
		{472084ED-1067-4B2C-8737-3839A6143EB2} = {5B9B5B6B-0BA7-4606-B8E5-70C958346D57}
		{C70FE632-5500-4C57-B3D6-9B5574137551} = {91C57567-DDF1-409A-880B-3A290A486AAC}
		{2235F7CA-AB25-4177-92BC-4B574D2D5DF6} = {91C57567-DDF1-409A-880B-3A290A486AAC}
		{6E1177DB-5E4F-4E2E-82E7-902437E56AED} = {91C57567-DDF1-409A-880B-3A290A486AAC}
		{91C57567-DDF1-409A-880B-3A290A486AAC} = {5B9B5B6B-0BA7-4606-B8E5-70C958346D57}
		{672BF8EC-1116-49F6-B253-DFCE5CF7D4C9} = {91C57567-DDF1-409A-880B-3A290A486AAC}
		{4CA0BC62-DCB3-456B-80D6-348247640BAB} = {5B9B5B6B-0BA7-4606-B8E5-70C958346D57}
		{4A707244-154B-428F-B589-D65361F24401} = {4CA0BC62-DCB3-456B-80D6-348247640BAB}
		{AB735028-22B0-4083-9CC5-805C582818EA} = {4CA0BC62-DCB3-456B-80D6-348247640BAB}
		{F8D2E3E5-4505-4463-9367-2EB2629D7DCD} = {4CA0BC62-DCB3-456B-80D6-348247640BAB}
		{2A70F3B5-7AEA-42FE-8DD5-8427C28D0025} = {4CA0BC62-DCB3-456B-80D6-348247640BAB}
		{269039F1-126A-46CF-8BEA-257587EDCA6B} = {4CA0BC62-DCB3-456B-80D6-348247640BAB}
		{2C6A6573-28B0-4239-BD33-6AECCD25106C} = {5B9B5B6B-0BA7-4606-B8E5-70C958346D57}
		{4C2AEACC-617D-4B90-ADCD-FE294A43A68F} = {2C6A6573-28B0-4239-BD33-6AECCD25106C}
		{0DD3E4ED-66AA-47FC-9EB9-2A0E6A0EA01B} = {D114C59C-CF66-4CC2-980F-9301FB4EA4E1}
		{F382C3F8-C55C-4350-800A-3D13A94F8E13} = {D114C59C-CF66-4CC2-980F-9301FB4EA4E1}
		{0893F745-CB1A-427A-8E87-CA927273039A} = {D114C59C-CF66-4CC2-980F-9301FB4EA4E1}
		{C67A7E80-73E6-4BBF-9D3F-DCD86CE306BE} = {FA7BE306-A3B0-45FA-9D87-0C69E6932C13}
		{43A01382-85CC-41E5-A414-F27D51EE9D24} = {88D45B00-E564-41DB-B57C-9509646CAA49}
		{1E92CDB0-644C-4EAA-8AB8-EFDD193A0484} = {88D45B00-E564-41DB-B57C-9509646CAA49}
		{12FB4DA4-7E9C-4C2E-91CD-1D0B523A9535} = {88D45B00-E564-41DB-B57C-9509646CAA49}
		{C86F9058-229D-40A9-95D5-D6F081AA9230} = {88D45B00-E564-41DB-B57C-9509646CAA49}
		{A42563F1-2B8B-4C4D-BFAD-2CA981524E00} = {88D45B00-E564-41DB-B57C-9509646CAA49}
		{51511AFD-F326-4995-8E27-5D711419EF6F} = {88D45B00-E564-41DB-B57C-9509646CAA49}
		{10AF430D-0D3A-49CE-A63D-848912959745} = {88D45B00-E564-41DB-B57C-9509646CAA49}
		{BE6D0644-05AF-4580-8597-B95920CE923F} = {88D45B00-E564-41DB-B57C-9509646CAA49}
		{F5932F7D-8E34-4787-80B8-E7F9D996EDFF} = {FA7BE306-A3B0-45FA-9D87-0C69E6932C13}
		{5E76AAB3-6302-473E-9655-081B53FB1419} = {88D45B00-E564-41DB-B57C-9509646CAA49}
		{47D2166C-5261-4093-9660-E72B7035E666} = {88D45B00-E564-41DB-B57C-9509646CAA49}
		{09F48994-BB2F-4A26-8CCD-469FE3F7F904} = {88D45B00-E564-41DB-B57C-9509646CAA49}
		{33F88E8C-CC3C-4237-8AA9-CC891EFCABFA} = {88D45B00-E564-41DB-B57C-9509646CAA49}
		{89563CD0-509B-40A5-8728-9D3EC6FE8410} = {4CA0BC62-DCB3-456B-80D6-348247640BAB}
		{B9E338CA-6677-4772-B01D-1FCEABCDAAAB} = {FA7BE306-A3B0-45FA-9D87-0C69E6932C13}
		{F0BFEE09-CE03-42F6-9DF1-DED4D86C2A73} = {5B9B5B6B-0BA7-4606-B8E5-70C958346D57}
		{1254D922-643B-4F0B-82BD-E9E02399B040} = {F0BFEE09-CE03-42F6-9DF1-DED4D86C2A73}
		{C068DE76-0651-4F6C-8807-B90EF749D104} = {FA7BE306-A3B0-45FA-9D87-0C69E6932C13}
		{F0AF3C6E-0E59-4511-A057-79970EA9DC34} = {4CA0BC62-DCB3-456B-80D6-348247640BAB}
		{CEA31792-BA09-431B-8ECE-E2F0354B2150} = {4CA0BC62-DCB3-456B-80D6-348247640BAB}
		{3E84B41E-F229-4BF7-8A0F-3D65BA2D00D1} = {4CA0BC62-DCB3-456B-80D6-348247640BAB}
		{ED1EA294-1BA1-45D6-A669-ECD2E24E21A9} = {5B9B5B6B-0BA7-4606-B8E5-70C958346D57}
		{09EC17AF-24D2-4542-A913-0C27AE345C18} = {4CA0BC62-DCB3-456B-80D6-348247640BAB}
		{01DE9B06-0BCB-4D8A-862E-E8170F5D6B4F} = {FA7BE306-A3B0-45FA-9D87-0C69E6932C13}
		{3E4278F7-60EC-491C-8094-B525C36A51A7} = {4CA0BC62-DCB3-456B-80D6-348247640BAB}
		{6DD7D985-9057-4678-A2F3-E7A2531F31F4} = {FA7BE306-A3B0-45FA-9D87-0C69E6932C13}
		{9B4FDC96-E2F9-4B8F-894A-4294405D50E7} = {FA7BE306-A3B0-45FA-9D87-0C69E6932C13}
		{7DD8077A-201E-4C56-96C5-3C901A51BDF3} = {5B9B5B6B-0BA7-4606-B8E5-70C958346D57}
		{AE7F2579-104A-4AF4-AA7B-614AE9E79279} = {5B9B5B6B-0BA7-4606-B8E5-70C958346D57}
		{C4964946-B367-44EE-9ED2-451FF2A83D32} = {5B9B5B6B-0BA7-4606-B8E5-70C958346D57}
		{773988FE-EDF6-45CB-A63F-482955EB3553} = {4CA0BC62-DCB3-456B-80D6-348247640BAB}
	EndGlobalSection
	GlobalSection(ExtensibilityGlobals) = postSolution
		SolutionGuid = {89CB19C6-BF0A-4E6A-BFDA-79D143EAB59D}
	EndGlobalSection
EndGlobal
