
Microsoft Visual Studio Solution File, Format Version 11.00
# Visual Studio 2010
Project("{FAE04EC0-301F-11D3-BF4B-00C04F79EFBC}") = "DynamoCore", "DynamoCore\DynamoCore.csproj", "{7858FA8C-475F-4B8E-B468-1F8200778CF8}"
	ProjectSection(ProjectDependencies) = postProject
		{F25808D6-DF62-4732-9453-D4978079864C} = {F25808D6-DF62-4732-9453-D4978079864C}
	EndProjectSection
EndProject
Project("{FAE04EC0-301F-11D3-BF4B-00C04F79EFBC}") = "DynamoRevit", "DynamoRevit\DynamoRevit.csproj", "{FD56AE51-739E-4893-8DE4-925D60C7097C}"
	ProjectSection(ProjectDependencies) = postProject
		{2B0F2800-6F62-4869-9074-088C5F6DCCA2} = {2B0F2800-6F62-4869-9074-088C5F6DCCA2}
		{7858FA8C-475F-4B8E-B468-1F8200778CF8} = {7858FA8C-475F-4B8E-B468-1F8200778CF8}
	EndProjectSection
EndProject
Project("{F2A71F9B-5D33-465A-A702-920D77279786}") = "FScheme", "FScheme\FScheme.fsproj", "{F0E5A3E5-BDD0-41AE-848E-DED9EFC5FA7F}"
EndProject
Project("{FAE04EC0-301F-11D3-BF4B-00C04F79EFBC}") = "FSchemeInterop", "FSchemeInterop\FSchemeInterop.csproj", "{F25808D6-DF62-4732-9453-D4978079864C}"
EndProject
Project("{FAE04EC0-301F-11D3-BF4B-00C04F79EFBC}") = "DynamoSandbox", "DynamoSandbox\DynamoSandbox.csproj", "{0EFABBF0-2B81-4423-B8E2-6111FBE69B79}"
EndProject
Project("{FAE04EC0-301F-11D3-BF4B-00C04F79EFBC}") = "DynamoPython", "DynamoPython\DynamoPython.csproj", "{2B0F2800-6F62-4869-9074-088C5F6DCCA2}"
EndProject
Project("{FAE04EC0-301F-11D3-BF4B-00C04F79EFBC}") = "DynamoCoreTests", "DynamoElementsTests\DynamoCoreTests.csproj", "{472084ED-1067-4B2C-8737-3839A6143EB2}"
EndProject
Project("{FAE04EC0-301F-11D3-BF4B-00C04F79EFBC}") = "DynamoPythonTests", "DynamoPythonTests\DynamoPythonTests.csproj", "{773988FE-EDF6-45CB-A63F-482955EB3553}"
EndProject
Project("{FAE04EC0-301F-11D3-BF4B-00C04F79EFBC}") = "DynamoNode", "DynamoNode\DynamoNode.csproj", "{9E5E449D-0933-4409-8E1F-06AFF56E5416}"
EndProject
Project("{FAE04EC0-301F-11D3-BF4B-00C04F79EFBC}") = "DynamoRevitTests", "DynamoRevitTests\DynamoRevitTests.csproj", "{9ADADC68-36A3-4A21-9B54-298154A88720}"
EndProject
Project("{FAE04EC0-301F-11D3-BF4B-00C04F79EFBC}") = "DynamoArduino", "DynamoArduino\DynamoArduino.csproj", "{9589D7A5-12BE-446B-BBFF-B8C4951EDB13}"
EndProject
Project("{FAE04EC0-301F-11D3-BF4B-00C04F79EFBC}") = "DynamoWatch3D", "DynamoWatch3D\DynamoWatch3D.csproj", "{B9E338CA-6677-4772-B01D-1FCEABCDAAAB}"
EndProject
Project("{FAE04EC0-301F-11D3-BF4B-00C04F79EFBC}") = "DynamoMSOffice", "DynamoMSOffice\DynamoMSOffice.csproj", "{798656E4-733F-4ABC-8AF4-604412FC0BC0}"
EndProject
Project("{FAE04EC0-301F-11D3-BF4B-00C04F79EFBC}") = "DSRevitNodesTests", "DSRevitNodesTests\DSRevitNodesTests.csproj", "{9E79DC8D-25B1-491F-B094-EA39DE1BBC66}"
EndProject
Project("{FAE04EC0-301F-11D3-BF4B-00C04F79EFBC}") = "DSCoreNodes", "DSCoreNodes\DSCoreNodes.csproj", "{87550B2B-6CB8-461E-8965-DFAFE3AAFB5C}"
EndProject
Project("{FAE04EC0-301F-11D3-BF4B-00C04F79EFBC}") = "DSCoreNodesTests", "DSCoreNodesTests\DSCoreNodesTests.csproj", "{09EC17AF-24D2-4542-A913-0C27AE345C18}"
EndProject
Project("{FAE04EC0-301F-11D3-BF4B-00C04F79EFBC}") = "DynamoCoreUITests", "DynamoCoreUITests\DynamoCoreUITests.csproj", "{7DD8077A-201E-4C56-96C5-3C901A51BDF3}"
EndProject
Project("{FAE04EC0-301F-11D3-BF4B-00C04F79EFBC}") = "RevitServices", "RevitServices\RevitServices.csproj", "{E4701F9E-41AB-4044-8166-85D924FEB632}"
EndProject
Project("{FAE04EC0-301F-11D3-BF4B-00C04F79EFBC}") = "RevitServicesTests", "RevitServicesTests\RevitServicesTests.csproj", "{AD0499ED-50D3-46F4-9FC9-3F71D88C4870}"
EndProject
Project("{FAE04EC0-301F-11D3-BF4B-00C04F79EFBC}") = "DynamoUtilities", "DynamoUtilities\DynamoUtilities.csproj", "{B5F435CB-0D8A-40B1-A4F7-5ECB3CE792A9}"
EndProject
Project("{FAE04EC0-301F-11D3-BF4B-00C04F79EFBC}") = "DynamoMSOfficeTests", "DynamoMSOfficeTests\DynamoMSOfficeTests.csproj", "{269039F1-126A-46CF-8BEA-257587EDCA6B}"
EndProject
Project("{FAE04EC0-301F-11D3-BF4B-00C04F79EFBC}") = "DynamoTestFramework", "DynamoTestFramework\DynamoTestFramework.csproj", "{745CCA0F-549E-4756-A31E-41BF7F905B8A}"
EndProject
Project("{FAE04EC0-301F-11D3-BF4B-00C04F79EFBC}") = "DSNodeServices", "DSNodeServices\DSNodeServices.csproj", "{EF879A10-041D-4C68-83E7-3192685F1BAE}"
EndProject
Project("{FAE04EC0-301F-11D3-BF4B-00C04F79EFBC}") = "DSNodeServicesTest", "DSNodeServicesTest\DSNodeServicesTest.csproj", "{1B8062D6-941C-4FF5-96FF-F1D6E0D92588}"
EndProject
Project("{2150E333-8FDC-42A3-9474-1A3956D46DE8}") = "Solution Items", "Solution Items", "{5A0047AF-ED33-47DD-9257-FE458ED3337D}"
	ProjectSection(SolutionItems) = preProject
		Config.xml = Config.xml
		HtmlConfig.xml = HtmlConfig.xml
	EndProjectSection
EndProject
Project("{FAE04EC0-301F-11D3-BF4B-00C04F79EFBC}") = "DSRevitNodes", "DSRevitNodes\DSRevitNodes.csproj", "{0BC2A611-BD0E-4FCC-A1DE-81F14ED369B2}"
EndProject
Project("{FAE04EC0-301F-11D3-BF4B-00C04F79EFBC}") = "DSCoreNodesUI", "DSCoreNodesUI\DSCoreNodesUI.csproj", "{D8262D40-4880-41E4-91E4-AF8F480C8637}"
EndProject
Project("{FAE04EC0-301F-11D3-BF4B-00C04F79EFBC}") = "DSRevitNodesUI", "DSRevitNodesUI\DSRevitNodesUI.csproj", "{75940ACC-3708-4526-8D91-7E3365BAF682}"
EndProject
Global
	GlobalSection(TestCaseManagementSettings) = postSolution
		CategoryFile = Dynamo.vsmdi
	EndGlobalSection
	GlobalSection(SolutionConfigurationPlatforms) = preSolution
		Debug|Any CPU = Debug|Any CPU
		Debug|Mixed Platforms = Debug|Mixed Platforms
		Debug|x86 = Debug|x86
		Release|Any CPU = Release|Any CPU
		Release|Mixed Platforms = Release|Mixed Platforms
		Release|x86 = Release|x86
	EndGlobalSection
	GlobalSection(ProjectConfigurationPlatforms) = postSolution
		{7858FA8C-475F-4B8E-B468-1F8200778CF8}.Debug|Any CPU.ActiveCfg = Debug|Any CPU
		{7858FA8C-475F-4B8E-B468-1F8200778CF8}.Debug|Any CPU.Build.0 = Debug|Any CPU
		{7858FA8C-475F-4B8E-B468-1F8200778CF8}.Debug|Mixed Platforms.ActiveCfg = Debug|Any CPU
		{7858FA8C-475F-4B8E-B468-1F8200778CF8}.Debug|Mixed Platforms.Build.0 = Debug|Any CPU
		{7858FA8C-475F-4B8E-B468-1F8200778CF8}.Debug|x86.ActiveCfg = Debug|Any CPU
		{7858FA8C-475F-4B8E-B468-1F8200778CF8}.Debug|x86.Build.0 = Debug|Any CPU
		{7858FA8C-475F-4B8E-B468-1F8200778CF8}.Release|Any CPU.ActiveCfg = Release|Any CPU
		{7858FA8C-475F-4B8E-B468-1F8200778CF8}.Release|Any CPU.Build.0 = Release|Any CPU
		{7858FA8C-475F-4B8E-B468-1F8200778CF8}.Release|Mixed Platforms.ActiveCfg = Release|Any CPU
		{7858FA8C-475F-4B8E-B468-1F8200778CF8}.Release|Mixed Platforms.Build.0 = Release|Any CPU
		{7858FA8C-475F-4B8E-B468-1F8200778CF8}.Release|x86.ActiveCfg = Release|Any CPU
		{7858FA8C-475F-4B8E-B468-1F8200778CF8}.Release|x86.Build.0 = Release|Any CPU
		{FD56AE51-739E-4893-8DE4-925D60C7097C}.Debug|Any CPU.ActiveCfg = Debug|Any CPU
		{FD56AE51-739E-4893-8DE4-925D60C7097C}.Debug|Any CPU.Build.0 = Debug|Any CPU
		{FD56AE51-739E-4893-8DE4-925D60C7097C}.Debug|Mixed Platforms.ActiveCfg = Debug|Any CPU
		{FD56AE51-739E-4893-8DE4-925D60C7097C}.Debug|Mixed Platforms.Build.0 = Debug|Any CPU
		{FD56AE51-739E-4893-8DE4-925D60C7097C}.Debug|x86.ActiveCfg = Debug|Any CPU
		{FD56AE51-739E-4893-8DE4-925D60C7097C}.Debug|x86.Build.0 = Debug|Any CPU
		{FD56AE51-739E-4893-8DE4-925D60C7097C}.Release|Any CPU.ActiveCfg = Release|Any CPU
		{FD56AE51-739E-4893-8DE4-925D60C7097C}.Release|Any CPU.Build.0 = Release|Any CPU
		{FD56AE51-739E-4893-8DE4-925D60C7097C}.Release|Mixed Platforms.ActiveCfg = Release|Any CPU
		{FD56AE51-739E-4893-8DE4-925D60C7097C}.Release|Mixed Platforms.Build.0 = Release|Any CPU
		{FD56AE51-739E-4893-8DE4-925D60C7097C}.Release|x86.ActiveCfg = Release|Any CPU
		{FD56AE51-739E-4893-8DE4-925D60C7097C}.Release|x86.Build.0 = Release|Any CPU
		{F0E5A3E5-BDD0-41AE-848E-DED9EFC5FA7F}.Debug|Any CPU.ActiveCfg = Debug|Any CPU
		{F0E5A3E5-BDD0-41AE-848E-DED9EFC5FA7F}.Debug|Any CPU.Build.0 = Debug|Any CPU
		{F0E5A3E5-BDD0-41AE-848E-DED9EFC5FA7F}.Debug|Mixed Platforms.ActiveCfg = Debug|Any CPU
		{F0E5A3E5-BDD0-41AE-848E-DED9EFC5FA7F}.Debug|Mixed Platforms.Build.0 = Debug|Any CPU
		{F0E5A3E5-BDD0-41AE-848E-DED9EFC5FA7F}.Debug|x86.ActiveCfg = Debug|Any CPU
		{F0E5A3E5-BDD0-41AE-848E-DED9EFC5FA7F}.Debug|x86.Build.0 = Debug|Any CPU
		{F0E5A3E5-BDD0-41AE-848E-DED9EFC5FA7F}.Release|Any CPU.ActiveCfg = Release|Any CPU
		{F0E5A3E5-BDD0-41AE-848E-DED9EFC5FA7F}.Release|Any CPU.Build.0 = Release|Any CPU
		{F0E5A3E5-BDD0-41AE-848E-DED9EFC5FA7F}.Release|Mixed Platforms.ActiveCfg = Release|Any CPU
		{F0E5A3E5-BDD0-41AE-848E-DED9EFC5FA7F}.Release|Mixed Platforms.Build.0 = Release|Any CPU
		{F0E5A3E5-BDD0-41AE-848E-DED9EFC5FA7F}.Release|x86.ActiveCfg = Release|Any CPU
		{F0E5A3E5-BDD0-41AE-848E-DED9EFC5FA7F}.Release|x86.Build.0 = Release|Any CPU
		{F25808D6-DF62-4732-9453-D4978079864C}.Debug|Any CPU.ActiveCfg = Debug|Any CPU
		{F25808D6-DF62-4732-9453-D4978079864C}.Debug|Any CPU.Build.0 = Debug|Any CPU
		{F25808D6-DF62-4732-9453-D4978079864C}.Debug|Mixed Platforms.ActiveCfg = Debug|Any CPU
		{F25808D6-DF62-4732-9453-D4978079864C}.Debug|Mixed Platforms.Build.0 = Debug|Any CPU
		{F25808D6-DF62-4732-9453-D4978079864C}.Debug|x86.ActiveCfg = Debug|Any CPU
		{F25808D6-DF62-4732-9453-D4978079864C}.Debug|x86.Build.0 = Debug|Any CPU
		{F25808D6-DF62-4732-9453-D4978079864C}.Release|Any CPU.ActiveCfg = Release|Any CPU
		{F25808D6-DF62-4732-9453-D4978079864C}.Release|Any CPU.Build.0 = Release|Any CPU
		{F25808D6-DF62-4732-9453-D4978079864C}.Release|Mixed Platforms.ActiveCfg = Release|Any CPU
		{F25808D6-DF62-4732-9453-D4978079864C}.Release|Mixed Platforms.Build.0 = Release|Any CPU
		{F25808D6-DF62-4732-9453-D4978079864C}.Release|x86.ActiveCfg = Release|Any CPU
		{F25808D6-DF62-4732-9453-D4978079864C}.Release|x86.Build.0 = Release|Any CPU
		{0EFABBF0-2B81-4423-B8E2-6111FBE69B79}.Debug|Any CPU.ActiveCfg = Debug|Any CPU
		{0EFABBF0-2B81-4423-B8E2-6111FBE69B79}.Debug|Any CPU.Build.0 = Debug|Any CPU
		{0EFABBF0-2B81-4423-B8E2-6111FBE69B79}.Debug|Mixed Platforms.ActiveCfg = Debug|Any CPU
		{0EFABBF0-2B81-4423-B8E2-6111FBE69B79}.Debug|Mixed Platforms.Build.0 = Debug|Any CPU
		{0EFABBF0-2B81-4423-B8E2-6111FBE69B79}.Debug|x86.ActiveCfg = Debug|x86
		{0EFABBF0-2B81-4423-B8E2-6111FBE69B79}.Debug|x86.Build.0 = Debug|x86
		{0EFABBF0-2B81-4423-B8E2-6111FBE69B79}.Release|Any CPU.ActiveCfg = Release|Any CPU
		{0EFABBF0-2B81-4423-B8E2-6111FBE69B79}.Release|Any CPU.Build.0 = Release|Any CPU
		{0EFABBF0-2B81-4423-B8E2-6111FBE69B79}.Release|Mixed Platforms.ActiveCfg = Release|Any CPU
		{0EFABBF0-2B81-4423-B8E2-6111FBE69B79}.Release|Mixed Platforms.Build.0 = Release|Any CPU
		{0EFABBF0-2B81-4423-B8E2-6111FBE69B79}.Release|x86.ActiveCfg = Release|x86
		{0EFABBF0-2B81-4423-B8E2-6111FBE69B79}.Release|x86.Build.0 = Release|x86
		{2B0F2800-6F62-4869-9074-088C5F6DCCA2}.Debug|Any CPU.ActiveCfg = Debug|Any CPU
		{2B0F2800-6F62-4869-9074-088C5F6DCCA2}.Debug|Any CPU.Build.0 = Debug|Any CPU
		{2B0F2800-6F62-4869-9074-088C5F6DCCA2}.Debug|Mixed Platforms.ActiveCfg = Debug|Any CPU
		{2B0F2800-6F62-4869-9074-088C5F6DCCA2}.Debug|Mixed Platforms.Build.0 = Debug|Any CPU
		{2B0F2800-6F62-4869-9074-088C5F6DCCA2}.Debug|x86.ActiveCfg = Debug|Any CPU
		{2B0F2800-6F62-4869-9074-088C5F6DCCA2}.Debug|x86.Build.0 = Debug|Any CPU
		{2B0F2800-6F62-4869-9074-088C5F6DCCA2}.Release|Any CPU.ActiveCfg = Release|Any CPU
		{2B0F2800-6F62-4869-9074-088C5F6DCCA2}.Release|Any CPU.Build.0 = Release|Any CPU
		{2B0F2800-6F62-4869-9074-088C5F6DCCA2}.Release|Mixed Platforms.ActiveCfg = Release|Any CPU
		{2B0F2800-6F62-4869-9074-088C5F6DCCA2}.Release|Mixed Platforms.Build.0 = Release|Any CPU
		{2B0F2800-6F62-4869-9074-088C5F6DCCA2}.Release|x86.ActiveCfg = Release|Any CPU
		{2B0F2800-6F62-4869-9074-088C5F6DCCA2}.Release|x86.Build.0 = Release|Any CPU
		{472084ED-1067-4B2C-8737-3839A6143EB2}.Debug|Any CPU.ActiveCfg = Debug|Any CPU
		{472084ED-1067-4B2C-8737-3839A6143EB2}.Debug|Any CPU.Build.0 = Debug|Any CPU
		{472084ED-1067-4B2C-8737-3839A6143EB2}.Debug|Mixed Platforms.ActiveCfg = Debug|Any CPU
		{472084ED-1067-4B2C-8737-3839A6143EB2}.Debug|Mixed Platforms.Build.0 = Debug|Any CPU
		{472084ED-1067-4B2C-8737-3839A6143EB2}.Debug|x86.ActiveCfg = Debug|Any CPU
		{472084ED-1067-4B2C-8737-3839A6143EB2}.Debug|x86.Build.0 = Debug|Any CPU
		{472084ED-1067-4B2C-8737-3839A6143EB2}.Release|Any CPU.ActiveCfg = Release|Any CPU
		{472084ED-1067-4B2C-8737-3839A6143EB2}.Release|Any CPU.Build.0 = Release|Any CPU
		{472084ED-1067-4B2C-8737-3839A6143EB2}.Release|Mixed Platforms.ActiveCfg = Release|Any CPU
		{472084ED-1067-4B2C-8737-3839A6143EB2}.Release|Mixed Platforms.Build.0 = Release|Any CPU
		{472084ED-1067-4B2C-8737-3839A6143EB2}.Release|x86.ActiveCfg = Release|Any CPU
		{472084ED-1067-4B2C-8737-3839A6143EB2}.Release|x86.Build.0 = Release|Any CPU
		{773988FE-EDF6-45CB-A63F-482955EB3553}.Debug|Any CPU.ActiveCfg = Debug|Any CPU
		{773988FE-EDF6-45CB-A63F-482955EB3553}.Debug|Any CPU.Build.0 = Debug|Any CPU
		{773988FE-EDF6-45CB-A63F-482955EB3553}.Debug|Mixed Platforms.ActiveCfg = Debug|Any CPU
		{773988FE-EDF6-45CB-A63F-482955EB3553}.Debug|Mixed Platforms.Build.0 = Debug|Any CPU
		{773988FE-EDF6-45CB-A63F-482955EB3553}.Debug|x86.ActiveCfg = Debug|Any CPU
		{773988FE-EDF6-45CB-A63F-482955EB3553}.Debug|x86.Build.0 = Debug|Any CPU
		{773988FE-EDF6-45CB-A63F-482955EB3553}.Release|Any CPU.ActiveCfg = Release|Any CPU
		{773988FE-EDF6-45CB-A63F-482955EB3553}.Release|Any CPU.Build.0 = Release|Any CPU
		{773988FE-EDF6-45CB-A63F-482955EB3553}.Release|Mixed Platforms.ActiveCfg = Release|Any CPU
		{773988FE-EDF6-45CB-A63F-482955EB3553}.Release|Mixed Platforms.Build.0 = Release|Any CPU
		{773988FE-EDF6-45CB-A63F-482955EB3553}.Release|x86.ActiveCfg = Release|Any CPU
		{773988FE-EDF6-45CB-A63F-482955EB3553}.Release|x86.Build.0 = Release|Any CPU
		{9E5E449D-0933-4409-8E1F-06AFF56E5416}.Debug|Any CPU.ActiveCfg = Debug|Any CPU
		{9E5E449D-0933-4409-8E1F-06AFF56E5416}.Debug|Any CPU.Build.0 = Debug|Any CPU
		{9E5E449D-0933-4409-8E1F-06AFF56E5416}.Debug|Mixed Platforms.ActiveCfg = Debug|Any CPU
		{9E5E449D-0933-4409-8E1F-06AFF56E5416}.Debug|x86.ActiveCfg = Debug|Any CPU
		{9E5E449D-0933-4409-8E1F-06AFF56E5416}.Debug|x86.Build.0 = Debug|Any CPU
		{9E5E449D-0933-4409-8E1F-06AFF56E5416}.Release|Any CPU.ActiveCfg = Release|Any CPU
		{9E5E449D-0933-4409-8E1F-06AFF56E5416}.Release|Mixed Platforms.ActiveCfg = Release|Any CPU
		{9E5E449D-0933-4409-8E1F-06AFF56E5416}.Release|x86.ActiveCfg = Release|Any CPU
		{9ADADC68-36A3-4A21-9B54-298154A88720}.Debug|Any CPU.ActiveCfg = Debug|Any CPU
		{9ADADC68-36A3-4A21-9B54-298154A88720}.Debug|Any CPU.Build.0 = Debug|Any CPU
		{9ADADC68-36A3-4A21-9B54-298154A88720}.Debug|Mixed Platforms.ActiveCfg = Debug|Any CPU
		{9ADADC68-36A3-4A21-9B54-298154A88720}.Debug|Mixed Platforms.Build.0 = Debug|Any CPU
		{9ADADC68-36A3-4A21-9B54-298154A88720}.Debug|x86.ActiveCfg = Debug|Any CPU
		{9ADADC68-36A3-4A21-9B54-298154A88720}.Debug|x86.Build.0 = Debug|Any CPU
		{9ADADC68-36A3-4A21-9B54-298154A88720}.Release|Any CPU.ActiveCfg = Release|Any CPU
		{9ADADC68-36A3-4A21-9B54-298154A88720}.Release|Any CPU.Build.0 = Release|Any CPU
		{9ADADC68-36A3-4A21-9B54-298154A88720}.Release|Mixed Platforms.ActiveCfg = Release|Any CPU
		{9ADADC68-36A3-4A21-9B54-298154A88720}.Release|Mixed Platforms.Build.0 = Release|Any CPU
		{9ADADC68-36A3-4A21-9B54-298154A88720}.Release|x86.ActiveCfg = Release|Any CPU
		{9ADADC68-36A3-4A21-9B54-298154A88720}.Release|x86.Build.0 = Release|Any CPU
		{9589D7A5-12BE-446B-BBFF-B8C4951EDB13}.Debug|Any CPU.ActiveCfg = Debug|Any CPU
		{9589D7A5-12BE-446B-BBFF-B8C4951EDB13}.Debug|Any CPU.Build.0 = Debug|Any CPU
		{9589D7A5-12BE-446B-BBFF-B8C4951EDB13}.Debug|Mixed Platforms.ActiveCfg = Debug|Any CPU
		{9589D7A5-12BE-446B-BBFF-B8C4951EDB13}.Debug|Mixed Platforms.Build.0 = Debug|Any CPU
		{9589D7A5-12BE-446B-BBFF-B8C4951EDB13}.Debug|x86.ActiveCfg = Debug|Any CPU
		{9589D7A5-12BE-446B-BBFF-B8C4951EDB13}.Release|Any CPU.ActiveCfg = Release|Any CPU
		{9589D7A5-12BE-446B-BBFF-B8C4951EDB13}.Release|Any CPU.Build.0 = Release|Any CPU
		{9589D7A5-12BE-446B-BBFF-B8C4951EDB13}.Release|Mixed Platforms.ActiveCfg = Release|Any CPU
		{9589D7A5-12BE-446B-BBFF-B8C4951EDB13}.Release|Mixed Platforms.Build.0 = Release|Any CPU
		{9589D7A5-12BE-446B-BBFF-B8C4951EDB13}.Release|x86.ActiveCfg = Release|Any CPU
		{B9E338CA-6677-4772-B01D-1FCEABCDAAAB}.Debug|Any CPU.ActiveCfg = Debug|Any CPU
		{B9E338CA-6677-4772-B01D-1FCEABCDAAAB}.Debug|Any CPU.Build.0 = Debug|Any CPU
		{B9E338CA-6677-4772-B01D-1FCEABCDAAAB}.Debug|Mixed Platforms.ActiveCfg = Debug|Any CPU
		{B9E338CA-6677-4772-B01D-1FCEABCDAAAB}.Debug|Mixed Platforms.Build.0 = Debug|Any CPU
		{B9E338CA-6677-4772-B01D-1FCEABCDAAAB}.Debug|x86.ActiveCfg = Debug|Any CPU
		{B9E338CA-6677-4772-B01D-1FCEABCDAAAB}.Release|Any CPU.ActiveCfg = Release|Any CPU
		{B9E338CA-6677-4772-B01D-1FCEABCDAAAB}.Release|Any CPU.Build.0 = Release|Any CPU
		{B9E338CA-6677-4772-B01D-1FCEABCDAAAB}.Release|Mixed Platforms.ActiveCfg = Release|Any CPU
		{B9E338CA-6677-4772-B01D-1FCEABCDAAAB}.Release|Mixed Platforms.Build.0 = Release|Any CPU
		{B9E338CA-6677-4772-B01D-1FCEABCDAAAB}.Release|x86.ActiveCfg = Release|Any CPU
		{798656E4-733F-4ABC-8AF4-604412FC0BC0}.Debug|Any CPU.ActiveCfg = Debug|Any CPU
		{798656E4-733F-4ABC-8AF4-604412FC0BC0}.Debug|Any CPU.Build.0 = Debug|Any CPU
		{798656E4-733F-4ABC-8AF4-604412FC0BC0}.Debug|Mixed Platforms.ActiveCfg = Debug|Any CPU
		{798656E4-733F-4ABC-8AF4-604412FC0BC0}.Debug|Mixed Platforms.Build.0 = Debug|Any CPU
		{798656E4-733F-4ABC-8AF4-604412FC0BC0}.Debug|x86.ActiveCfg = Debug|Any CPU
		{798656E4-733F-4ABC-8AF4-604412FC0BC0}.Release|Any CPU.ActiveCfg = Release|Any CPU
		{798656E4-733F-4ABC-8AF4-604412FC0BC0}.Release|Any CPU.Build.0 = Release|Any CPU
		{798656E4-733F-4ABC-8AF4-604412FC0BC0}.Release|Mixed Platforms.ActiveCfg = Release|Any CPU
		{798656E4-733F-4ABC-8AF4-604412FC0BC0}.Release|Mixed Platforms.Build.0 = Release|Any CPU
		{798656E4-733F-4ABC-8AF4-604412FC0BC0}.Release|x86.ActiveCfg = Release|Any CPU
		{9E79DC8D-25B1-491F-B094-EA39DE1BBC66}.Debug|Any CPU.ActiveCfg = Debug|Any CPU
		{9E79DC8D-25B1-491F-B094-EA39DE1BBC66}.Debug|Any CPU.Build.0 = Debug|Any CPU
		{9E79DC8D-25B1-491F-B094-EA39DE1BBC66}.Debug|Mixed Platforms.ActiveCfg = Debug|Any CPU
		{9E79DC8D-25B1-491F-B094-EA39DE1BBC66}.Debug|Mixed Platforms.Build.0 = Debug|Any CPU
		{9E79DC8D-25B1-491F-B094-EA39DE1BBC66}.Debug|x86.ActiveCfg = Debug|Any CPU
		{9E79DC8D-25B1-491F-B094-EA39DE1BBC66}.Release|Any CPU.ActiveCfg = Release|Any CPU
		{9E79DC8D-25B1-491F-B094-EA39DE1BBC66}.Release|Any CPU.Build.0 = Release|Any CPU
		{9E79DC8D-25B1-491F-B094-EA39DE1BBC66}.Release|Mixed Platforms.ActiveCfg = Release|Any CPU
		{9E79DC8D-25B1-491F-B094-EA39DE1BBC66}.Release|Mixed Platforms.Build.0 = Release|Any CPU
		{9E79DC8D-25B1-491F-B094-EA39DE1BBC66}.Release|x86.ActiveCfg = Release|Any CPU
		{87550B2B-6CB8-461E-8965-DFAFE3AAFB5C}.Debug|Any CPU.ActiveCfg = Debug|Any CPU
		{87550B2B-6CB8-461E-8965-DFAFE3AAFB5C}.Debug|Any CPU.Build.0 = Debug|Any CPU
		{87550B2B-6CB8-461E-8965-DFAFE3AAFB5C}.Debug|Mixed Platforms.ActiveCfg = Debug|Any CPU
		{87550B2B-6CB8-461E-8965-DFAFE3AAFB5C}.Debug|Mixed Platforms.Build.0 = Debug|Any CPU
		{87550B2B-6CB8-461E-8965-DFAFE3AAFB5C}.Debug|x86.ActiveCfg = Debug|Any CPU
		{87550B2B-6CB8-461E-8965-DFAFE3AAFB5C}.Release|Any CPU.ActiveCfg = Release|Any CPU
		{87550B2B-6CB8-461E-8965-DFAFE3AAFB5C}.Release|Any CPU.Build.0 = Release|Any CPU
		{87550B2B-6CB8-461E-8965-DFAFE3AAFB5C}.Release|Mixed Platforms.ActiveCfg = Release|Any CPU
		{87550B2B-6CB8-461E-8965-DFAFE3AAFB5C}.Release|Mixed Platforms.Build.0 = Release|Any CPU
		{87550B2B-6CB8-461E-8965-DFAFE3AAFB5C}.Release|x86.ActiveCfg = Release|Any CPU
		{09EC17AF-24D2-4542-A913-0C27AE345C18}.Debug|Any CPU.ActiveCfg = Debug|Any CPU
		{09EC17AF-24D2-4542-A913-0C27AE345C18}.Debug|Any CPU.Build.0 = Debug|Any CPU
		{09EC17AF-24D2-4542-A913-0C27AE345C18}.Debug|Mixed Platforms.ActiveCfg = Debug|Any CPU
		{09EC17AF-24D2-4542-A913-0C27AE345C18}.Debug|Mixed Platforms.Build.0 = Debug|Any CPU
		{09EC17AF-24D2-4542-A913-0C27AE345C18}.Debug|x86.ActiveCfg = Debug|Any CPU
		{09EC17AF-24D2-4542-A913-0C27AE345C18}.Release|Any CPU.ActiveCfg = Release|Any CPU
		{09EC17AF-24D2-4542-A913-0C27AE345C18}.Release|Any CPU.Build.0 = Release|Any CPU
		{09EC17AF-24D2-4542-A913-0C27AE345C18}.Release|Mixed Platforms.ActiveCfg = Release|Any CPU
		{09EC17AF-24D2-4542-A913-0C27AE345C18}.Release|Mixed Platforms.Build.0 = Release|Any CPU
		{09EC17AF-24D2-4542-A913-0C27AE345C18}.Release|x86.ActiveCfg = Release|Any CPU
		{7DD8077A-201E-4C56-96C5-3C901A51BDF3}.Debug|Any CPU.ActiveCfg = Debug|Any CPU
		{7DD8077A-201E-4C56-96C5-3C901A51BDF3}.Debug|Any CPU.Build.0 = Debug|Any CPU
		{7DD8077A-201E-4C56-96C5-3C901A51BDF3}.Debug|Mixed Platforms.ActiveCfg = Debug|Any CPU
		{7DD8077A-201E-4C56-96C5-3C901A51BDF3}.Debug|Mixed Platforms.Build.0 = Debug|Any CPU
		{7DD8077A-201E-4C56-96C5-3C901A51BDF3}.Debug|x86.ActiveCfg = Debug|Any CPU
		{7DD8077A-201E-4C56-96C5-3C901A51BDF3}.Release|Any CPU.ActiveCfg = Release|Any CPU
		{7DD8077A-201E-4C56-96C5-3C901A51BDF3}.Release|Any CPU.Build.0 = Release|Any CPU
		{7DD8077A-201E-4C56-96C5-3C901A51BDF3}.Release|Mixed Platforms.ActiveCfg = Release|Any CPU
		{7DD8077A-201E-4C56-96C5-3C901A51BDF3}.Release|Mixed Platforms.Build.0 = Release|Any CPU
		{7DD8077A-201E-4C56-96C5-3C901A51BDF3}.Release|x86.ActiveCfg = Release|Any CPU
		{E4701F9E-41AB-4044-8166-85D924FEB632}.Debug|Any CPU.ActiveCfg = Debug|Any CPU
		{E4701F9E-41AB-4044-8166-85D924FEB632}.Debug|Any CPU.Build.0 = Debug|Any CPU
		{E4701F9E-41AB-4044-8166-85D924FEB632}.Debug|Mixed Platforms.ActiveCfg = Debug|Any CPU
		{E4701F9E-41AB-4044-8166-85D924FEB632}.Debug|Mixed Platforms.Build.0 = Debug|Any CPU
		{E4701F9E-41AB-4044-8166-85D924FEB632}.Debug|x86.ActiveCfg = Debug|Any CPU
		{E4701F9E-41AB-4044-8166-85D924FEB632}.Release|Any CPU.ActiveCfg = Release|Any CPU
		{E4701F9E-41AB-4044-8166-85D924FEB632}.Release|Any CPU.Build.0 = Release|Any CPU
		{E4701F9E-41AB-4044-8166-85D924FEB632}.Release|Mixed Platforms.ActiveCfg = Release|Any CPU
		{E4701F9E-41AB-4044-8166-85D924FEB632}.Release|Mixed Platforms.Build.0 = Release|Any CPU
		{E4701F9E-41AB-4044-8166-85D924FEB632}.Release|x86.ActiveCfg = Release|Any CPU
		{AD0499ED-50D3-46F4-9FC9-3F71D88C4870}.Debug|Any CPU.ActiveCfg = Debug|Any CPU
		{AD0499ED-50D3-46F4-9FC9-3F71D88C4870}.Debug|Any CPU.Build.0 = Debug|Any CPU
		{AD0499ED-50D3-46F4-9FC9-3F71D88C4870}.Debug|Mixed Platforms.ActiveCfg = Debug|Any CPU
		{AD0499ED-50D3-46F4-9FC9-3F71D88C4870}.Debug|Mixed Platforms.Build.0 = Debug|Any CPU
		{AD0499ED-50D3-46F4-9FC9-3F71D88C4870}.Debug|x86.ActiveCfg = Debug|Any CPU
		{AD0499ED-50D3-46F4-9FC9-3F71D88C4870}.Release|Any CPU.ActiveCfg = Release|Any CPU
		{AD0499ED-50D3-46F4-9FC9-3F71D88C4870}.Release|Any CPU.Build.0 = Release|Any CPU
		{AD0499ED-50D3-46F4-9FC9-3F71D88C4870}.Release|Mixed Platforms.ActiveCfg = Release|Any CPU
		{AD0499ED-50D3-46F4-9FC9-3F71D88C4870}.Release|Mixed Platforms.Build.0 = Release|Any CPU
		{AD0499ED-50D3-46F4-9FC9-3F71D88C4870}.Release|x86.ActiveCfg = Release|Any CPU
		{B5F435CB-0D8A-40B1-A4F7-5ECB3CE792A9}.Debug|Any CPU.ActiveCfg = Debug|Any CPU
		{B5F435CB-0D8A-40B1-A4F7-5ECB3CE792A9}.Debug|Any CPU.Build.0 = Debug|Any CPU
		{B5F435CB-0D8A-40B1-A4F7-5ECB3CE792A9}.Debug|Mixed Platforms.ActiveCfg = Debug|Any CPU
		{B5F435CB-0D8A-40B1-A4F7-5ECB3CE792A9}.Debug|Mixed Platforms.Build.0 = Debug|Any CPU
		{B5F435CB-0D8A-40B1-A4F7-5ECB3CE792A9}.Debug|x86.ActiveCfg = Debug|Any CPU
		{B5F435CB-0D8A-40B1-A4F7-5ECB3CE792A9}.Release|Any CPU.ActiveCfg = Release|Any CPU
		{B5F435CB-0D8A-40B1-A4F7-5ECB3CE792A9}.Release|Any CPU.Build.0 = Release|Any CPU
		{B5F435CB-0D8A-40B1-A4F7-5ECB3CE792A9}.Release|Mixed Platforms.ActiveCfg = Release|Any CPU
		{B5F435CB-0D8A-40B1-A4F7-5ECB3CE792A9}.Release|Mixed Platforms.Build.0 = Release|Any CPU
		{B5F435CB-0D8A-40B1-A4F7-5ECB3CE792A9}.Release|x86.ActiveCfg = Release|Any CPU
		{269039F1-126A-46CF-8BEA-257587EDCA6B}.Debug|Any CPU.ActiveCfg = Debug|Any CPU
		{269039F1-126A-46CF-8BEA-257587EDCA6B}.Debug|Any CPU.Build.0 = Debug|Any CPU
		{269039F1-126A-46CF-8BEA-257587EDCA6B}.Debug|Mixed Platforms.ActiveCfg = Debug|Any CPU
		{269039F1-126A-46CF-8BEA-257587EDCA6B}.Debug|Mixed Platforms.Build.0 = Debug|Any CPU
		{269039F1-126A-46CF-8BEA-257587EDCA6B}.Debug|x86.ActiveCfg = Debug|Any CPU
		{269039F1-126A-46CF-8BEA-257587EDCA6B}.Release|Any CPU.ActiveCfg = Release|Any CPU
		{269039F1-126A-46CF-8BEA-257587EDCA6B}.Release|Any CPU.Build.0 = Release|Any CPU
		{269039F1-126A-46CF-8BEA-257587EDCA6B}.Release|Mixed Platforms.ActiveCfg = Release|Any CPU
		{269039F1-126A-46CF-8BEA-257587EDCA6B}.Release|Mixed Platforms.Build.0 = Release|Any CPU
		{269039F1-126A-46CF-8BEA-257587EDCA6B}.Release|x86.ActiveCfg = Release|Any CPU
		{745CCA0F-549E-4756-A31E-41BF7F905B8A}.Debug|Any CPU.ActiveCfg = Debug|Any CPU
		{745CCA0F-549E-4756-A31E-41BF7F905B8A}.Debug|Any CPU.Build.0 = Debug|Any CPU
		{745CCA0F-549E-4756-A31E-41BF7F905B8A}.Debug|Mixed Platforms.ActiveCfg = Debug|Any CPU
		{745CCA0F-549E-4756-A31E-41BF7F905B8A}.Debug|Mixed Platforms.Build.0 = Debug|Any CPU
		{745CCA0F-549E-4756-A31E-41BF7F905B8A}.Debug|x86.ActiveCfg = Debug|Any CPU
		{745CCA0F-549E-4756-A31E-41BF7F905B8A}.Release|Any CPU.ActiveCfg = Release|Any CPU
		{745CCA0F-549E-4756-A31E-41BF7F905B8A}.Release|Any CPU.Build.0 = Release|Any CPU
		{745CCA0F-549E-4756-A31E-41BF7F905B8A}.Release|Mixed Platforms.ActiveCfg = Release|Any CPU
		{745CCA0F-549E-4756-A31E-41BF7F905B8A}.Release|Mixed Platforms.Build.0 = Release|Any CPU
		{745CCA0F-549E-4756-A31E-41BF7F905B8A}.Release|x86.ActiveCfg = Release|Any CPU
		{EF879A10-041D-4C68-83E7-3192685F1BAE}.Debug|Any CPU.ActiveCfg = Debug|Any CPU
		{EF879A10-041D-4C68-83E7-3192685F1BAE}.Debug|Any CPU.Build.0 = Debug|Any CPU
		{EF879A10-041D-4C68-83E7-3192685F1BAE}.Debug|Mixed Platforms.ActiveCfg = Debug|Any CPU
		{EF879A10-041D-4C68-83E7-3192685F1BAE}.Debug|Mixed Platforms.Build.0 = Debug|Any CPU
		{EF879A10-041D-4C68-83E7-3192685F1BAE}.Debug|x86.ActiveCfg = Debug|Any CPU
		{EF879A10-041D-4C68-83E7-3192685F1BAE}.Release|Any CPU.ActiveCfg = Release|Any CPU
		{EF879A10-041D-4C68-83E7-3192685F1BAE}.Release|Any CPU.Build.0 = Release|Any CPU
		{EF879A10-041D-4C68-83E7-3192685F1BAE}.Release|Mixed Platforms.ActiveCfg = Release|Any CPU
		{EF879A10-041D-4C68-83E7-3192685F1BAE}.Release|Mixed Platforms.Build.0 = Release|Any CPU
		{EF879A10-041D-4C68-83E7-3192685F1BAE}.Release|x86.ActiveCfg = Release|Any CPU
		{1B8062D6-941C-4FF5-96FF-F1D6E0D92588}.Debug|Any CPU.ActiveCfg = Debug|Any CPU
		{1B8062D6-941C-4FF5-96FF-F1D6E0D92588}.Debug|Any CPU.Build.0 = Debug|Any CPU
		{1B8062D6-941C-4FF5-96FF-F1D6E0D92588}.Debug|Mixed Platforms.ActiveCfg = Debug|Any CPU
		{1B8062D6-941C-4FF5-96FF-F1D6E0D92588}.Debug|Mixed Platforms.Build.0 = Debug|Any CPU
		{1B8062D6-941C-4FF5-96FF-F1D6E0D92588}.Debug|x86.ActiveCfg = Debug|Any CPU
		{1B8062D6-941C-4FF5-96FF-F1D6E0D92588}.Release|Any CPU.ActiveCfg = Release|Any CPU
		{1B8062D6-941C-4FF5-96FF-F1D6E0D92588}.Release|Any CPU.Build.0 = Release|Any CPU
		{1B8062D6-941C-4FF5-96FF-F1D6E0D92588}.Release|Mixed Platforms.ActiveCfg = Release|Any CPU
		{1B8062D6-941C-4FF5-96FF-F1D6E0D92588}.Release|Mixed Platforms.Build.0 = Release|Any CPU
		{1B8062D6-941C-4FF5-96FF-F1D6E0D92588}.Release|x86.ActiveCfg = Release|Any CPU
		{0BC2A611-BD0E-4FCC-A1DE-81F14ED369B2}.Debug|Any CPU.ActiveCfg = Debug|Any CPU
		{0BC2A611-BD0E-4FCC-A1DE-81F14ED369B2}.Debug|Any CPU.Build.0 = Debug|Any CPU
		{0BC2A611-BD0E-4FCC-A1DE-81F14ED369B2}.Debug|Mixed Platforms.ActiveCfg = Debug|Any CPU
		{0BC2A611-BD0E-4FCC-A1DE-81F14ED369B2}.Debug|Mixed Platforms.Build.0 = Debug|Any CPU
		{0BC2A611-BD0E-4FCC-A1DE-81F14ED369B2}.Debug|x86.ActiveCfg = Debug|Any CPU
		{0BC2A611-BD0E-4FCC-A1DE-81F14ED369B2}.Release|Any CPU.ActiveCfg = Release|Any CPU
		{0BC2A611-BD0E-4FCC-A1DE-81F14ED369B2}.Release|Any CPU.Build.0 = Release|Any CPU
		{0BC2A611-BD0E-4FCC-A1DE-81F14ED369B2}.Release|Mixed Platforms.ActiveCfg = Release|Any CPU
		{0BC2A611-BD0E-4FCC-A1DE-81F14ED369B2}.Release|Mixed Platforms.Build.0 = Release|Any CPU
		{0BC2A611-BD0E-4FCC-A1DE-81F14ED369B2}.Release|x86.ActiveCfg = Release|Any CPU
		{D8262D40-4880-41E4-91E4-AF8F480C8637}.Debug|Any CPU.ActiveCfg = Debug|Any CPU
		{D8262D40-4880-41E4-91E4-AF8F480C8637}.Debug|Any CPU.Build.0 = Debug|Any CPU
		{D8262D40-4880-41E4-91E4-AF8F480C8637}.Debug|Mixed Platforms.ActiveCfg = Debug|Any CPU
		{D8262D40-4880-41E4-91E4-AF8F480C8637}.Debug|Mixed Platforms.Build.0 = Debug|Any CPU
		{D8262D40-4880-41E4-91E4-AF8F480C8637}.Debug|x86.ActiveCfg = Debug|Any CPU
		{D8262D40-4880-41E4-91E4-AF8F480C8637}.Release|Any CPU.ActiveCfg = Release|Any CPU
		{D8262D40-4880-41E4-91E4-AF8F480C8637}.Release|Any CPU.Build.0 = Release|Any CPU
		{D8262D40-4880-41E4-91E4-AF8F480C8637}.Release|Mixed Platforms.ActiveCfg = Release|Any CPU
		{D8262D40-4880-41E4-91E4-AF8F480C8637}.Release|Mixed Platforms.Build.0 = Release|Any CPU
		{D8262D40-4880-41E4-91E4-AF8F480C8637}.Release|x86.ActiveCfg = Release|Any CPU
		{75940ACC-3708-4526-8D91-7E3365BAF682}.Debug|Any CPU.ActiveCfg = Debug|Any CPU
		{75940ACC-3708-4526-8D91-7E3365BAF682}.Debug|Any CPU.Build.0 = Debug|Any CPU
		{75940ACC-3708-4526-8D91-7E3365BAF682}.Debug|Mixed Platforms.ActiveCfg = Debug|Any CPU
		{75940ACC-3708-4526-8D91-7E3365BAF682}.Debug|Mixed Platforms.Build.0 = Debug|Any CPU
		{75940ACC-3708-4526-8D91-7E3365BAF682}.Debug|x86.ActiveCfg = Debug|Any CPU
		{75940ACC-3708-4526-8D91-7E3365BAF682}.Release|Any CPU.ActiveCfg = Release|Any CPU
		{75940ACC-3708-4526-8D91-7E3365BAF682}.Release|Any CPU.Build.0 = Release|Any CPU
		{75940ACC-3708-4526-8D91-7E3365BAF682}.Release|Mixed Platforms.ActiveCfg = Release|Any CPU
		{75940ACC-3708-4526-8D91-7E3365BAF682}.Release|Mixed Platforms.Build.0 = Release|Any CPU
		{75940ACC-3708-4526-8D91-7E3365BAF682}.Release|x86.ActiveCfg = Release|Any CPU
	EndGlobalSection
	GlobalSection(SolutionProperties) = preSolution
		HideSolutionNode = FALSE
	EndGlobalSection
EndGlobal
