
Microsoft Visual Studio Solution File, Format Version 12.00
# Visual Studio 2012
Project("{FAE04EC0-301F-11D3-BF4B-00C04F79EFBC}") = "SignDynamo", "SignDynamo.csproj", "{A84E15A2-6735-4575-A1DA-7C64AF7582B1}"
EndProject
Global
	GlobalSection(SolutionConfigurationPlatforms) = preSolution
		Debug|Any CPU = Debug|Any CPU
		Release|Any CPU = Release|Any CPU
	EndGlobalSection
	GlobalSection(ProjectConfigurationPlatforms) = postSolution
		{A84E15A2-6735-4575-A1DA-7C64AF7582B1}.Debug|Any CPU.ActiveCfg = Debug|Any CPU
		{A84E15A2-6735-4575-A1DA-7C64AF7582B1}.Debug|Any CPU.Build.0 = Debug|Any CPU
		{A84E15A2-6735-4575-A1DA-7C64AF7582B1}.Release|Any CPU.ActiveCfg = Release|Any CPU
		{A84E15A2-6735-4575-A1DA-7C64AF7582B1}.Release|Any CPU.Build.0 = Release|Any CPU
	EndGlobalSection
	GlobalSection(SolutionProperties) = preSolution
		HideSolutionNode = FALSE
	EndGlobalSection
EndGlobal
